// !$*UTF8*$!
{
	archiveVersion = 1;
	classes = {
	};
	objectVersion = 46;
	objects = {

/* Begin PBXBuildFile section */
		1D3623260D0F684500981E51 /* UDJAppDelegate.m in Sources */ = {isa = PBXBuildFile; fileRef = 1D3623250D0F684500981E51 /* UDJAppDelegate.m */; };
		1D60589B0D05DD56006BFB54 /* main.m in Sources */ = {isa = PBXBuildFile; fileRef = 29B97316FDCFA39411CA2CEA /* main.m */; };
		1D60589F0D05DD5A006BFB54 /* Foundation.framework in Frameworks */ = {isa = PBXBuildFile; fileRef = 1D30AB110D05D00D00671497 /* Foundation.framework */; };
		1DF5F4E00D08C38300B7A737 /* UIKit.framework in Frameworks */ = {isa = PBXBuildFile; fileRef = 1DF5F4DF0D08C38300B7A737 /* UIKit.framework */; };
		288765A50DF7441C002DB57D /* CoreGraphics.framework in Frameworks */ = {isa = PBXBuildFile; fileRef = 288765A40DF7441C002DB57D /* CoreGraphics.framework */; };
		2899E5220DE3E06400AC0155 /* UDJViewController.xib in Resources */ = {isa = PBXBuildFile; fileRef = 2899E5210DE3E06400AC0155 /* UDJViewController.xib */; };
		28AD733F0D9D9553002E5188 /* MainWindow.xib in Resources */ = {isa = PBXBuildFile; fileRef = 28AD733E0D9D9553002E5188 /* MainWindow.xib */; };
		28D7ACF80DDB3853001CB0EB /* UDJViewController.m in Sources */ = {isa = PBXBuildFile; fileRef = 28D7ACF70DDB3853001CB0EB /* UDJViewController.m */; };
		A3028B861564A2AE00EF6EE8 /* MainTabBarController.m in Sources */ = {isa = PBXBuildFile; fileRef = A3028B841564A2AE00EF6EE8 /* MainTabBarController.m */; };
		A3028B871564A2AE00EF6EE8 /* MainTabBarController.xib in Resources */ = {isa = PBXBuildFile; fileRef = A3028B851564A2AE00EF6EE8 /* MainTabBarController.xib */; };
		A3028B891564B39700EF6EE8 /* smallicon.png in Resources */ = {isa = PBXBuildFile; fileRef = A3028B881564B39600EF6EE8 /* smallicon.png */; };
		A309CC6415194A8000912EA2 /* EventResultsViewController.m in Sources */ = {isa = PBXBuildFile; fileRef = A309CC6215194A7F00912EA2 /* EventResultsViewController.m */; };
		A309CC6515194A8000912EA2 /* EventResultsViewController.xib in Resources */ = {isa = PBXBuildFile; fileRef = A309CC6315194A8000912EA2 /* EventResultsViewController.xib */; };
		A31A9B6315608C0B005268C0 /* separator.png in Resources */ = {isa = PBXBuildFile; fileRef = A31A9B6215608C0B005268C0 /* separator.png */; };
		A31AA6AB1561CE3B0032FEAB /* UDJUser.m in Sources */ = {isa = PBXBuildFile; fileRef = A31AA6AA1561CE3B0032FEAB /* UDJUser.m */; };
		A3210D8F15328763009A9318 /* smalluparrow.png in Resources */ = {isa = PBXBuildFile; fileRef = A3210D8E15328763009A9318 /* smalluparrow.png */; };
		A321A58D151FCBAB001ECC30 /* backbutton.png in Resources */ = {isa = PBXBuildFile; fileRef = A321A58C151FCBAB001ECC30 /* backbutton.png */; };
		A324ABF614AAB74700388514 /* UDJSong.m in Sources */ = {isa = PBXBuildFile; fileRef = A324ABF514AAB74700388514 /* UDJSong.m */; };
		A324AC0514AABB8900388514 /* UDJPlaylist.m in Sources */ = {isa = PBXBuildFile; fileRef = A324AC0414AABB8900388514 /* UDJPlaylist.m */; };
		A3265DB314C6101400FC692B /* PlaylistEntryCell.m in Sources */ = {isa = PBXBuildFile; fileRef = A3265DB214C6101400FC692B /* PlaylistEntryCell.m */; };
		A3360BCF14F5E14F00541726 /* NewPlaylistViewController.xib in Resources */ = {isa = PBXBuildFile; fileRef = A3360BCE14F5E14F00541726 /* NewPlaylistViewController.xib */; };
		A33C4614148F0707009C1BC6 /* PlaylistViewController.m in Sources */ = {isa = PBXBuildFile; fileRef = A33C4612148F0707009C1BC6 /* PlaylistViewController.m */; };
		A33C461E148F11FC009C1BC6 /* LibrarySearchViewController.m in Sources */ = {isa = PBXBuildFile; fileRef = A33C461C148F11FC009C1BC6 /* LibrarySearchViewController.m */; };
		A33C461F148F11FC009C1BC6 /* LibrarySearchViewController.xib in Resources */ = {isa = PBXBuildFile; fileRef = A33C461D148F11FC009C1BC6 /* LibrarySearchViewController.xib */; };
		A33EE1E115684B7D00D49B85 /* playing.png in Resources */ = {isa = PBXBuildFile; fileRef = A33EE1E015684B7D00D49B85 /* playing.png */; };
		A341B92514F8681C001892C5 /* downarrow.png in Resources */ = {isa = PBXBuildFile; fileRef = A341B92414F8681C001892C5 /* downarrow.png */; };
		A341B92714F86824001892C5 /* uparrow.png in Resources */ = {isa = PBXBuildFile; fileRef = A341B92614F86824001892C5 /* uparrow.png */; };
		A341B92914F86C61001892C5 /* addbutton.png in Resources */ = {isa = PBXBuildFile; fileRef = A341B92814F86C61001892C5 /* addbutton.png */; };
		A34796A514F85AE0001DEE15 /* default.jpg in Resources */ = {isa = PBXBuildFile; fileRef = A34796A414F85AE0001DEE15 /* default.jpg */; };
		A3495614151EF3D800AAEF7E /* refresh.png in Resources */ = {isa = PBXBuildFile; fileRef = A3495613151EF3D800AAEF7E /* refresh.png */; };
		A34FB30314B8EB5F00BE5CE2 /* LibraryResultsController.m in Sources */ = {isa = PBXBuildFile; fileRef = A34FB30114B8EB5F00BE5CE2 /* LibraryResultsController.m */; };
		A34FB30414B8EB5F00BE5CE2 /* LibraryResultsController.xib in Resources */ = {isa = PBXBuildFile; fileRef = A34FB30214B8EB5F00BE5CE2 /* LibraryResultsController.xib */; };
		A3515C421524098500C89661 /* Facebook.m in Sources */ = {isa = PBXBuildFile; fileRef = A3FAB0E515228A9000BA8654 /* Facebook.m */; settings = {COMPILER_FLAGS = "-fno-objc-arc"; }; };
		A351B57D151F7AB200368F6F /* playlistbutton.png in Resources */ = {isa = PBXBuildFile; fileRef = A351B57C151F7AB200368F6F /* playlistbutton.png */; };
		A3536FB314A5218F00B5C95F /* UDJEvent.m in Sources */ = {isa = PBXBuildFile; fileRef = A3536FB214A5218F00B5C95F /* UDJEvent.m */; };
		A35D3DF114F985460007B374 /* votedown.png in Resources */ = {isa = PBXBuildFile; fileRef = A35D3DEF14F985460007B374 /* votedown.png */; };
		A35D3DF214F985460007B374 /* voteup.png in Resources */ = {isa = PBXBuildFile; fileRef = A35D3DF014F985460007B374 /* voteup.png */; };
		A35E3E9A1516680100A2882D /* UDJData.m in Sources */ = {isa = PBXBuildFile; fileRef = A35E3E991516680100A2882D /* UDJData.m */; };
		A3632F6814FC8AE10073EDF4 /* libRestKit.a in Frameworks */ = {isa = PBXBuildFile; fileRef = A3632F5F14FC8AC40073EDF4 /* libRestKit.a */; };
		A36D2CCC14A818130087E992 /* SearchingViewController.m in Sources */ = {isa = PBXBuildFile; fileRef = A36D2CCA14A818130087E992 /* SearchingViewController.m */; };
		A36D2CCD14A818130087E992 /* SearchingViewController.xib in Resources */ = {isa = PBXBuildFile; fileRef = A36D2CCB14A818130087E992 /* SearchingViewController.xib */; };
		A3720B3014C74FE800D1E30C /* LocationManager.m in Sources */ = {isa = PBXBuildFile; fileRef = A3720B2F14C74FE800D1E30C /* LocationManager.m */; };
		A3720B3214C7513600D1E30C /* CoreLocation.framework in Frameworks */ = {isa = PBXBuildFile; fileRef = A3720B3114C7513600D1E30C /* CoreLocation.framework */; };
		A3720B3414C7514400D1E30C /* CoreFoundation.framework in Frameworks */ = {isa = PBXBuildFile; fileRef = A3720B3314C7514400D1E30C /* CoreFoundation.framework */; };
		A374BE0114A2EF36001A0DE0 /* UDJEventData.m in Sources */ = {isa = PBXBuildFile; fileRef = A374BE0014A2EF36001A0DE0 /* UDJEventData.m */; };
		A37BBF3B1567085000251CC8 /* playersbutton.png in Resources */ = {isa = PBXBuildFile; fileRef = A37BBF3A1567085000251CC8 /* playersbutton.png */; };
		A37BBF3F15670A1500251CC8 /* ArtistsViewController.m in Sources */ = {isa = PBXBuildFile; fileRef = A37BBF3D15670A1500251CC8 /* ArtistsViewController.m */; };
		A37BBF4015670A1500251CC8 /* ArtistsViewController.xib in Resources */ = {isa = PBXBuildFile; fileRef = A37BBF3E15670A1500251CC8 /* ArtistsViewController.xib */; };
		A38B62A014C736C70088640D /* udjlauncher.png in Resources */ = {isa = PBXBuildFile; fileRef = A38B629F14C736C70088640D /* udjlauncher.png */; };
		A39A0C8B14C4ADDF008A6D54 /* LibraryEntryCell.m in Sources */ = {isa = PBXBuildFile; fileRef = A39A0C8A14C4ADDF008A6D54 /* LibraryEntryCell.m */; };
		A39AF6701497CB74006ADF19 /* UDJConnection.m in Sources */ = {isa = PBXBuildFile; fileRef = A39AF66F1497CB74006ADF19 /* UDJConnection.m */; };
		A39AF68B1497CFBC006ADF19 /* Security.framework in Frameworks */ = {isa = PBXBuildFile; fileRef = A39AF68A1497CFBC006ADF19 /* Security.framework */; };
		A39AF68E1497D072006ADF19 /* CFNetwork.framework in Frameworks */ = {isa = PBXBuildFile; fileRef = A39AF68D1497D072006ADF19 /* CFNetwork.framework */; };
		A39AF6901497D079006ADF19 /* CoreData.framework in Frameworks */ = {isa = PBXBuildFile; fileRef = A39AF68F1497D079006ADF19 /* CoreData.framework */; };
		A39AF6921497D081006ADF19 /* MobileCoreServices.framework in Frameworks */ = {isa = PBXBuildFile; fileRef = A39AF6911497D081006ADF19 /* MobileCoreServices.framework */; };
		A39AF6941497D09A006ADF19 /* SystemConfiguration.framework in Frameworks */ = {isa = PBXBuildFile; fileRef = A39AF6931497D09A006ADF19 /* SystemConfiguration.framework */; };
		A39AF6961497D0A4006ADF19 /* libxml2.dylib in Frameworks */ = {isa = PBXBuildFile; fileRef = A39AF6951497D0A4006ADF19 /* libxml2.dylib */; };
		A3A2B370156DD6C600C4FF90 /* UDJStoredData.m in Sources */ = {isa = PBXBuildFile; fileRef = A3A2B36F156DD6C600C4FF90 /* UDJStoredData.m */; };
		A3BB46E314E2086400554179 /* EventGoerCell.m in Sources */ = {isa = PBXBuildFile; fileRef = A3BB46E214E2086400554179 /* EventGoerCell.m */; };
		A3C22D551566D4D50066B9F8 /* playlisticon.png in Resources */ = {isa = PBXBuildFile; fileRef = A3C22D541566D4D50066B9F8 /* playlisticon.png */; };
		A3C22D571566D62E0066B9F8 /* libraryicon.png in Resources */ = {isa = PBXBuildFile; fileRef = A3C22D561566D62E0066B9F8 /* libraryicon.png */; };
		A3C22D591566D8510066B9F8 /* randomicon.png in Resources */ = {isa = PBXBuildFile; fileRef = A3C22D581566D8510066B9F8 /* randomicon.png */; };
		A3C22D5B1566D9EA0066B9F8 /* playingbar.png in Resources */ = {isa = PBXBuildFile; fileRef = A3C22D5A1566D9EA0066B9F8 /* playingbar.png */; };
		A3C608FA151E3593004AB623 /* EventCell.m in Sources */ = {isa = PBXBuildFile; fileRef = A3C608F9151E3593004AB623 /* EventCell.m */; };
		A3C608FC151E52BB004AB623 /* eventcellselected.png in Resources */ = {isa = PBXBuildFile; fileRef = A3C608FB151E52BB004AB623 /* eventcellselected.png */; };
		A3C6A46A1565E6FF00F1E42E /* darknavbar.png in Resources */ = {isa = PBXBuildFile; fileRef = A3C6A4691565E6FF00F1E42E /* darknavbar.png */; };
		A3C6A4721565F9FA00F1E42E /* RandomViewController.m in Sources */ = {isa = PBXBuildFile; fileRef = A3C6A4701565F9FA00F1E42E /* RandomViewController.m */; };
		A3C6A4731565F9FA00F1E42E /* RandomViewController.xib in Resources */ = {isa = PBXBuildFile; fileRef = A3C6A4711565F9FA00F1E42E /* RandomViewController.xib */; };
		A3C6A47C1566017A00F1E42E /* artists.png in Resources */ = {isa = PBXBuildFile; fileRef = A3C6A47B1566017A00F1E42E /* artists.png */; };
		A3C7A442156714F20085150A /* SongListViewController.m in Sources */ = {isa = PBXBuildFile; fileRef = A3C7A440156714F20085150A /* SongListViewController.m */; };
		A3C7A443156714F20085150A /* SongListViewController.xib in Resources */ = {isa = PBXBuildFile; fileRef = A3C7A441156714F20085150A /* SongListViewController.xib */; };
		A3CE2C06151D257400C13006 /* eventcell.png in Resources */ = {isa = PBXBuildFile; fileRef = A3CE2C05151D257400C13006 /* eventcell.png */; };
		A3CF872F14B8F8F000A9F829 /* UDJSongList.m in Sources */ = {isa = PBXBuildFile; fileRef = A3CF872E14B8F8F000A9F829 /* UDJSongList.m */; };
		A3CFBEE915685DA5002B7658 /* playtoggle.png in Resources */ = {isa = PBXBuildFile; fileRef = A3CFBEE815685DA5002B7658 /* playtoggle.png */; };
		A3CFBEEB156865B7002B7658 /* controls.png in Resources */ = {isa = PBXBuildFile; fileRef = A3CFBEEA156865B7002B7658 /* controls.png */; };
		A3CFBEED1568730A002B7658 /* pausetoggle.png in Resources */ = {isa = PBXBuildFile; fileRef = A3CFBEEC1568730A002B7658 /* pausetoggle.png */; };
		A3CFBEF015688811002B7658 /* KeychainItemWrapper.m in Sources */ = {isa = PBXBuildFile; fileRef = A3CFBEEF15688811002B7658 /* KeychainItemWrapper.m */; };
		A3CFBEF3156888E8002B7658 /* Model.xcdatamodeld in Sources */ = {isa = PBXBuildFile; fileRef = A3CFBEF1156888E8002B7658 /* Model.xcdatamodeld */; };
		A3D334D514C6A02300A90D58 /* downarrow.jpg in Resources */ = {isa = PBXBuildFile; fileRef = A3D334D414C6A02300A90D58 /* downarrow.jpg */; };
		A3D334D714C6A02A00A90D58 /* uparrow.jpg in Resources */ = {isa = PBXBuildFile; fileRef = A3D334D614C6A02A00A90D58 /* uparrow.jpg */; };
		A3DAD57D14BD253600688CE0 /* UDJMappableArray.m in Sources */ = {isa = PBXBuildFile; fileRef = A3DAD57C14BD253600688CE0 /* UDJMappableArray.m */; };
		A3DDD0A71533EFEF00DB5E1F /* smalldownarrow.png in Resources */ = {isa = PBXBuildFile; fileRef = A3DDD0A61533EFEF00DB5E1F /* smalldownarrow.png */; };
		A3EF398114C64D33003889E0 /* addbutton.jpg in Resources */ = {isa = PBXBuildFile; fileRef = A3EF398014C64D33003889E0 /* addbutton.jpg */; };
		A3F58D9514C753D300E350F4 /* UDJEventGoer.m in Sources */ = {isa = PBXBuildFile; fileRef = A3F58D9414C753D300E350F4 /* UDJEventGoer.m */; };
		A3F58D9914C75F0800E350F4 /* EventGoerViewController.m in Sources */ = {isa = PBXBuildFile; fileRef = A3F58D9714C75F0800E350F4 /* EventGoerViewController.m */; };
		A3F58D9C14C75FAF00E350F4 /* EventGoerViewController.xib in Resources */ = {isa = PBXBuildFile; fileRef = A3F58D9B14C75FAF00E350F4 /* EventGoerViewController.xib */; };
		A3F58D9F14C765C100E350F4 /* UDJEventGoerList.m in Sources */ = {isa = PBXBuildFile; fileRef = A3F58D9E14C765C100E350F4 /* UDJEventGoerList.m */; };
		A3F877E5151EE53C005EC5EE /* leavebutton.png in Resources */ = {isa = PBXBuildFile; fileRef = A3F877E3151EE53C005EC5EE /* leavebutton.png */; };
		A3F877E6151EE53C005EC5EE /* librarybutton.png in Resources */ = {isa = PBXBuildFile; fileRef = A3F877E4151EE53C005EC5EE /* librarybutton.png */; };
		A3F877E8151EE545005EC5EE /* navbar.png in Resources */ = {isa = PBXBuildFile; fileRef = A3F877E7151EE545005EC5EE /* navbar.png */; };
		A3F9C052142EAD610016717B /* EventSearchViewController.m in Sources */ = {isa = PBXBuildFile; fileRef = A3F9C050142EAD610016717B /* EventSearchViewController.m */; };
		A3F9C053142EAD610016717B /* EventSearchViewController.xib in Resources */ = {isa = PBXBuildFile; fileRef = A3F9C051142EAD610016717B /* EventSearchViewController.xib */; };
		A3F9C1D8142EBB880016717B /* PartyLoginViewController.m in Sources */ = {isa = PBXBuildFile; fileRef = A3F9C1D6142EBB880016717B /* PartyLoginViewController.m */; };
		A3F9C1D9142EBB880016717B /* PartyLoginViewController.xib in Resources */ = {isa = PBXBuildFile; fileRef = A3F9C1D7142EBB880016717B /* PartyLoginViewController.xib */; };
		A3FAB0FF15228A9000BA8654 /* FacebookHandler.m in Sources */ = {isa = PBXBuildFile; fileRef = A3FAB0E715228A9000BA8654 /* FacebookHandler.m */; settings = {COMPILER_FLAGS = "-fno-objc-arc"; }; };
		A3FAB10015228A9000BA8654 /* FBDialog.bundle in Resources */ = {isa = PBXBuildFile; fileRef = A3FAB0E915228A9000BA8654 /* FBDialog.bundle */; };
		A3FAB10115228A9000BA8654 /* FBDialog.m in Sources */ = {isa = PBXBuildFile; fileRef = A3FAB0EB15228A9000BA8654 /* FBDialog.m */; settings = {COMPILER_FLAGS = "-fno-objc-arc"; }; };
		A3FAB10215228A9000BA8654 /* FBLoginDialog.m in Sources */ = {isa = PBXBuildFile; fileRef = A3FAB0ED15228A9000BA8654 /* FBLoginDialog.m */; settings = {COMPILER_FLAGS = "-fno-objc-arc"; }; };
		A3FAB10315228A9000BA8654 /* FBRequest.m in Sources */ = {isa = PBXBuildFile; fileRef = A3FAB0EF15228A9000BA8654 /* FBRequest.m */; settings = {COMPILER_FLAGS = "-fno-objc-arc"; }; };
		A3FAB10415228A9000BA8654 /* NSObject+SBJSON.m in Sources */ = {isa = PBXBuildFile; fileRef = A3FAB0F315228A9000BA8654 /* NSObject+SBJSON.m */; settings = {COMPILER_FLAGS = "-fno-objc-arc"; }; };
		A3FAB10515228A9000BA8654 /* NSString+SBJSON.m in Sources */ = {isa = PBXBuildFile; fileRef = A3FAB0F515228A9000BA8654 /* NSString+SBJSON.m */; settings = {COMPILER_FLAGS = "-fno-objc-arc"; }; };
		A3FAB10615228A9000BA8654 /* SBJSON.m in Sources */ = {isa = PBXBuildFile; fileRef = A3FAB0F715228A9000BA8654 /* SBJSON.m */; settings = {COMPILER_FLAGS = "-fno-objc-arc"; }; };
		A3FAB10715228A9000BA8654 /* SBJsonBase.m in Sources */ = {isa = PBXBuildFile; fileRef = A3FAB0F915228A9000BA8654 /* SBJsonBase.m */; settings = {COMPILER_FLAGS = "-fno-objc-arc"; }; };
		A3FAB10815228A9000BA8654 /* SBJsonParser.m in Sources */ = {isa = PBXBuildFile; fileRef = A3FAB0FB15228A9000BA8654 /* SBJsonParser.m */; settings = {COMPILER_FLAGS = "-fno-objc-arc"; }; };
		A3FAB10915228A9000BA8654 /* SBJsonWriter.m in Sources */ = {isa = PBXBuildFile; fileRef = A3FAB0FD15228A9000BA8654 /* SBJsonWriter.m */; settings = {COMPILER_FLAGS = "-fno-objc-arc"; }; };
/* End PBXBuildFile section */

/* Begin PBXContainerItemProxy section */
		A3632F5E14FC8AC40073EDF4 /* PBXContainerItemProxy */ = {
			isa = PBXContainerItemProxy;
			containerPortal = A39AF6581497C803006ADF19 /* RestKit.xcodeproj */;
			proxyType = 2;
			remoteGlobalIDString = 25160D1614564E810060A5C5;
			remoteInfo = RestKit;
		};
		A3632F6014FC8AC40073EDF4 /* PBXContainerItemProxy */ = {
			isa = PBXContainerItemProxy;
			containerPortal = A39AF6581497C803006ADF19 /* RestKit.xcodeproj */;
			proxyType = 2;
			remoteGlobalIDString = 25160D2614564E820060A5C5;
			remoteInfo = RestKitTests;
		};
		A3632F6214FC8AC40073EDF4 /* PBXContainerItemProxy */ = {
			isa = PBXContainerItemProxy;
			containerPortal = A39AF6581497C803006ADF19 /* RestKit.xcodeproj */;
			proxyType = 2;
			remoteGlobalIDString = 25160E62145651060060A5C5;
			remoteInfo = RestKitFramework;
		};
		A3632F6414FC8AC40073EDF4 /* PBXContainerItemProxy */ = {
			isa = PBXContainerItemProxy;
			containerPortal = A39AF6581497C803006ADF19 /* RestKit.xcodeproj */;
			proxyType = 2;
			remoteGlobalIDString = 25160E78145651060060A5C5;
			remoteInfo = RestKitFrameworkTests;
		};
		A3632F6614FC8ADB0073EDF4 /* PBXContainerItemProxy */ = {
			isa = PBXContainerItemProxy;
			containerPortal = A39AF6581497C803006ADF19 /* RestKit.xcodeproj */;
			proxyType = 1;
			remoteGlobalIDString = 25160D1514564E810060A5C5;
			remoteInfo = RestKit;
		};
/* End PBXContainerItemProxy section */

/* Begin PBXFileReference section */
		1D30AB110D05D00D00671497 /* Foundation.framework */ = {isa = PBXFileReference; lastKnownFileType = wrapper.framework; name = Foundation.framework; path = System/Library/Frameworks/Foundation.framework; sourceTree = SDKROOT; };
		1D3623240D0F684500981E51 /* UDJAppDelegate.h */ = {isa = PBXFileReference; fileEncoding = 4; lastKnownFileType = sourcecode.c.h; name = UDJAppDelegate.h; path = "Main Items/UDJAppDelegate.h"; sourceTree = "<group>"; };
		1D3623250D0F684500981E51 /* UDJAppDelegate.m */ = {isa = PBXFileReference; fileEncoding = 4; lastKnownFileType = sourcecode.c.objc; name = UDJAppDelegate.m; path = "Main Items/UDJAppDelegate.m"; sourceTree = "<group>"; };
		1D6058910D05DD3D006BFB54 /* UDJ.app */ = {isa = PBXFileReference; explicitFileType = wrapper.application; includeInIndex = 0; path = UDJ.app; sourceTree = BUILT_PRODUCTS_DIR; };
		1DF5F4DF0D08C38300B7A737 /* UIKit.framework */ = {isa = PBXFileReference; lastKnownFileType = wrapper.framework; name = UIKit.framework; path = System/Library/Frameworks/UIKit.framework; sourceTree = SDKROOT; };
		288765A40DF7441C002DB57D /* CoreGraphics.framework */ = {isa = PBXFileReference; lastKnownFileType = wrapper.framework; name = CoreGraphics.framework; path = System/Library/Frameworks/CoreGraphics.framework; sourceTree = SDKROOT; };
		2899E5210DE3E06400AC0155 /* UDJViewController.xib */ = {isa = PBXFileReference; lastKnownFileType = file.xib; path = UDJViewController.xib; sourceTree = "<group>"; };
		28AD733E0D9D9553002E5188 /* MainWindow.xib */ = {isa = PBXFileReference; lastKnownFileType = file.xib; path = MainWindow.xib; sourceTree = "<group>"; };
		28D7ACF60DDB3853001CB0EB /* UDJViewController.h */ = {isa = PBXFileReference; fileEncoding = 4; lastKnownFileType = sourcecode.c.h; path = UDJViewController.h; sourceTree = "<group>"; };
		28D7ACF70DDB3853001CB0EB /* UDJViewController.m */ = {isa = PBXFileReference; fileEncoding = 4; lastKnownFileType = sourcecode.c.objc; path = UDJViewController.m; sourceTree = "<group>"; };
		29B97316FDCFA39411CA2CEA /* main.m */ = {isa = PBXFileReference; fileEncoding = 4; lastKnownFileType = sourcecode.c.objc; path = main.m; sourceTree = "<group>"; };
		32CA4F630368D1EE00C91783 /* UDJ_Prefix.pch */ = {isa = PBXFileReference; fileEncoding = 4; lastKnownFileType = sourcecode.c.h; path = UDJ_Prefix.pch; sourceTree = "<group>"; };
		A3028B831564A2AE00EF6EE8 /* MainTabBarController.h */ = {isa = PBXFileReference; fileEncoding = 4; lastKnownFileType = sourcecode.c.h; path = MainTabBarController.h; sourceTree = "<group>"; };
		A3028B841564A2AE00EF6EE8 /* MainTabBarController.m */ = {isa = PBXFileReference; fileEncoding = 4; lastKnownFileType = sourcecode.c.objc; path = MainTabBarController.m; sourceTree = "<group>"; };
		A3028B851564A2AE00EF6EE8 /* MainTabBarController.xib */ = {isa = PBXFileReference; fileEncoding = 4; lastKnownFileType = file.xib; name = MainTabBarController.xib; path = "../Classes/Main Views/MainTabBarController.xib"; sourceTree = "<group>"; };
		A3028B881564B39600EF6EE8 /* smallicon.png */ = {isa = PBXFileReference; lastKnownFileType = image.png; path = smallicon.png; sourceTree = "<group>"; };
		A309CC6115194A7F00912EA2 /* EventResultsViewController.h */ = {isa = PBXFileReference; fileEncoding = 4; lastKnownFileType = sourcecode.c.h; path = EventResultsViewController.h; sourceTree = "<group>"; };
		A309CC6215194A7F00912EA2 /* EventResultsViewController.m */ = {isa = PBXFileReference; fileEncoding = 4; lastKnownFileType = sourcecode.c.objc; path = EventResultsViewController.m; sourceTree = "<group>"; };
		A309CC6315194A8000912EA2 /* EventResultsViewController.xib */ = {isa = PBXFileReference; fileEncoding = 4; lastKnownFileType = file.xib; name = EventResultsViewController.xib; path = ../Classes/Events/EventResultsViewController.xib; sourceTree = "<group>"; };
		A31A9B6215608C0B005268C0 /* separator.png */ = {isa = PBXFileReference; lastKnownFileType = image.png; path = separator.png; sourceTree = "<group>"; };
		A31AA6A91561CE3B0032FEAB /* UDJUser.h */ = {isa = PBXFileReference; fileEncoding = 4; lastKnownFileType = sourcecode.c.h; path = UDJUser.h; sourceTree = "<group>"; };
		A31AA6AA1561CE3B0032FEAB /* UDJUser.m */ = {isa = PBXFileReference; fileEncoding = 4; lastKnownFileType = sourcecode.c.objc; path = UDJUser.m; sourceTree = "<group>"; };
		A3210D8E15328763009A9318 /* smalluparrow.png */ = {isa = PBXFileReference; lastKnownFileType = image.png; path = smalluparrow.png; sourceTree = "<group>"; };
		A321A58C151FCBAB001ECC30 /* backbutton.png */ = {isa = PBXFileReference; lastKnownFileType = image.png; path = backbutton.png; sourceTree = "<group>"; };
		A324ABF414AAB74700388514 /* UDJSong.h */ = {isa = PBXFileReference; fileEncoding = 4; lastKnownFileType = sourcecode.c.h; path = UDJSong.h; sourceTree = "<group>"; };
		A324ABF514AAB74700388514 /* UDJSong.m */ = {isa = PBXFileReference; fileEncoding = 4; lastKnownFileType = sourcecode.c.objc; path = UDJSong.m; sourceTree = "<group>"; };
		A324AC0314AABB8900388514 /* UDJPlaylist.h */ = {isa = PBXFileReference; fileEncoding = 4; lastKnownFileType = sourcecode.c.h; path = UDJPlaylist.h; sourceTree = "<group>"; };
		A324AC0414AABB8900388514 /* UDJPlaylist.m */ = {isa = PBXFileReference; fileEncoding = 4; lastKnownFileType = sourcecode.c.objc; path = UDJPlaylist.m; sourceTree = "<group>"; };
		A3265DB114C6101400FC692B /* PlaylistEntryCell.h */ = {isa = PBXFileReference; fileEncoding = 4; lastKnownFileType = sourcecode.c.h; path = PlaylistEntryCell.h; sourceTree = "<group>"; };
		A3265DB214C6101400FC692B /* PlaylistEntryCell.m */ = {isa = PBXFileReference; fileEncoding = 4; lastKnownFileType = sourcecode.c.objc; path = PlaylistEntryCell.m; sourceTree = "<group>"; };
		A32A384614AE917600D166CF /* UDJ-Info.plist */ = {isa = PBXFileReference; fileEncoding = 4; lastKnownFileType = text.plist.xml; name = "UDJ-Info.plist"; path = "../UDJ-Info.plist"; sourceTree = "<group>"; };
		A3360BCE14F5E14F00541726 /* NewPlaylistViewController.xib */ = {isa = PBXFileReference; fileEncoding = 4; lastKnownFileType = file.xib; name = NewPlaylistViewController.xib; path = Resources/NewPlaylistViewController.xib; sourceTree = SOURCE_ROOT; };
		A33C4611148F0707009C1BC6 /* PlaylistViewController.h */ = {isa = PBXFileReference; fileEncoding = 4; lastKnownFileType = sourcecode.c.h; path = PlaylistViewController.h; sourceTree = "<group>"; };
		A33C4612148F0707009C1BC6 /* PlaylistViewController.m */ = {isa = PBXFileReference; fileEncoding = 4; lastKnownFileType = sourcecode.c.objc; path = PlaylistViewController.m; sourceTree = "<group>"; };
		A33C461B148F11FC009C1BC6 /* LibrarySearchViewController.h */ = {isa = PBXFileReference; fileEncoding = 4; lastKnownFileType = sourcecode.c.h; path = LibrarySearchViewController.h; sourceTree = "<group>"; };
		A33C461C148F11FC009C1BC6 /* LibrarySearchViewController.m */ = {isa = PBXFileReference; fileEncoding = 4; lastKnownFileType = sourcecode.c.objc; path = LibrarySearchViewController.m; sourceTree = "<group>"; };
		A33C461D148F11FC009C1BC6 /* LibrarySearchViewController.xib */ = {isa = PBXFileReference; fileEncoding = 4; lastKnownFileType = file.xib; path = LibrarySearchViewController.xib; sourceTree = "<group>"; };
		A33EE1E015684B7D00D49B85 /* playing.png */ = {isa = PBXFileReference; lastKnownFileType = image.png; path = playing.png; sourceTree = "<group>"; };
		A341B92414F8681C001892C5 /* downarrow.png */ = {isa = PBXFileReference; lastKnownFileType = image.png; path = downarrow.png; sourceTree = "<group>"; };
		A341B92614F86824001892C5 /* uparrow.png */ = {isa = PBXFileReference; lastKnownFileType = image.png; path = uparrow.png; sourceTree = "<group>"; };
		A341B92814F86C61001892C5 /* addbutton.png */ = {isa = PBXFileReference; lastKnownFileType = image.png; path = addbutton.png; sourceTree = "<group>"; };
		A34796A414F85AE0001DEE15 /* default.jpg */ = {isa = PBXFileReference; lastKnownFileType = image.jpeg; path = default.jpg; sourceTree = "<group>"; };
		A3495613151EF3D800AAEF7E /* refresh.png */ = {isa = PBXFileReference; lastKnownFileType = image.png; path = refresh.png; sourceTree = "<group>"; };
		A34FB30014B8EB5F00BE5CE2 /* LibraryResultsController.h */ = {isa = PBXFileReference; fileEncoding = 4; lastKnownFileType = sourcecode.c.h; path = LibraryResultsController.h; sourceTree = "<group>"; };
		A34FB30114B8EB5F00BE5CE2 /* LibraryResultsController.m */ = {isa = PBXFileReference; fileEncoding = 4; lastKnownFileType = sourcecode.c.objc; path = LibraryResultsController.m; sourceTree = "<group>"; };
		A34FB30214B8EB5F00BE5CE2 /* LibraryResultsController.xib */ = {isa = PBXFileReference; fileEncoding = 4; lastKnownFileType = file.xib; name = LibraryResultsController.xib; path = ../Classes/Library/LibraryResultsController.xib; sourceTree = "<group>"; };
		A351B57C151F7AB200368F6F /* playlistbutton.png */ = {isa = PBXFileReference; lastKnownFileType = image.png; path = playlistbutton.png; sourceTree = "<group>"; };
		A3536FB114A5218F00B5C95F /* UDJEvent.h */ = {isa = PBXFileReference; fileEncoding = 4; lastKnownFileType = sourcecode.c.h; path = UDJEvent.h; sourceTree = "<group>"; };
		A3536FB214A5218F00B5C95F /* UDJEvent.m */ = {isa = PBXFileReference; fileEncoding = 4; lastKnownFileType = sourcecode.c.objc; path = UDJEvent.m; sourceTree = "<group>"; };
		A35D3DEF14F985460007B374 /* votedown.png */ = {isa = PBXFileReference; lastKnownFileType = image.png; path = votedown.png; sourceTree = "<group>"; };
		A35D3DF014F985460007B374 /* voteup.png */ = {isa = PBXFileReference; lastKnownFileType = image.png; path = voteup.png; sourceTree = "<group>"; };
		A35E3E981516680100A2882D /* UDJData.h */ = {isa = PBXFileReference; fileEncoding = 4; lastKnownFileType = sourcecode.c.h; path = UDJData.h; sourceTree = "<group>"; };
		A35E3E991516680100A2882D /* UDJData.m */ = {isa = PBXFileReference; fileEncoding = 4; lastKnownFileType = sourcecode.c.objc; path = UDJData.m; sourceTree = "<group>"; };
		A36D2CC914A818130087E992 /* SearchingViewController.h */ = {isa = PBXFileReference; fileEncoding = 4; lastKnownFileType = sourcecode.c.h; path = SearchingViewController.h; sourceTree = "<group>"; };
		A36D2CCA14A818130087E992 /* SearchingViewController.m */ = {isa = PBXFileReference; fileEncoding = 4; lastKnownFileType = sourcecode.c.objc; path = SearchingViewController.m; sourceTree = "<group>"; };
		A36D2CCB14A818130087E992 /* SearchingViewController.xib */ = {isa = PBXFileReference; fileEncoding = 4; lastKnownFileType = file.xib; path = SearchingViewController.xib; sourceTree = "<group>"; };
		A3720B2E14C74FE800D1E30C /* LocationManager.h */ = {isa = PBXFileReference; fileEncoding = 4; lastKnownFileType = sourcecode.c.h; path = LocationManager.h; sourceTree = "<group>"; };
		A3720B2F14C74FE800D1E30C /* LocationManager.m */ = {isa = PBXFileReference; fileEncoding = 4; lastKnownFileType = sourcecode.c.objc; path = LocationManager.m; sourceTree = "<group>"; };
		A3720B3114C7513600D1E30C /* CoreLocation.framework */ = {isa = PBXFileReference; lastKnownFileType = wrapper.framework; name = CoreLocation.framework; path = System/Library/Frameworks/CoreLocation.framework; sourceTree = SDKROOT; };
		A3720B3314C7514400D1E30C /* CoreFoundation.framework */ = {isa = PBXFileReference; lastKnownFileType = wrapper.framework; name = CoreFoundation.framework; path = System/Library/Frameworks/CoreFoundation.framework; sourceTree = SDKROOT; };
		A374BDFF14A2EF36001A0DE0 /* UDJEventData.h */ = {isa = PBXFileReference; fileEncoding = 4; lastKnownFileType = sourcecode.c.h; path = UDJEventData.h; sourceTree = "<group>"; };
		A374BE0014A2EF36001A0DE0 /* UDJEventData.m */ = {isa = PBXFileReference; fileEncoding = 4; lastKnownFileType = sourcecode.c.objc; path = UDJEventData.m; sourceTree = "<group>"; };
		A37BBF3A1567085000251CC8 /* playersbutton.png */ = {isa = PBXFileReference; lastKnownFileType = image.png; path = playersbutton.png; sourceTree = "<group>"; };
		A37BBF3C15670A1500251CC8 /* ArtistsViewController.h */ = {isa = PBXFileReference; fileEncoding = 4; lastKnownFileType = sourcecode.c.h; path = ArtistsViewController.h; sourceTree = "<group>"; };
		A37BBF3D15670A1500251CC8 /* ArtistsViewController.m */ = {isa = PBXFileReference; fileEncoding = 4; lastKnownFileType = sourcecode.c.objc; path = ArtistsViewController.m; sourceTree = "<group>"; };
		A37BBF3E15670A1500251CC8 /* ArtistsViewController.xib */ = {isa = PBXFileReference; fileEncoding = 4; lastKnownFileType = file.xib; name = ArtistsViewController.xib; path = ../Classes/Library/ArtistsViewController.xib; sourceTree = "<group>"; };
		A38B629F14C736C70088640D /* udjlauncher.png */ = {isa = PBXFileReference; lastKnownFileType = image.png; path = udjlauncher.png; sourceTree = "<group>"; };
		A39A0C8914C4ADDF008A6D54 /* LibraryEntryCell.h */ = {isa = PBXFileReference; fileEncoding = 4; lastKnownFileType = sourcecode.c.h; path = LibraryEntryCell.h; sourceTree = "<group>"; };
		A39A0C8A14C4ADDF008A6D54 /* LibraryEntryCell.m */ = {isa = PBXFileReference; fileEncoding = 4; lastKnownFileType = sourcecode.c.objc; path = LibraryEntryCell.m; sourceTree = "<group>"; };
		A39AF6581497C803006ADF19 /* RestKit.xcodeproj */ = {isa = PBXFileReference; lastKnownFileType = "wrapper.pb-project"; name = RestKit.xcodeproj; path = RestKit/RestKit.xcodeproj; sourceTree = "<group>"; };
		A39AF66E1497CB74006ADF19 /* UDJConnection.h */ = {isa = PBXFileReference; fileEncoding = 4; lastKnownFileType = sourcecode.c.h; path = UDJConnection.h; sourceTree = "<group>"; };
		A39AF66F1497CB74006ADF19 /* UDJConnection.m */ = {isa = PBXFileReference; fileEncoding = 4; lastKnownFileType = sourcecode.c.objc; path = UDJConnection.m; sourceTree = "<group>"; };
		A39AF68A1497CFBC006ADF19 /* Security.framework */ = {isa = PBXFileReference; lastKnownFileType = wrapper.framework; name = Security.framework; path = System/Library/Frameworks/Security.framework; sourceTree = SDKROOT; };
		A39AF68D1497D072006ADF19 /* CFNetwork.framework */ = {isa = PBXFileReference; lastKnownFileType = wrapper.framework; name = CFNetwork.framework; path = System/Library/Frameworks/CFNetwork.framework; sourceTree = SDKROOT; };
		A39AF68F1497D079006ADF19 /* CoreData.framework */ = {isa = PBXFileReference; lastKnownFileType = wrapper.framework; name = CoreData.framework; path = System/Library/Frameworks/CoreData.framework; sourceTree = SDKROOT; };
		A39AF6911497D081006ADF19 /* MobileCoreServices.framework */ = {isa = PBXFileReference; lastKnownFileType = wrapper.framework; name = MobileCoreServices.framework; path = System/Library/Frameworks/MobileCoreServices.framework; sourceTree = SDKROOT; };
		A39AF6931497D09A006ADF19 /* SystemConfiguration.framework */ = {isa = PBXFileReference; lastKnownFileType = wrapper.framework; name = SystemConfiguration.framework; path = System/Library/Frameworks/SystemConfiguration.framework; sourceTree = SDKROOT; };
		A39AF6951497D0A4006ADF19 /* libxml2.dylib */ = {isa = PBXFileReference; lastKnownFileType = "compiled.mach-o.dylib"; name = libxml2.dylib; path = usr/lib/libxml2.dylib; sourceTree = SDKROOT; };
		A3A2B36E156DD6C600C4FF90 /* UDJStoredData.h */ = {isa = PBXFileReference; fileEncoding = 4; lastKnownFileType = sourcecode.c.h; name = UDJStoredData.h; path = ../UDJStoredData.h; sourceTree = "<group>"; };
		A3A2B36F156DD6C600C4FF90 /* UDJStoredData.m */ = {isa = PBXFileReference; fileEncoding = 4; lastKnownFileType = sourcecode.c.objc; name = UDJStoredData.m; path = ../UDJStoredData.m; sourceTree = "<group>"; };
		A3BB46E114E2086400554179 /* EventGoerCell.h */ = {isa = PBXFileReference; fileEncoding = 4; lastKnownFileType = sourcecode.c.h; path = EventGoerCell.h; sourceTree = "<group>"; };
		A3BB46E214E2086400554179 /* EventGoerCell.m */ = {isa = PBXFileReference; fileEncoding = 4; lastKnownFileType = sourcecode.c.objc; path = EventGoerCell.m; sourceTree = "<group>"; };
		A3C22D541566D4D50066B9F8 /* playlisticon.png */ = {isa = PBXFileReference; lastKnownFileType = image.png; path = playlisticon.png; sourceTree = "<group>"; };
		A3C22D561566D62E0066B9F8 /* libraryicon.png */ = {isa = PBXFileReference; lastKnownFileType = image.png; path = libraryicon.png; sourceTree = "<group>"; };
		A3C22D581566D8510066B9F8 /* randomicon.png */ = {isa = PBXFileReference; lastKnownFileType = image.png; path = randomicon.png; sourceTree = "<group>"; };
		A3C22D5A1566D9EA0066B9F8 /* playingbar.png */ = {isa = PBXFileReference; lastKnownFileType = image.png; path = playingbar.png; sourceTree = "<group>"; };
		A3C608F8151E3593004AB623 /* EventCell.h */ = {isa = PBXFileReference; fileEncoding = 4; lastKnownFileType = sourcecode.c.h; path = EventCell.h; sourceTree = "<group>"; };
		A3C608F9151E3593004AB623 /* EventCell.m */ = {isa = PBXFileReference; fileEncoding = 4; lastKnownFileType = sourcecode.c.objc; path = EventCell.m; sourceTree = "<group>"; };
		A3C608FB151E52BB004AB623 /* eventcellselected.png */ = {isa = PBXFileReference; lastKnownFileType = image.png; path = eventcellselected.png; sourceTree = "<group>"; };
		A3C6A4691565E6FF00F1E42E /* darknavbar.png */ = {isa = PBXFileReference; lastKnownFileType = image.png; path = darknavbar.png; sourceTree = "<group>"; };
		A3C6A46F1565F9FA00F1E42E /* RandomViewController.h */ = {isa = PBXFileReference; fileEncoding = 4; lastKnownFileType = sourcecode.c.h; path = RandomViewController.h; sourceTree = "<group>"; };
		A3C6A4701565F9FA00F1E42E /* RandomViewController.m */ = {isa = PBXFileReference; fileEncoding = 4; lastKnownFileType = sourcecode.c.objc; path = RandomViewController.m; sourceTree = "<group>"; };
		A3C6A4711565F9FA00F1E42E /* RandomViewController.xib */ = {isa = PBXFileReference; fileEncoding = 4; lastKnownFileType = file.xib; name = RandomViewController.xib; path = ../Classes/Library/RandomViewController.xib; sourceTree = "<group>"; };
		A3C6A47B1566017A00F1E42E /* artists.png */ = {isa = PBXFileReference; lastKnownFileType = image.png; path = artists.png; sourceTree = "<group>"; };
		A3C7A43F156714F20085150A /* SongListViewController.h */ = {isa = PBXFileReference; fileEncoding = 4; lastKnownFileType = sourcecode.c.h; path = SongListViewController.h; sourceTree = "<group>"; };
		A3C7A440156714F20085150A /* SongListViewController.m */ = {isa = PBXFileReference; fileEncoding = 4; lastKnownFileType = sourcecode.c.objc; path = SongListViewController.m; sourceTree = "<group>"; };
		A3C7A441156714F20085150A /* SongListViewController.xib */ = {isa = PBXFileReference; fileEncoding = 4; lastKnownFileType = file.xib; name = SongListViewController.xib; path = ../Classes/Library/SongListViewController.xib; sourceTree = "<group>"; };
		A3CE2C05151D257400C13006 /* eventcell.png */ = {isa = PBXFileReference; lastKnownFileType = image.png; path = eventcell.png; sourceTree = "<group>"; };
		A3CF872D14B8F8F000A9F829 /* UDJSongList.h */ = {isa = PBXFileReference; fileEncoding = 4; lastKnownFileType = sourcecode.c.h; path = UDJSongList.h; sourceTree = "<group>"; };
		A3CF872E14B8F8F000A9F829 /* UDJSongList.m */ = {isa = PBXFileReference; fileEncoding = 4; lastKnownFileType = sourcecode.c.objc; path = UDJSongList.m; sourceTree = "<group>"; };
		A3CFBEE815685DA5002B7658 /* playtoggle.png */ = {isa = PBXFileReference; lastKnownFileType = image.png; path = playtoggle.png; sourceTree = "<group>"; };
		A3CFBEEA156865B7002B7658 /* controls.png */ = {isa = PBXFileReference; lastKnownFileType = image.png; path = controls.png; sourceTree = "<group>"; };
		A3CFBEEC1568730A002B7658 /* pausetoggle.png */ = {isa = PBXFileReference; lastKnownFileType = image.png; path = pausetoggle.png; sourceTree = "<group>"; };
		A3CFBEEE15688811002B7658 /* KeychainItemWrapper.h */ = {isa = PBXFileReference; fileEncoding = 4; lastKnownFileType = sourcecode.c.h; path = KeychainItemWrapper.h; sourceTree = "<group>"; };
		A3CFBEEF15688811002B7658 /* KeychainItemWrapper.m */ = {isa = PBXFileReference; fileEncoding = 4; lastKnownFileType = sourcecode.c.objc; path = KeychainItemWrapper.m; sourceTree = "<group>"; };
		A3CFBEF2156888E8002B7658 /* Model.xcdatamodel */ = {isa = PBXFileReference; lastKnownFileType = wrapper.xcdatamodel; path = Model.xcdatamodel; sourceTree = "<group>"; };
		A3D334D414C6A02300A90D58 /* downarrow.jpg */ = {isa = PBXFileReference; lastKnownFileType = image.jpeg; path = downarrow.jpg; sourceTree = "<group>"; };
		A3D334D614C6A02A00A90D58 /* uparrow.jpg */ = {isa = PBXFileReference; lastKnownFileType = image.jpeg; path = uparrow.jpg; sourceTree = "<group>"; };
		A3DAD57B14BD253600688CE0 /* UDJMappableArray.h */ = {isa = PBXFileReference; fileEncoding = 4; lastKnownFileType = sourcecode.c.h; path = UDJMappableArray.h; sourceTree = "<group>"; };
		A3DAD57C14BD253600688CE0 /* UDJMappableArray.m */ = {isa = PBXFileReference; fileEncoding = 4; lastKnownFileType = sourcecode.c.objc; path = UDJMappableArray.m; sourceTree = "<group>"; };
		A3DDD0A61533EFEF00DB5E1F /* smalldownarrow.png */ = {isa = PBXFileReference; lastKnownFileType = image.png; path = smalldownarrow.png; sourceTree = "<group>"; };
		A3EF398014C64D33003889E0 /* addbutton.jpg */ = {isa = PBXFileReference; lastKnownFileType = image.jpeg; path = addbutton.jpg; sourceTree = "<group>"; };
		A3F58D9314C753D300E350F4 /* UDJEventGoer.h */ = {isa = PBXFileReference; fileEncoding = 4; lastKnownFileType = sourcecode.c.h; path = UDJEventGoer.h; sourceTree = "<group>"; };
		A3F58D9414C753D300E350F4 /* UDJEventGoer.m */ = {isa = PBXFileReference; fileEncoding = 4; lastKnownFileType = sourcecode.c.objc; path = UDJEventGoer.m; sourceTree = "<group>"; };
		A3F58D9614C75F0800E350F4 /* EventGoerViewController.h */ = {isa = PBXFileReference; fileEncoding = 4; lastKnownFileType = sourcecode.c.h; name = EventGoerViewController.h; path = "Classes/Main Views/EventGoerViewController.h"; sourceTree = SOURCE_ROOT; };
		A3F58D9714C75F0800E350F4 /* EventGoerViewController.m */ = {isa = PBXFileReference; fileEncoding = 4; lastKnownFileType = sourcecode.c.objc; name = EventGoerViewController.m; path = "Classes/Main Views/EventGoerViewController.m"; sourceTree = SOURCE_ROOT; };
		A3F58D9B14C75FAF00E350F4 /* EventGoerViewController.xib */ = {isa = PBXFileReference; fileEncoding = 4; lastKnownFileType = file.xib; path = EventGoerViewController.xib; sourceTree = "<group>"; };
		A3F58D9D14C765C100E350F4 /* UDJEventGoerList.h */ = {isa = PBXFileReference; fileEncoding = 4; lastKnownFileType = sourcecode.c.h; path = UDJEventGoerList.h; sourceTree = "<group>"; };
		A3F58D9E14C765C100E350F4 /* UDJEventGoerList.m */ = {isa = PBXFileReference; fileEncoding = 4; lastKnownFileType = sourcecode.c.objc; path = UDJEventGoerList.m; sourceTree = "<group>"; };
		A3F877E3151EE53C005EC5EE /* leavebutton.png */ = {isa = PBXFileReference; lastKnownFileType = image.png; path = leavebutton.png; sourceTree = "<group>"; };
		A3F877E4151EE53C005EC5EE /* librarybutton.png */ = {isa = PBXFileReference; lastKnownFileType = image.png; path = librarybutton.png; sourceTree = "<group>"; };
		A3F877E7151EE545005EC5EE /* navbar.png */ = {isa = PBXFileReference; lastKnownFileType = image.png; path = navbar.png; sourceTree = "<group>"; };
		A3F9C04F142EAD610016717B /* EventSearchViewController.h */ = {isa = PBXFileReference; fileEncoding = 4; lastKnownFileType = sourcecode.c.h; path = EventSearchViewController.h; sourceTree = "<group>"; };
		A3F9C050142EAD610016717B /* EventSearchViewController.m */ = {isa = PBXFileReference; fileEncoding = 4; lastKnownFileType = sourcecode.c.objc; path = EventSearchViewController.m; sourceTree = "<group>"; };
		A3F9C051142EAD610016717B /* EventSearchViewController.xib */ = {isa = PBXFileReference; lastKnownFileType = file.xib; path = EventSearchViewController.xib; sourceTree = "<group>"; };
		A3F9C1D5142EBB880016717B /* PartyLoginViewController.h */ = {isa = PBXFileReference; fileEncoding = 4; lastKnownFileType = sourcecode.c.h; path = PartyLoginViewController.h; sourceTree = "<group>"; };
		A3F9C1D6142EBB880016717B /* PartyLoginViewController.m */ = {isa = PBXFileReference; fileEncoding = 4; lastKnownFileType = sourcecode.c.objc; path = PartyLoginViewController.m; sourceTree = "<group>"; };
		A3F9C1D7142EBB880016717B /* PartyLoginViewController.xib */ = {isa = PBXFileReference; lastKnownFileType = file.xib; path = PartyLoginViewController.xib; sourceTree = "<group>"; };
		A3FAB0E415228A9000BA8654 /* Facebook.h */ = {isa = PBXFileReference; fileEncoding = 4; lastKnownFileType = sourcecode.c.h; path = Facebook.h; sourceTree = "<group>"; };
		A3FAB0E515228A9000BA8654 /* Facebook.m */ = {isa = PBXFileReference; fileEncoding = 4; lastKnownFileType = sourcecode.c.objc; path = Facebook.m; sourceTree = "<group>"; };
		A3FAB0E615228A9000BA8654 /* FacebookHandler.h */ = {isa = PBXFileReference; fileEncoding = 4; lastKnownFileType = sourcecode.c.h; path = FacebookHandler.h; sourceTree = "<group>"; };
		A3FAB0E715228A9000BA8654 /* FacebookHandler.m */ = {isa = PBXFileReference; fileEncoding = 4; lastKnownFileType = sourcecode.c.objc; path = FacebookHandler.m; sourceTree = "<group>"; };
		A3FAB0E815228A9000BA8654 /* FBConnect.h */ = {isa = PBXFileReference; fileEncoding = 4; lastKnownFileType = sourcecode.c.h; path = FBConnect.h; sourceTree = "<group>"; };
		A3FAB0E915228A9000BA8654 /* FBDialog.bundle */ = {isa = PBXFileReference; lastKnownFileType = "wrapper.plug-in"; path = FBDialog.bundle; sourceTree = "<group>"; };
		A3FAB0EA15228A9000BA8654 /* FBDialog.h */ = {isa = PBXFileReference; fileEncoding = 4; lastKnownFileType = sourcecode.c.h; path = FBDialog.h; sourceTree = "<group>"; };
		A3FAB0EB15228A9000BA8654 /* FBDialog.m */ = {isa = PBXFileReference; fileEncoding = 4; lastKnownFileType = sourcecode.c.objc; path = FBDialog.m; sourceTree = "<group>"; };
		A3FAB0EC15228A9000BA8654 /* FBLoginDialog.h */ = {isa = PBXFileReference; fileEncoding = 4; lastKnownFileType = sourcecode.c.h; path = FBLoginDialog.h; sourceTree = "<group>"; };
		A3FAB0ED15228A9000BA8654 /* FBLoginDialog.m */ = {isa = PBXFileReference; fileEncoding = 4; lastKnownFileType = sourcecode.c.objc; path = FBLoginDialog.m; sourceTree = "<group>"; };
		A3FAB0EE15228A9000BA8654 /* FBRequest.h */ = {isa = PBXFileReference; fileEncoding = 4; lastKnownFileType = sourcecode.c.h; path = FBRequest.h; sourceTree = "<group>"; };
		A3FAB0EF15228A9000BA8654 /* FBRequest.m */ = {isa = PBXFileReference; fileEncoding = 4; lastKnownFileType = sourcecode.c.objc; path = FBRequest.m; sourceTree = "<group>"; };
		A3FAB0F115228A9000BA8654 /* JSON.h */ = {isa = PBXFileReference; fileEncoding = 4; lastKnownFileType = sourcecode.c.h; path = JSON.h; sourceTree = "<group>"; };
		A3FAB0F215228A9000BA8654 /* NSObject+SBJSON.h */ = {isa = PBXFileReference; fileEncoding = 4; lastKnownFileType = sourcecode.c.h; path = "NSObject+SBJSON.h"; sourceTree = "<group>"; };
		A3FAB0F315228A9000BA8654 /* NSObject+SBJSON.m */ = {isa = PBXFileReference; fileEncoding = 4; lastKnownFileType = sourcecode.c.objc; path = "NSObject+SBJSON.m"; sourceTree = "<group>"; };
		A3FAB0F415228A9000BA8654 /* NSString+SBJSON.h */ = {isa = PBXFileReference; fileEncoding = 4; lastKnownFileType = sourcecode.c.h; path = "NSString+SBJSON.h"; sourceTree = "<group>"; };
		A3FAB0F515228A9000BA8654 /* NSString+SBJSON.m */ = {isa = PBXFileReference; fileEncoding = 4; lastKnownFileType = sourcecode.c.objc; path = "NSString+SBJSON.m"; sourceTree = "<group>"; };
		A3FAB0F615228A9000BA8654 /* SBJSON.h */ = {isa = PBXFileReference; fileEncoding = 4; lastKnownFileType = sourcecode.c.h; path = SBJSON.h; sourceTree = "<group>"; };
		A3FAB0F715228A9000BA8654 /* SBJSON.m */ = {isa = PBXFileReference; fileEncoding = 4; lastKnownFileType = sourcecode.c.objc; path = SBJSON.m; sourceTree = "<group>"; };
		A3FAB0F815228A9000BA8654 /* SBJsonBase.h */ = {isa = PBXFileReference; fileEncoding = 4; lastKnownFileType = sourcecode.c.h; path = SBJsonBase.h; sourceTree = "<group>"; };
		A3FAB0F915228A9000BA8654 /* SBJsonBase.m */ = {isa = PBXFileReference; fileEncoding = 4; lastKnownFileType = sourcecode.c.objc; path = SBJsonBase.m; sourceTree = "<group>"; };
		A3FAB0FA15228A9000BA8654 /* SBJsonParser.h */ = {isa = PBXFileReference; fileEncoding = 4; lastKnownFileType = sourcecode.c.h; path = SBJsonParser.h; sourceTree = "<group>"; };
		A3FAB0FB15228A9000BA8654 /* SBJsonParser.m */ = {isa = PBXFileReference; fileEncoding = 4; lastKnownFileType = sourcecode.c.objc; path = SBJsonParser.m; sourceTree = "<group>"; };
		A3FAB0FC15228A9000BA8654 /* SBJsonWriter.h */ = {isa = PBXFileReference; fileEncoding = 4; lastKnownFileType = sourcecode.c.h; path = SBJsonWriter.h; sourceTree = "<group>"; };
		A3FAB0FD15228A9000BA8654 /* SBJsonWriter.m */ = {isa = PBXFileReference; fileEncoding = 4; lastKnownFileType = sourcecode.c.objc; path = SBJsonWriter.m; sourceTree = "<group>"; };
/* End PBXFileReference section */

/* Begin PBXFrameworksBuildPhase section */
		1D60588F0D05DD3D006BFB54 /* Frameworks */ = {
			isa = PBXFrameworksBuildPhase;
			buildActionMask = 2147483647;
			files = (
				A3632F6814FC8AE10073EDF4 /* libRestKit.a in Frameworks */,
				A3720B3414C7514400D1E30C /* CoreFoundation.framework in Frameworks */,
				A3720B3214C7513600D1E30C /* CoreLocation.framework in Frameworks */,
				A39AF6961497D0A4006ADF19 /* libxml2.dylib in Frameworks */,
				A39AF6941497D09A006ADF19 /* SystemConfiguration.framework in Frameworks */,
				A39AF68B1497CFBC006ADF19 /* Security.framework in Frameworks */,
				A39AF6921497D081006ADF19 /* MobileCoreServices.framework in Frameworks */,
				A39AF6901497D079006ADF19 /* CoreData.framework in Frameworks */,
				A39AF68E1497D072006ADF19 /* CFNetwork.framework in Frameworks */,
				1D60589F0D05DD5A006BFB54 /* Foundation.framework in Frameworks */,
				1DF5F4E00D08C38300B7A737 /* UIKit.framework in Frameworks */,
				288765A50DF7441C002DB57D /* CoreGraphics.framework in Frameworks */,
			);
			runOnlyForDeploymentPostprocessing = 0;
		};
/* End PBXFrameworksBuildPhase section */

/* Begin PBXGroup section */
		080E96DDFE201D6D7F000001 /* Classes */ = {
			isa = PBXGroup;
			children = (
				1D3623240D0F684500981E51 /* UDJAppDelegate.h */,
				1D3623250D0F684500981E51 /* UDJAppDelegate.m */,
				A3FAB0E315228A9000BA8654 /* Sharing */,
				A396EF1E14B558B300BCEF8F /* Library */,
				A324ABF714AAB74F00388514 /* Playlist */,
				A3F58C5514A1519F00756F7D /* Main Items */,
				A3536FB414A5219E00B5C95F /* Events */,
				A354F04014A2CA5A00F3AAEF /* Login */,
				A3F58C5414A1517900756F7D /* Main Views */,
				A31AA6A91561CE3B0032FEAB /* UDJUser.h */,
				A31AA6AA1561CE3B0032FEAB /* UDJUser.m */,
				A3CFBEF1156888E8002B7658 /* Model.xcdatamodeld */,
			);
			path = Classes;
			sourceTree = "<group>";
		};
		19C28FACFE9D520D11CA2CBB /* Products */ = {
			isa = PBXGroup;
			children = (
				1D6058910D05DD3D006BFB54 /* UDJ.app */,
			);
			name = Products;
			sourceTree = "<group>";
		};
		29B97314FDCFA39411CA2CEA /* CustomTemplate */ = {
			isa = PBXGroup;
			children = (
				A3720B3314C7514400D1E30C /* CoreFoundation.framework */,
				A3720B3114C7513600D1E30C /* CoreLocation.framework */,
				A39AF6951497D0A4006ADF19 /* libxml2.dylib */,
				A39AF6931497D09A006ADF19 /* SystemConfiguration.framework */,
				A39AF6911497D081006ADF19 /* MobileCoreServices.framework */,
				A39AF68F1497D079006ADF19 /* CoreData.framework */,
				A39AF68D1497D072006ADF19 /* CFNetwork.framework */,
				A39AF68A1497CFBC006ADF19 /* Security.framework */,
				A39AF6581497C803006ADF19 /* RestKit.xcodeproj */,
				080E96DDFE201D6D7F000001 /* Classes */,
				29B97315FDCFA39411CA2CEA /* Other Sources */,
				29B97317FDCFA39411CA2CEA /* Resources */,
				29B97323FDCFA39411CA2CEA /* Frameworks */,
				19C28FACFE9D520D11CA2CBB /* Products */,
			);
			name = CustomTemplate;
			sourceTree = "<group>";
		};
		29B97315FDCFA39411CA2CEA /* Other Sources */ = {
			isa = PBXGroup;
			children = (
				32CA4F630368D1EE00C91783 /* UDJ_Prefix.pch */,
				29B97316FDCFA39411CA2CEA /* main.m */,
			);
			name = "Other Sources";
			sourceTree = "<group>";
		};
		29B97317FDCFA39411CA2CEA /* Resources */ = {
			isa = PBXGroup;
			children = (
				A3C6A4751565FA2400F1E42E /* xib files */,
				A3C6A4741565FA1400F1E42E /* images */,
				A32A384614AE917600D166CF /* UDJ-Info.plist */,
			);
			path = Resources;
			sourceTree = "<group>";
		};
		29B97323FDCFA39411CA2CEA /* Frameworks */ = {
			isa = PBXGroup;
			children = (
				1DF5F4DF0D08C38300B7A737 /* UIKit.framework */,
				1D30AB110D05D00D00671497 /* Foundation.framework */,
				288765A40DF7441C002DB57D /* CoreGraphics.framework */,
			);
			name = Frameworks;
			sourceTree = "<group>";
		};
		A324ABF714AAB74F00388514 /* Playlist */ = {
			isa = PBXGroup;
			children = (
				A3F58D9314C753D300E350F4 /* UDJEventGoer.h */,
				A3F58D9414C753D300E350F4 /* UDJEventGoer.m */,
				A324ABF414AAB74700388514 /* UDJSong.h */,
				A324ABF514AAB74700388514 /* UDJSong.m */,
				A324AC0314AABB8900388514 /* UDJPlaylist.h */,
				A324AC0414AABB8900388514 /* UDJPlaylist.m */,
				A33C4611148F0707009C1BC6 /* PlaylistViewController.h */,
				A33C4612148F0707009C1BC6 /* PlaylistViewController.m */,
				A3265DB114C6101400FC692B /* PlaylistEntryCell.h */,
				A3265DB214C6101400FC692B /* PlaylistEntryCell.m */,
			);
			path = Playlist;
			sourceTree = "<group>";
		};
		A3536FB414A5219E00B5C95F /* Events */ = {
			isa = PBXGroup;
			children = (
				A3F9C04F142EAD610016717B /* EventSearchViewController.h */,
				A3F9C050142EAD610016717B /* EventSearchViewController.m */,
				A309CC6115194A7F00912EA2 /* EventResultsViewController.h */,
				A309CC6215194A7F00912EA2 /* EventResultsViewController.m */,
				A3C608F8151E3593004AB623 /* EventCell.h */,
				A3C608F9151E3593004AB623 /* EventCell.m */,
				A3536FB114A5218F00B5C95F /* UDJEvent.h */,
				A3536FB214A5218F00B5C95F /* UDJEvent.m */,
				A374BDFF14A2EF36001A0DE0 /* UDJEventData.h */,
				A374BE0014A2EF36001A0DE0 /* UDJEventData.m */,
				A3F9C1D5142EBB880016717B /* PartyLoginViewController.h */,
				A3F9C1D6142EBB880016717B /* PartyLoginViewController.m */,
			);
			path = Events;
			sourceTree = "<group>";
		};
		A354F04014A2CA5A00F3AAEF /* Login */ = {
			isa = PBXGroup;
			children = (
				28D7ACF60DDB3853001CB0EB /* UDJViewController.h */,
				28D7ACF70DDB3853001CB0EB /* UDJViewController.m */,
				A3CFBEEE15688811002B7658 /* KeychainItemWrapper.h */,
				A3CFBEEF15688811002B7658 /* KeychainItemWrapper.m */,
				A3A2B36E156DD6C600C4FF90 /* UDJStoredData.h */,
				A3A2B36F156DD6C600C4FF90 /* UDJStoredData.m */,
			);
			path = Login;
			sourceTree = "<group>";
		};
		A3632F5814FC8AC40073EDF4 /* Products */ = {
			isa = PBXGroup;
			children = (
				A3632F5F14FC8AC40073EDF4 /* libRestKit.a */,
				A3632F6114FC8AC40073EDF4 /* RestKitTests.octest */,
				A3632F6314FC8AC40073EDF4 /* RestKit.framework */,
				A3632F6514FC8AC40073EDF4 /* RestKitFrameworkTests.octest */,
			);
			name = Products;
			sourceTree = "<group>";
		};
		A396EF1E14B558B300BCEF8F /* Library */ = {
			isa = PBXGroup;
			children = (
				A33C461B148F11FC009C1BC6 /* LibrarySearchViewController.h */,
				A33C461C148F11FC009C1BC6 /* LibrarySearchViewController.m */,
				A34FB30014B8EB5F00BE5CE2 /* LibraryResultsController.h */,
				A34FB30114B8EB5F00BE5CE2 /* LibraryResultsController.m */,
				A3CF872D14B8F8F000A9F829 /* UDJSongList.h */,
				A3CF872E14B8F8F000A9F829 /* UDJSongList.m */,
				A39A0C8914C4ADDF008A6D54 /* LibraryEntryCell.h */,
				A39A0C8A14C4ADDF008A6D54 /* LibraryEntryCell.m */,
				A3C6A46F1565F9FA00F1E42E /* RandomViewController.h */,
				A3C6A4701565F9FA00F1E42E /* RandomViewController.m */,
				A37BBF3C15670A1500251CC8 /* ArtistsViewController.h */,
				A37BBF3D15670A1500251CC8 /* ArtistsViewController.m */,
				A3C7A43F156714F20085150A /* SongListViewController.h */,
				A3C7A440156714F20085150A /* SongListViewController.m */,
			);
			path = Library;
			sourceTree = "<group>";
		};
		A3C6A4741565FA1400F1E42E /* images */ = {
			isa = PBXGroup;
			children = (
				A3CFBEEC1568730A002B7658 /* pausetoggle.png */,
				A3CFBEEA156865B7002B7658 /* controls.png */,
				A3CFBEE815685DA5002B7658 /* playtoggle.png */,
				A33EE1E015684B7D00D49B85 /* playing.png */,
				A37BBF3A1567085000251CC8 /* playersbutton.png */,
				A3C22D5A1566D9EA0066B9F8 /* playingbar.png */,
				A3C22D581566D8510066B9F8 /* randomicon.png */,
				A3C22D561566D62E0066B9F8 /* libraryicon.png */,
				A3C22D541566D4D50066B9F8 /* playlisticon.png */,
				A3C6A47B1566017A00F1E42E /* artists.png */,
				A3C6A4691565E6FF00F1E42E /* darknavbar.png */,
				A3028B881564B39600EF6EE8 /* smallicon.png */,
				A31A9B6215608C0B005268C0 /* separator.png */,
				A3DDD0A61533EFEF00DB5E1F /* smalldownarrow.png */,
				A3210D8E15328763009A9318 /* smalluparrow.png */,
				A321A58C151FCBAB001ECC30 /* backbutton.png */,
				A351B57C151F7AB200368F6F /* playlistbutton.png */,
				A3495613151EF3D800AAEF7E /* refresh.png */,
				A3F877E7151EE545005EC5EE /* navbar.png */,
				A3F877E3151EE53C005EC5EE /* leavebutton.png */,
				A3F877E4151EE53C005EC5EE /* librarybutton.png */,
				A3C608FB151E52BB004AB623 /* eventcellselected.png */,
				A3CE2C05151D257400C13006 /* eventcell.png */,
				A35D3DEF14F985460007B374 /* votedown.png */,
				A35D3DF014F985460007B374 /* voteup.png */,
				A341B92814F86C61001892C5 /* addbutton.png */,
				A341B92614F86824001892C5 /* uparrow.png */,
				A341B92414F8681C001892C5 /* downarrow.png */,
				A34796A414F85AE0001DEE15 /* default.jpg */,
				A38B629F14C736C70088640D /* udjlauncher.png */,
				A3D334D614C6A02A00A90D58 /* uparrow.jpg */,
				A3D334D414C6A02300A90D58 /* downarrow.jpg */,
				A3EF398014C64D33003889E0 /* addbutton.jpg */,
			);
			name = images;
			sourceTree = "<group>";
		};
		A3C6A4751565FA2400F1E42E /* xib files */ = {
			isa = PBXGroup;
			children = (
				A3C7A441156714F20085150A /* SongListViewController.xib */,
				A37BBF3E15670A1500251CC8 /* ArtistsViewController.xib */,
				A3C6A4711565F9FA00F1E42E /* RandomViewController.xib */,
				A3360BCE14F5E14F00541726 /* NewPlaylistViewController.xib */,
				A3F9C051142EAD610016717B /* EventSearchViewController.xib */,
				A36D2CCB14A818130087E992 /* SearchingViewController.xib */,
				A33C461D148F11FC009C1BC6 /* LibrarySearchViewController.xib */,
				A34FB30214B8EB5F00BE5CE2 /* LibraryResultsController.xib */,
				A3F9C1D7142EBB880016717B /* PartyLoginViewController.xib */,
				A309CC6315194A8000912EA2 /* EventResultsViewController.xib */,
				2899E5210DE3E06400AC0155 /* UDJViewController.xib */,
				28AD733E0D9D9553002E5188 /* MainWindow.xib */,
				A3F58D9B14C75FAF00E350F4 /* EventGoerViewController.xib */,
				A3028B851564A2AE00EF6EE8 /* MainTabBarController.xib */,
			);
			name = "xib files";
			sourceTree = "<group>";
		};
		A3F58C5414A1517900756F7D /* Main Views */ = {
			isa = PBXGroup;
			children = (
				A3028B831564A2AE00EF6EE8 /* MainTabBarController.h */,
				A3028B841564A2AE00EF6EE8 /* MainTabBarController.m */,
				A3F58D9614C75F0800E350F4 /* EventGoerViewController.h */,
				A3F58D9714C75F0800E350F4 /* EventGoerViewController.m */,
				A36D2CC914A818130087E992 /* SearchingViewController.h */,
				A36D2CCA14A818130087E992 /* SearchingViewController.m */,
			);
			path = "Main Views";
			sourceTree = "<group>";
		};
		A3F58C5514A1519F00756F7D /* Main Items */ = {
			isa = PBXGroup;
			children = (
				A3720B2E14C74FE800D1E30C /* LocationManager.h */,
				A3720B2F14C74FE800D1E30C /* LocationManager.m */,
				A39AF66E1497CB74006ADF19 /* UDJConnection.h */,
				A39AF66F1497CB74006ADF19 /* UDJConnection.m */,
				A3DAD57B14BD253600688CE0 /* UDJMappableArray.h */,
				A3DAD57C14BD253600688CE0 /* UDJMappableArray.m */,
				A3F58D9D14C765C100E350F4 /* UDJEventGoerList.h */,
				A3F58D9E14C765C100E350F4 /* UDJEventGoerList.m */,
				A3BB46E114E2086400554179 /* EventGoerCell.h */,
				A3BB46E214E2086400554179 /* EventGoerCell.m */,
				A35E3E981516680100A2882D /* UDJData.h */,
				A35E3E991516680100A2882D /* UDJData.m */,
			);
			path = "Main Items";
			sourceTree = "<group>";
		};
		A3FAB0E315228A9000BA8654 /* Sharing */ = {
			isa = PBXGroup;
			children = (
				A3FAB0E415228A9000BA8654 /* Facebook.h */,
				A3FAB0E515228A9000BA8654 /* Facebook.m */,
				A3FAB0E615228A9000BA8654 /* FacebookHandler.h */,
				A3FAB0E715228A9000BA8654 /* FacebookHandler.m */,
				A3FAB0E815228A9000BA8654 /* FBConnect.h */,
				A3FAB0E915228A9000BA8654 /* FBDialog.bundle */,
				A3FAB0EA15228A9000BA8654 /* FBDialog.h */,
				A3FAB0EB15228A9000BA8654 /* FBDialog.m */,
				A3FAB0EC15228A9000BA8654 /* FBLoginDialog.h */,
				A3FAB0ED15228A9000BA8654 /* FBLoginDialog.m */,
				A3FAB0EE15228A9000BA8654 /* FBRequest.h */,
				A3FAB0EF15228A9000BA8654 /* FBRequest.m */,
				A3FAB0F015228A9000BA8654 /* JSON */,
			);
			path = Sharing;
			sourceTree = "<group>";
		};
		A3FAB0F015228A9000BA8654 /* JSON */ = {
			isa = PBXGroup;
			children = (
				A3FAB0F115228A9000BA8654 /* JSON.h */,
				A3FAB0F215228A9000BA8654 /* NSObject+SBJSON.h */,
				A3FAB0F315228A9000BA8654 /* NSObject+SBJSON.m */,
				A3FAB0F415228A9000BA8654 /* NSString+SBJSON.h */,
				A3FAB0F515228A9000BA8654 /* NSString+SBJSON.m */,
				A3FAB0F615228A9000BA8654 /* SBJSON.h */,
				A3FAB0F715228A9000BA8654 /* SBJSON.m */,
				A3FAB0F815228A9000BA8654 /* SBJsonBase.h */,
				A3FAB0F915228A9000BA8654 /* SBJsonBase.m */,
				A3FAB0FA15228A9000BA8654 /* SBJsonParser.h */,
				A3FAB0FB15228A9000BA8654 /* SBJsonParser.m */,
				A3FAB0FC15228A9000BA8654 /* SBJsonWriter.h */,
				A3FAB0FD15228A9000BA8654 /* SBJsonWriter.m */,
			);
			path = JSON;
			sourceTree = "<group>";
		};
/* End PBXGroup section */

/* Begin PBXNativeTarget section */
		1D6058900D05DD3D006BFB54 /* UDJ */ = {
			isa = PBXNativeTarget;
			buildConfigurationList = 1D6058960D05DD3E006BFB54 /* Build configuration list for PBXNativeTarget "UDJ" */;
			buildPhases = (
				1D60588D0D05DD3D006BFB54 /* Resources */,
				1D60588E0D05DD3D006BFB54 /* Sources */,
				1D60588F0D05DD3D006BFB54 /* Frameworks */,
			);
			buildRules = (
			);
			dependencies = (
				A3632F6714FC8ADB0073EDF4 /* PBXTargetDependency */,
			);
			name = UDJ;
			productName = UDJ;
			productReference = 1D6058910D05DD3D006BFB54 /* UDJ.app */;
			productType = "com.apple.product-type.application";
		};
/* End PBXNativeTarget section */

/* Begin PBXProject section */
		29B97313FDCFA39411CA2CEA /* Project object */ = {
			isa = PBXProject;
			attributes = {
				LastUpgradeCheck = 0430;
			};
			buildConfigurationList = C01FCF4E08A954540054247B /* Build configuration list for PBXProject "UDJ" */;
			compatibilityVersion = "Xcode 3.2";
			developmentRegion = English;
			hasScannedForEncodings = 1;
			knownRegions = (
				English,
				Japanese,
				French,
				German,
			);
			mainGroup = 29B97314FDCFA39411CA2CEA /* CustomTemplate */;
			projectDirPath = "";
			projectReferences = (
				{
					ProductGroup = A3632F5814FC8AC40073EDF4 /* Products */;
					ProjectRef = A39AF6581497C803006ADF19 /* RestKit.xcodeproj */;
				},
			);
			projectRoot = "";
			targets = (
				1D6058900D05DD3D006BFB54 /* UDJ */,
			);
		};
/* End PBXProject section */

/* Begin PBXReferenceProxy section */
		A3632F5F14FC8AC40073EDF4 /* libRestKit.a */ = {
			isa = PBXReferenceProxy;
			fileType = archive.ar;
			path = libRestKit.a;
			remoteRef = A3632F5E14FC8AC40073EDF4 /* PBXContainerItemProxy */;
			sourceTree = BUILT_PRODUCTS_DIR;
		};
		A3632F6114FC8AC40073EDF4 /* RestKitTests.octest */ = {
			isa = PBXReferenceProxy;
			fileType = wrapper.cfbundle;
			path = RestKitTests.octest;
			remoteRef = A3632F6014FC8AC40073EDF4 /* PBXContainerItemProxy */;
			sourceTree = BUILT_PRODUCTS_DIR;
		};
		A3632F6314FC8AC40073EDF4 /* RestKit.framework */ = {
			isa = PBXReferenceProxy;
			fileType = wrapper.framework;
			path = RestKit.framework;
			remoteRef = A3632F6214FC8AC40073EDF4 /* PBXContainerItemProxy */;
			sourceTree = BUILT_PRODUCTS_DIR;
		};
		A3632F6514FC8AC40073EDF4 /* RestKitFrameworkTests.octest */ = {
			isa = PBXReferenceProxy;
			fileType = wrapper.cfbundle;
			path = RestKitFrameworkTests.octest;
			remoteRef = A3632F6414FC8AC40073EDF4 /* PBXContainerItemProxy */;
			sourceTree = BUILT_PRODUCTS_DIR;
		};
/* End PBXReferenceProxy section */

/* Begin PBXResourcesBuildPhase section */
		1D60588D0D05DD3D006BFB54 /* Resources */ = {
			isa = PBXResourcesBuildPhase;
			buildActionMask = 2147483647;
			files = (
				28AD733F0D9D9553002E5188 /* MainWindow.xib in Resources */,
				2899E5220DE3E06400AC0155 /* UDJViewController.xib in Resources */,
				A3F9C053142EAD610016717B /* EventSearchViewController.xib in Resources */,
				A3F9C1D9142EBB880016717B /* PartyLoginViewController.xib in Resources */,
				A33C461F148F11FC009C1BC6 /* LibrarySearchViewController.xib in Resources */,
				A36D2CCD14A818130087E992 /* SearchingViewController.xib in Resources */,
				A34FB30414B8EB5F00BE5CE2 /* LibraryResultsController.xib in Resources */,
				A3EF398114C64D33003889E0 /* addbutton.jpg in Resources */,
				A3D334D514C6A02300A90D58 /* downarrow.jpg in Resources */,
				A3D334D714C6A02A00A90D58 /* uparrow.jpg in Resources */,
				A38B62A014C736C70088640D /* udjlauncher.png in Resources */,
				A3F58D9C14C75FAF00E350F4 /* EventGoerViewController.xib in Resources */,
				A3360BCF14F5E14F00541726 /* NewPlaylistViewController.xib in Resources */,
				A34796A514F85AE0001DEE15 /* default.jpg in Resources */,
				A341B92514F8681C001892C5 /* downarrow.png in Resources */,
				A341B92714F86824001892C5 /* uparrow.png in Resources */,
				A341B92914F86C61001892C5 /* addbutton.png in Resources */,
				A35D3DF114F985460007B374 /* votedown.png in Resources */,
				A35D3DF214F985460007B374 /* voteup.png in Resources */,
				A309CC6515194A8000912EA2 /* EventResultsViewController.xib in Resources */,
				A3CE2C06151D257400C13006 /* eventcell.png in Resources */,
				A3C608FC151E52BB004AB623 /* eventcellselected.png in Resources */,
				A3F877E5151EE53C005EC5EE /* leavebutton.png in Resources */,
				A3F877E6151EE53C005EC5EE /* librarybutton.png in Resources */,
				A3F877E8151EE545005EC5EE /* navbar.png in Resources */,
				A3495614151EF3D800AAEF7E /* refresh.png in Resources */,
				A351B57D151F7AB200368F6F /* playlistbutton.png in Resources */,
				A321A58D151FCBAB001ECC30 /* backbutton.png in Resources */,
				A3FAB10015228A9000BA8654 /* FBDialog.bundle in Resources */,
				A3210D8F15328763009A9318 /* smalluparrow.png in Resources */,
				A3DDD0A71533EFEF00DB5E1F /* smalldownarrow.png in Resources */,
				A31A9B6315608C0B005268C0 /* separator.png in Resources */,
				A3028B871564A2AE00EF6EE8 /* MainTabBarController.xib in Resources */,
				A3028B891564B39700EF6EE8 /* smallicon.png in Resources */,
				A3C6A46A1565E6FF00F1E42E /* darknavbar.png in Resources */,
				A3C6A4731565F9FA00F1E42E /* RandomViewController.xib in Resources */,
				A3C6A47C1566017A00F1E42E /* artists.png in Resources */,
				A3C22D551566D4D50066B9F8 /* playlisticon.png in Resources */,
				A3C22D571566D62E0066B9F8 /* libraryicon.png in Resources */,
				A3C22D591566D8510066B9F8 /* randomicon.png in Resources */,
				A3C22D5B1566D9EA0066B9F8 /* playingbar.png in Resources */,
				A37BBF3B1567085000251CC8 /* playersbutton.png in Resources */,
				A37BBF4015670A1500251CC8 /* ArtistsViewController.xib in Resources */,
				A3C7A443156714F20085150A /* SongListViewController.xib in Resources */,
				A33EE1E115684B7D00D49B85 /* playing.png in Resources */,
				A3CFBEE915685DA5002B7658 /* playtoggle.png in Resources */,
				A3CFBEEB156865B7002B7658 /* controls.png in Resources */,
				A3CFBEED1568730A002B7658 /* pausetoggle.png in Resources */,
			);
			runOnlyForDeploymentPostprocessing = 0;
		};
/* End PBXResourcesBuildPhase section */

/* Begin PBXSourcesBuildPhase section */
		1D60588E0D05DD3D006BFB54 /* Sources */ = {
			isa = PBXSourcesBuildPhase;
			buildActionMask = 2147483647;
			files = (
				A3515C421524098500C89661 /* Facebook.m in Sources */,
				1D60589B0D05DD56006BFB54 /* main.m in Sources */,
				1D3623260D0F684500981E51 /* UDJAppDelegate.m in Sources */,
				28D7ACF80DDB3853001CB0EB /* UDJViewController.m in Sources */,
				A3F9C052142EAD610016717B /* EventSearchViewController.m in Sources */,
				A3F9C1D8142EBB880016717B /* PartyLoginViewController.m in Sources */,
				A33C4614148F0707009C1BC6 /* PlaylistViewController.m in Sources */,
				A33C461E148F11FC009C1BC6 /* LibrarySearchViewController.m in Sources */,
				A39AF6701497CB74006ADF19 /* UDJConnection.m in Sources */,
				A374BE0114A2EF36001A0DE0 /* UDJEventData.m in Sources */,
				A3536FB314A5218F00B5C95F /* UDJEvent.m in Sources */,
				A36D2CCC14A818130087E992 /* SearchingViewController.m in Sources */,
				A324ABF614AAB74700388514 /* UDJSong.m in Sources */,
				A324AC0514AABB8900388514 /* UDJPlaylist.m in Sources */,
				A34FB30314B8EB5F00BE5CE2 /* LibraryResultsController.m in Sources */,
				A3CF872F14B8F8F000A9F829 /* UDJSongList.m in Sources */,
				A3DAD57D14BD253600688CE0 /* UDJMappableArray.m in Sources */,
				A39A0C8B14C4ADDF008A6D54 /* LibraryEntryCell.m in Sources */,
				A3265DB314C6101400FC692B /* PlaylistEntryCell.m in Sources */,
				A3720B3014C74FE800D1E30C /* LocationManager.m in Sources */,
				A3F58D9514C753D300E350F4 /* UDJEventGoer.m in Sources */,
				A3F58D9914C75F0800E350F4 /* EventGoerViewController.m in Sources */,
				A3F58D9F14C765C100E350F4 /* UDJEventGoerList.m in Sources */,
				A3BB46E314E2086400554179 /* EventGoerCell.m in Sources */,
				A35E3E9A1516680100A2882D /* UDJData.m in Sources */,
				A309CC6415194A8000912EA2 /* EventResultsViewController.m in Sources */,
				A3C608FA151E3593004AB623 /* EventCell.m in Sources */,
				A3FAB0FF15228A9000BA8654 /* FacebookHandler.m in Sources */,
				A3FAB10115228A9000BA8654 /* FBDialog.m in Sources */,
				A3FAB10215228A9000BA8654 /* FBLoginDialog.m in Sources */,
				A3FAB10315228A9000BA8654 /* FBRequest.m in Sources */,
				A3FAB10415228A9000BA8654 /* NSObject+SBJSON.m in Sources */,
				A3FAB10515228A9000BA8654 /* NSString+SBJSON.m in Sources */,
				A3FAB10615228A9000BA8654 /* SBJSON.m in Sources */,
				A3FAB10715228A9000BA8654 /* SBJsonBase.m in Sources */,
				A3FAB10815228A9000BA8654 /* SBJsonParser.m in Sources */,
				A3FAB10915228A9000BA8654 /* SBJsonWriter.m in Sources */,
				A31AA6AB1561CE3B0032FEAB /* UDJUser.m in Sources */,
				A3028B861564A2AE00EF6EE8 /* MainTabBarController.m in Sources */,
				A3C6A4721565F9FA00F1E42E /* RandomViewController.m in Sources */,
				A37BBF3F15670A1500251CC8 /* ArtistsViewController.m in Sources */,
				A3C7A442156714F20085150A /* SongListViewController.m in Sources */,
				A3CFBEF015688811002B7658 /* KeychainItemWrapper.m in Sources */,
				A3CFBEF3156888E8002B7658 /* Model.xcdatamodeld in Sources */,
				A3A2B370156DD6C600C4FF90 /* UDJStoredData.m in Sources */,
			);
			runOnlyForDeploymentPostprocessing = 0;
		};
/* End PBXSourcesBuildPhase section */

/* Begin PBXTargetDependency section */
		A3632F6714FC8ADB0073EDF4 /* PBXTargetDependency */ = {
			isa = PBXTargetDependency;
			name = RestKit;
			targetProxy = A3632F6614FC8ADB0073EDF4 /* PBXContainerItemProxy */;
		};
/* End PBXTargetDependency section */

/* Begin XCBuildConfiguration section */
		1D6058940D05DD3E006BFB54 /* Debug */ = {
			isa = XCBuildConfiguration;
			buildSettings = {
				ALWAYS_SEARCH_USER_PATHS = NO;
				CLANG_ENABLE_OBJC_ARC = YES;
				COPY_PHASE_STRIP = NO;
				GCC_DYNAMIC_NO_PIC = NO;
				GCC_OPTIMIZATION_LEVEL = 0;
				GCC_PRECOMPILE_PREFIX_HEADER = YES;
				GCC_PREFIX_HEADER = UDJ_Prefix.pch;
				GCC_VERSION = com.apple.compilers.llvm.clang.1_0;
				HEADER_SEARCH_PATHS = "\"$(SOURCE_ROOT)/RestKit/Build\"";
				INFOPLIST_FILE = "UDJ-Info.plist";
				IPHONEOS_DEPLOYMENT_TARGET = 5.0;
				OTHER_LDFLAGS = (
					"-all_load",
					"-ObjC",
				);
				PRODUCT_NAME = UDJ;
			};
			name = Debug;
		};
		1D6058950D05DD3E006BFB54 /* Release */ = {
			isa = XCBuildConfiguration;
			buildSettings = {
				ALWAYS_SEARCH_USER_PATHS = NO;
				CLANG_ENABLE_OBJC_ARC = YES;
				"CODE_SIGN_IDENTITY[sdk=iphoneos*]" = "iPhone Developer: Kurtis Nusbaum (M4UE32J8NM)";
				COPY_PHASE_STRIP = YES;
				GCC_PRECOMPILE_PREFIX_HEADER = YES;
				GCC_PREFIX_HEADER = UDJ_Prefix.pch;
				GCC_VERSION = com.apple.compilers.llvm.clang.1_0;
				HEADER_SEARCH_PATHS = "\"$(SOURCE_ROOT)/RestKit/Build\"";
				INFOPLIST_FILE = "UDJ-Info.plist";
				IPHONEOS_DEPLOYMENT_TARGET = 5.0;
				OTHER_LDFLAGS = (
					"-all_load",
					"-ObjC",
				);
				PRODUCT_NAME = UDJ;
				"PROVISIONING_PROFILE[sdk=iphoneos*]" = "8B6E135E-7E47-4E6D-B5F9-EA5F8758B2EC";
				SKIP_INSTALL = NO;
				VALIDATE_PRODUCT = YES;
			};
			name = Release;
		};
		A3FA511514FF26EF004169C2 /* Distribution */ = {
			isa = XCBuildConfiguration;
			buildSettings = {
				ARCHS = "$(ARCHS_STANDARD_32_BIT)";
				CODE_SIGN_IDENTITY = "iPhone Distribution: Kurtis Nusbaum";
				"CODE_SIGN_IDENTITY[sdk=iphoneos*]" = "iPhone Distribution: Kurtis Nusbaum";
				GCC_C_LANGUAGE_STANDARD = c99;
				GCC_WARN_ABOUT_RETURN_TYPE = YES;
				GCC_WARN_UNUSED_VARIABLE = YES;
				OTHER_CFLAGS = "-DNS_BLOCK_ASSERTIONS=1";
				PROVISIONING_PROFILE = "0D88DA8D-C513-43A2-A81C-D71FBF6AEB31";
				"PROVISIONING_PROFILE[sdk=iphoneos*]" = "0D88DA8D-C513-43A2-A81C-D71FBF6AEB31";
				SDKROOT = iphoneos;
			};
			name = Distribution;
		};
		A3FA511614FF26EF004169C2 /* Distribution */ = {
			isa = XCBuildConfiguration;
			buildSettings = {
				ALWAYS_SEARCH_USER_PATHS = NO;
				CLANG_ENABLE_OBJC_ARC = YES;
				"CODE_SIGN_IDENTITY[sdk=iphoneos*]" = "iPhone Developer: Kurtis Nusbaum (M4UE32J8NM)";
				COPY_PHASE_STRIP = YES;
				GCC_PRECOMPILE_PREFIX_HEADER = YES;
				GCC_PREFIX_HEADER = UDJ_Prefix.pch;
				GCC_VERSION = com.apple.compilers.llvm.clang.1_0;
				HEADER_SEARCH_PATHS = "\"$(SOURCE_ROOT)/RestKit/Build\"";
				INFOPLIST_FILE = "UDJ-Info.plist";
				IPHONEOS_DEPLOYMENT_TARGET = 5.0;
				OTHER_LDFLAGS = (
					"-all_load",
					"-ObjC",
				);
				PRODUCT_NAME = UDJ;
				"PROVISIONING_PROFILE[sdk=iphoneos*]" = "8B6E135E-7E47-4E6D-B5F9-EA5F8758B2EC";
				VALIDATE_PRODUCT = YES;
			};
			name = Distribution;
		};
		C01FCF4F08A954540054247B /* Debug */ = {
			isa = XCBuildConfiguration;
			buildSettings = {
				ARCHS = "$(ARCHS_STANDARD_32_BIT)";
				CODE_SIGN_IDENTITY = "iPhone Developer: Kurtis Nusbaum (M4UE32J8NM)";
				"CODE_SIGN_IDENTITY[sdk=iphoneos*]" = "iPhone Developer";
				GCC_C_LANGUAGE_STANDARD = c99;
				GCC_WARN_ABOUT_RETURN_TYPE = YES;
				GCC_WARN_UNUSED_VARIABLE = YES;
				PROVISIONING_PROFILE = "8B6E135E-7E47-4E6D-B5F9-EA5F8758B2EC";
				"PROVISIONING_PROFILE[sdk=iphoneos*]" = "";
				SDKROOT = iphoneos;
			};
			name = Debug;
		};
		C01FCF5008A954540054247B /* Release */ = {
			isa = XCBuildConfiguration;
			buildSettings = {
				ARCHS = "$(ARCHS_STANDARD_32_BIT)";
				CODE_SIGN_IDENTITY = "iPhone Distribution: Kurtis Nusbaum";
				"CODE_SIGN_IDENTITY[sdk=iphoneos*]" = "iPhone Distribution: Kurtis Nusbaum";
				GCC_C_LANGUAGE_STANDARD = c99;
				GCC_WARN_ABOUT_RETURN_TYPE = YES;
				GCC_WARN_UNUSED_VARIABLE = YES;
				OTHER_CFLAGS = "-DNS_BLOCK_ASSERTIONS=1";
				PROVISIONING_PROFILE = "0D88DA8D-C513-43A2-A81C-D71FBF6AEB31";
				"PROVISIONING_PROFILE[sdk=iphoneos*]" = "0D88DA8D-C513-43A2-A81C-D71FBF6AEB31";
				SDKROOT = iphoneos;
			};
			name = Release;
		};
/* End XCBuildConfiguration section */

/* Begin XCConfigurationList section */
		1D6058960D05DD3E006BFB54 /* Build configuration list for PBXNativeTarget "UDJ" */ = {
			isa = XCConfigurationList;
			buildConfigurations = (
				1D6058940D05DD3E006BFB54 /* Debug */,
				1D6058950D05DD3E006BFB54 /* Release */,
				A3FA511614FF26EF004169C2 /* Distribution */,
			);
			defaultConfigurationIsVisible = 0;
			defaultConfigurationName = Release;
		};
		C01FCF4E08A954540054247B /* Build configuration list for PBXProject "UDJ" */ = {
			isa = XCConfigurationList;
			buildConfigurations = (
				C01FCF4F08A954540054247B /* Debug */,
				C01FCF5008A954540054247B /* Release */,
				A3FA511514FF26EF004169C2 /* Distribution */,
			);
			defaultConfigurationIsVisible = 0;
			defaultConfigurationName = Release;
		};
/* End XCConfigurationList section */

/* Begin XCVersionGroup section */
		A3CFBEF1156888E8002B7658 /* Model.xcdatamodeld */ = {
			isa = XCVersionGroup;
			children = (
				A3CFBEF2156888E8002B7658 /* Model.xcdatamodel */,
			);
			currentVersion = A3CFBEF2156888E8002B7658 /* Model.xcdatamodel */;
			path = Model.xcdatamodeld;
			sourceTree = "<group>";
			versionGroupType = wrapper.xcdatamodel;
		};
/* End XCVersionGroup section */
	};
	rootObject = 29B97313FDCFA39411CA2CEA /* Project object */;
}
