// !$*UTF8*$!
{
	archiveVersion = 1;
	classes = {
	};
	objectVersion = 46;
	objects = {

/* Begin PBXBuildFile section */
		1D3623260D0F684500981E51 /* UDJAppDelegate.m in Sources */ = {isa = PBXBuildFile; fileRef = 1D3623250D0F684500981E51 /* UDJAppDelegate.m */; };
		1D60589B0D05DD56006BFB54 /* main.m in Sources */ = {isa = PBXBuildFile; fileRef = 29B97316FDCFA39411CA2CEA /* main.m */; };
		1D60589F0D05DD5A006BFB54 /* Foundation.framework in Frameworks */ = {isa = PBXBuildFile; fileRef = 1D30AB110D05D00D00671497 /* Foundation.framework */; };
		1DF5F4E00D08C38300B7A737 /* UIKit.framework in Frameworks */ = {isa = PBXBuildFile; fileRef = 1DF5F4DF0D08C38300B7A737 /* UIKit.framework */; };
		288765A50DF7441C002DB57D /* CoreGraphics.framework in Frameworks */ = {isa = PBXBuildFile; fileRef = 288765A40DF7441C002DB57D /* CoreGraphics.framework */; };
		2899E5220DE3E06400AC0155 /* UDJViewController.xib in Resources */ = {isa = PBXBuildFile; fileRef = 2899E5210DE3E06400AC0155 /* UDJViewController.xib */; };
		28D7ACF80DDB3853001CB0EB /* UDJViewController.m in Sources */ = {isa = PBXBuildFile; fileRef = 28D7ACF70DDB3853001CB0EB /* UDJViewController.m */; };
		A3028B861564A2AE00EF6EE8 /* MainTabBarController.m in Sources */ = {isa = PBXBuildFile; fileRef = A3028B841564A2AE00EF6EE8 /* MainTabBarController.m */; };
		A3028B871564A2AE00EF6EE8 /* MainTabBarController.xib in Resources */ = {isa = PBXBuildFile; fileRef = A3028B851564A2AE00EF6EE8 /* MainTabBarController.xib */; };
		A302C4121593F52A008B3793 /* cancel.png in Resources */ = {isa = PBXBuildFile; fileRef = A302C4111593F52A008B3793 /* cancel.png */; };
		A30CE22C1591695800DA054D /* backg.png in Resources */ = {isa = PBXBuildFile; fileRef = A30CE22B1591695800DA054D /* backg.png */; };
		A30CE22E15916C0500DA054D /* underline.png in Resources */ = {isa = PBXBuildFile; fileRef = A30CE22D15916C0500DA054D /* underline.png */; };
		A31837441604FB5400D9FC35 /* ParticipantsViewController.m in Sources */ = {isa = PBXBuildFile; fileRef = A31837421604FB5400D9FC35 /* ParticipantsViewController.m */; };
		A31837451604FB5400D9FC35 /* ParticipantsViewController.xib in Resources */ = {isa = PBXBuildFile; fileRef = A31837431604FB5400D9FC35 /* ParticipantsViewController.xib */; };
		A31837481604FBB600D9FC35 /* ParticipantManager.m in Sources */ = {isa = PBXBuildFile; fileRef = A31837471604FBB600D9FC35 /* ParticipantManager.m */; };
		A31A9B6315608C0B005268C0 /* separator.png in Resources */ = {isa = PBXBuildFile; fileRef = A31A9B6215608C0B005268C0 /* separator.png */; };
		A31AA6AB1561CE3B0032FEAB /* UDJUser.m in Sources */ = {isa = PBXBuildFile; fileRef = A31AA6AA1561CE3B0032FEAB /* UDJUser.m */; };
		A3210D8F15328763009A9318 /* smalluparrow.png in Resources */ = {isa = PBXBuildFile; fileRef = A3210D8E15328763009A9318 /* smalluparrow.png */; };
		A324ABF614AAB74700388514 /* UDJSong.m in Sources */ = {isa = PBXBuildFile; fileRef = A324ABF514AAB74700388514 /* UDJSong.m */; };
		A324AC0514AABB8900388514 /* UDJPlaylist.m in Sources */ = {isa = PBXBuildFile; fileRef = A324AC0414AABB8900388514 /* UDJPlaylist.m */; };
		A325E0FB15F13C1100D54062 /* edit.png in Resources */ = {isa = PBXBuildFile; fileRef = A325E0FA15F13C1100D54062 /* edit.png */; };
		A325E0FD15F13D9600D54062 /* donebutton.png in Resources */ = {isa = PBXBuildFile; fileRef = A325E0FC15F13D9600D54062 /* donebutton.png */; };
		A325E10015F1640900D54062 /* UDJPlayerInfoManager.m in Sources */ = {isa = PBXBuildFile; fileRef = A325E0FF15F1640900D54062 /* UDJPlayerInfoManager.m */; };
		A325E10315F165A400D54062 /* RKRequest+UDJRequest.m in Sources */ = {isa = PBXBuildFile; fileRef = A325E10215F165A400D54062 /* RKRequest+UDJRequest.m */; };
		A3265DB314C6101400FC692B /* PlaylistEntryCell.m in Sources */ = {isa = PBXBuildFile; fileRef = A3265DB214C6101400FC692B /* PlaylistEntryCell.m */; };
		A32BEEA1157163A1005B573B /* nearbybutton.png in Resources */ = {isa = PBXBuildFile; fileRef = A32BEEA0157163A1005B573B /* nearbybutton.png */; };
		A331096E15DED3B6003D2AD3 /* playerinfobutton.png in Resources */ = {isa = PBXBuildFile; fileRef = A331096D15DED3B6003D2AD3 /* playerinfobutton.png */; };
		A3360BCF14F5E14F00541726 /* NewPlaylistViewController.xib in Resources */ = {isa = PBXBuildFile; fileRef = A3360BCE14F5E14F00541726 /* NewPlaylistViewController.xib */; };
		A33C4614148F0707009C1BC6 /* PlaylistViewController.m in Sources */ = {isa = PBXBuildFile; fileRef = A33C4612148F0707009C1BC6 /* PlaylistViewController.m */; };
		A33EE1E115684B7D00D49B85 /* playing.png in Resources */ = {isa = PBXBuildFile; fileRef = A33EE1E015684B7D00D49B85 /* playing.png */; };
		A341B92914F86C61001892C5 /* addbutton.png in Resources */ = {isa = PBXBuildFile; fileRef = A341B92814F86C61001892C5 /* addbutton.png */; };
		A341E22E15E2B45300E92D84 /* AVFoundation.framework in Frameworks */ = {isa = PBXBuildFile; fileRef = A341E22D15E2B45300E92D84 /* AVFoundation.framework */; };
		A341E23015E2BC9200E92D84 /* CoreMedia.framework in Frameworks */ = {isa = PBXBuildFile; fileRef = A341E22F15E2BC9200E92D84 /* CoreMedia.framework */; };
		A3443FC515C78D73005A6A67 /* UDJStoredLibraryEntry.m in Sources */ = {isa = PBXBuildFile; fileRef = A3443FC415C78D73005A6A67 /* UDJStoredLibraryEntry.m */; };
		A34796A514F85AE0001DEE15 /* default.jpg in Resources */ = {isa = PBXBuildFile; fileRef = A34796A414F85AE0001DEE15 /* default.jpg */; };
		A3495614151EF3D800AAEF7E /* refresh.png in Resources */ = {isa = PBXBuildFile; fileRef = A3495613151EF3D800AAEF7E /* refresh.png */; };
		A34FA21B15C22D540022EF46 /* plus.png in Resources */ = {isa = PBXBuildFile; fileRef = A34FA21A15C22D540022EF46 /* plus.png */; };
		A34FA21E15C22E120022EF46 /* Default.png in Resources */ = {isa = PBXBuildFile; fileRef = A34FA21C15C22E120022EF46 /* Default.png */; };
		A34FA21F15C22E120022EF46 /* Default@2x.png in Resources */ = {isa = PBXBuildFile; fileRef = A34FA21D15C22E120022EF46 /* Default@2x.png */; };
		A3536FB314A5218F00B5C95F /* UDJPlayer.m in Sources */ = {isa = PBXBuildFile; fileRef = A3536FB214A5218F00B5C95F /* UDJPlayer.m */; };
		A35D3DF114F985460007B374 /* votedown.png in Resources */ = {isa = PBXBuildFile; fileRef = A35D3DEF14F985460007B374 /* votedown.png */; };
		A35D3DF214F985460007B374 /* voteup.png in Resources */ = {isa = PBXBuildFile; fileRef = A35D3DF014F985460007B374 /* voteup.png */; };
		A35E3E9A1516680100A2882D /* UDJData.m in Sources */ = {isa = PBXBuildFile; fileRef = A35E3E991516680100A2882D /* UDJData.m */; };
		A35F57F41572D25D004AA5DB /* PullRefreshTableViewController.m in Sources */ = {isa = PBXBuildFile; fileRef = A35F57F31572D25D004AA5DB /* PullRefreshTableViewController.m */; };
		A35F57F61572D477004AA5DB /* QuartzCore.framework in Frameworks */ = {isa = PBXBuildFile; fileRef = A35F57F51572D477004AA5DB /* QuartzCore.framework */; };
		A35F57F91572DD04004AA5DB /* arrow.png in Resources */ = {isa = PBXBuildFile; fileRef = A35F57F81572DD04004AA5DB /* arrow.png */; };
		A3680CAC16067D2700ED0509 /* participanticon.png in Resources */ = {isa = PBXBuildFile; fileRef = A3680CAB16067D2700ED0509 /* participanticon.png */; };
		A3680CAE160E8B4200ED0509 /* playericon.png in Resources */ = {isa = PBXBuildFile; fileRef = A3680CAD160E8B4200ED0509 /* playericon.png */; };
		A36CF96215BF87DC0032AF31 /* UDJStoredPlayer.m in Sources */ = {isa = PBXBuildFile; fileRef = A36CF96115BF87DC0032AF31 /* UDJStoredPlayer.m */; };
		A3720B3014C74FE800D1E30C /* LocationManager.m in Sources */ = {isa = PBXBuildFile; fileRef = A3720B2F14C74FE800D1E30C /* LocationManager.m */; };
		A3720B3214C7513600D1E30C /* CoreLocation.framework in Frameworks */ = {isa = PBXBuildFile; fileRef = A3720B3114C7513600D1E30C /* CoreLocation.framework */; };
		A3720B3414C7514400D1E30C /* CoreFoundation.framework in Frameworks */ = {isa = PBXBuildFile; fileRef = A3720B3314C7514400D1E30C /* CoreFoundation.framework */; };
		A374BE0114A2EF36001A0DE0 /* UDJPlayerData.m in Sources */ = {isa = PBXBuildFile; fileRef = A374BE0014A2EF36001A0DE0 /* UDJPlayerData.m */; };
		A37BBF3B1567085000251CC8 /* playersbutton.png in Resources */ = {isa = PBXBuildFile; fileRef = A37BBF3A1567085000251CC8 /* playersbutton.png */; };
		A37BBF3F15670A1500251CC8 /* ArtistsViewController.m in Sources */ = {isa = PBXBuildFile; fileRef = A37BBF3D15670A1500251CC8 /* ArtistsViewController.m */; };
		A37BBF4015670A1500251CC8 /* ArtistsViewController.xib in Resources */ = {isa = PBXBuildFile; fileRef = A37BBF3E15670A1500251CC8 /* ArtistsViewController.xib */; };
		A38B62A014C736C70088640D /* udjlauncher.png in Resources */ = {isa = PBXBuildFile; fileRef = A38B629F14C736C70088640D /* udjlauncher.png */; };
		A38DC7C515C4928700BF9A68 /* UDJPlayerManager.m in Sources */ = {isa = PBXBuildFile; fileRef = A38DC7C415C4928700BF9A68 /* UDJPlayerManager.m */; };
		A38DC7C715C496CF00BF9A68 /* MediaPlayer.framework in Frameworks */ = {isa = PBXBuildFile; fileRef = A38DC7C615C496CF00BF9A68 /* MediaPlayer.framework */; };
		A39A0C8B14C4ADDF008A6D54 /* LibraryEntryCell.m in Sources */ = {isa = PBXBuildFile; fileRef = A39A0C8A14C4ADDF008A6D54 /* LibraryEntryCell.m */; };
		A39AF68B1497CFBC006ADF19 /* Security.framework in Frameworks */ = {isa = PBXBuildFile; fileRef = A39AF68A1497CFBC006ADF19 /* Security.framework */; };
		A39AF68E1497D072006ADF19 /* CFNetwork.framework in Frameworks */ = {isa = PBXBuildFile; fileRef = A39AF68D1497D072006ADF19 /* CFNetwork.framework */; };
		A39AF6901497D079006ADF19 /* CoreData.framework in Frameworks */ = {isa = PBXBuildFile; fileRef = A39AF68F1497D079006ADF19 /* CoreData.framework */; };
		A39AF6921497D081006ADF19 /* MobileCoreServices.framework in Frameworks */ = {isa = PBXBuildFile; fileRef = A39AF6911497D081006ADF19 /* MobileCoreServices.framework */; };
		A39AF6941497D09A006ADF19 /* SystemConfiguration.framework in Frameworks */ = {isa = PBXBuildFile; fileRef = A39AF6931497D09A006ADF19 /* SystemConfiguration.framework */; };
		A39AF6961497D0A4006ADF19 /* libxml2.dylib in Frameworks */ = {isa = PBXBuildFile; fileRef = A39AF6951497D0A4006ADF19 /* libxml2.dylib */; };
		A3A1EE6C1575E49E0058555A /* UDJConfigurator.m in Sources */ = {isa = PBXBuildFile; fileRef = A3A1EE6B1575E49E0058555A /* UDJConfigurator.m */; };
		A3A2B370156DD6C600C4FF90 /* UDJStoredData.m in Sources */ = {isa = PBXBuildFile; fileRef = A3A2B36F156DD6C600C4FF90 /* UDJStoredData.m */; };
		A3A72A6415EF061400E3723C /* libRestKit.a in Frameworks */ = {isa = PBXBuildFile; fileRef = A3A72A5915EF056900E3723C /* libRestKit.a */; };
		A3B1ABB8157E759B008498EC /* MainWindow.xib in Resources */ = {isa = PBXBuildFile; fileRef = A3B1ABB7157E759B008498EC /* MainWindow.xib */; };
		A3C22D551566D4D50066B9F8 /* playlisticon.png in Resources */ = {isa = PBXBuildFile; fileRef = A3C22D541566D4D50066B9F8 /* playlisticon.png */; };
		A3C22D571566D62E0066B9F8 /* libraryicon.png in Resources */ = {isa = PBXBuildFile; fileRef = A3C22D561566D62E0066B9F8 /* libraryicon.png */; };
		A3C22D591566D8510066B9F8 /* randomicon.png in Resources */ = {isa = PBXBuildFile; fileRef = A3C22D581566D8510066B9F8 /* randomicon.png */; };
		A3C22D5B1566D9EA0066B9F8 /* playingbar.png in Resources */ = {isa = PBXBuildFile; fileRef = A3C22D5A1566D9EA0066B9F8 /* playingbar.png */; };
		A3C608FA151E3593004AB623 /* PlayerCell.m in Sources */ = {isa = PBXBuildFile; fileRef = A3C608F9151E3593004AB623 /* PlayerCell.m */; };
		A3C6A46A1565E6FF00F1E42E /* darknavbar.png in Resources */ = {isa = PBXBuildFile; fileRef = A3C6A4691565E6FF00F1E42E /* darknavbar.png */; };
		A3C6A4721565F9FA00F1E42E /* RandomViewController.m in Sources */ = {isa = PBXBuildFile; fileRef = A3C6A4701565F9FA00F1E42E /* RandomViewController.m */; };
		A3C6A4731565F9FA00F1E42E /* RandomViewController.xib in Resources */ = {isa = PBXBuildFile; fileRef = A3C6A4711565F9FA00F1E42E /* RandomViewController.xib */; };
		A3C6A47C1566017A00F1E42E /* artists.png in Resources */ = {isa = PBXBuildFile; fileRef = A3C6A47B1566017A00F1E42E /* artists.png */; };
		A3C7A442156714F20085150A /* SongListViewController.m in Sources */ = {isa = PBXBuildFile; fileRef = A3C7A440156714F20085150A /* SongListViewController.m */; };
		A3C7A443156714F20085150A /* SongListViewController.xib in Resources */ = {isa = PBXBuildFile; fileRef = A3C7A441156714F20085150A /* SongListViewController.xib */; };
		A3CF872F14B8F8F000A9F829 /* UDJSongList.m in Sources */ = {isa = PBXBuildFile; fileRef = A3CF872E14B8F8F000A9F829 /* UDJSongList.m */; };
		A3CFBEE915685DA5002B7658 /* playtoggle.png in Resources */ = {isa = PBXBuildFile; fileRef = A3CFBEE815685DA5002B7658 /* playtoggle.png */; };
		A3CFBEEB156865B7002B7658 /* controls.png in Resources */ = {isa = PBXBuildFile; fileRef = A3CFBEEA156865B7002B7658 /* controls.png */; };
		A3CFBEED1568730A002B7658 /* pausetoggle.png in Resources */ = {isa = PBXBuildFile; fileRef = A3CFBEEC1568730A002B7658 /* pausetoggle.png */; };
		A3CFBEF015688811002B7658 /* KeychainItemWrapper.m in Sources */ = {isa = PBXBuildFile; fileRef = A3CFBEEF15688811002B7658 /* KeychainItemWrapper.m */; };
		A3CFBEF3156888E8002B7658 /* Model.xcdatamodeld in Sources */ = {isa = PBXBuildFile; fileRef = A3CFBEF1156888E8002B7658 /* Model.xcdatamodeld */; };
		A3CFEEDC15DFE8EB00962465 /* closebutton.png in Resources */ = {isa = PBXBuildFile; fileRef = A3CFEEDB15DFE8EB00962465 /* closebutton.png */; };
		A3D5EBB015BA243F0019FBAF /* libShareKit.a in Frameworks */ = {isa = PBXBuildFile; fileRef = A3D5EBA715BA24060019FBAF /* libShareKit.a */; };
		A3D5EBB115BA24B40019FBAF /* ShareKit.bundle in Resources */ = {isa = PBXBuildFile; fileRef = A3D5EBA915BA24060019FBAF /* ShareKit.bundle */; };
		A3D61A3215882EA300ACE780 /* PlayerInfoViewController.xib in Resources */ = {isa = PBXBuildFile; fileRef = A3D61A3115882EA300ACE780 /* PlayerInfoViewController.xib */; };
		A3DDD0A71533EFEF00DB5E1F /* smalldownarrow.png in Resources */ = {isa = PBXBuildFile; fileRef = A3DDD0A61533EFEF00DB5E1F /* smalldownarrow.png */; };
		A3E3D7CE15DDDAA000EBF087 /* PlayerViewController.m in Sources */ = {isa = PBXBuildFile; fileRef = A3E3D7CC15DDDAA000EBF087 /* PlayerViewController.m */; };
		A3E3D7CF15DDDAA000EBF087 /* PlayerViewController.xib in Resources */ = {isa = PBXBuildFile; fileRef = A3E3D7CD15DDDAA000EBF087 /* PlayerViewController.xib */; };
		A3E4D1831574570A0032CF8B /* MessageUI.framework in Frameworks */ = {isa = PBXBuildFile; fileRef = A3E4D1821574570A0032CF8B /* MessageUI.framework */; };
		A3E4D185157457260032CF8B /* Twitter.framework in Frameworks */ = {isa = PBXBuildFile; fileRef = A3E4D184157457260032CF8B /* Twitter.framework */; settings = {ATTRIBUTES = (Required, ); }; };
		A3E70CDC159BF7E00037A60B /* blackground.png in Resources */ = {isa = PBXBuildFile; fileRef = A3E70CDB159BF7E00037A60B /* blackground.png */; };
		A3EECC0215994ED30003BEF8 /* PlayerInfoViewController.m in Sources */ = {isa = PBXBuildFile; fileRef = A3EECC0115994ED30003BEF8 /* PlayerInfoViewController.m */; };
		A3F58D9514C753D300E350F4 /* UDJEventGoer.m in Sources */ = {isa = PBXBuildFile; fileRef = A3F58D9414C753D300E350F4 /* UDJEventGoer.m */; };
		A3F58D9C14C75FAF00E350F4 /* EventGoerViewController.xib in Resources */ = {isa = PBXBuildFile; fileRef = A3F58D9B14C75FAF00E350F4 /* EventGoerViewController.xib */; };
		A3F86A6F156F03250036FBCE /* PlayerListViewController.m in Sources */ = {isa = PBXBuildFile; fileRef = A3F86A6D156F03250036FBCE /* PlayerListViewController.m */; };
		A3F86A70156F03250036FBCE /* PlayerListViewController.xib in Resources */ = {isa = PBXBuildFile; fileRef = A3F86A6E156F03250036FBCE /* PlayerListViewController.xib */; };
/* End PBXBuildFile section */

/* Begin PBXContainerItemProxy section */
		A3A72A5815EF056900E3723C /* PBXContainerItemProxy */ = {
			isa = PBXContainerItemProxy;
			containerPortal = A3A72A4D15EF056900E3723C /* RestKit.xcodeproj */;
			proxyType = 2;
			remoteGlobalIDString = 25160D1614564E810060A5C5;
			remoteInfo = RestKit;
		};
		A3A72A5A15EF056900E3723C /* PBXContainerItemProxy */ = {
			isa = PBXContainerItemProxy;
			containerPortal = A3A72A4D15EF056900E3723C /* RestKit.xcodeproj */;
			proxyType = 2;
			remoteGlobalIDString = 25160D2614564E820060A5C5;
			remoteInfo = RestKitTests;
		};
		A3A72A5C15EF056900E3723C /* PBXContainerItemProxy */ = {
			isa = PBXContainerItemProxy;
			containerPortal = A3A72A4D15EF056900E3723C /* RestKit.xcodeproj */;
			proxyType = 2;
			remoteGlobalIDString = 25160E62145651060060A5C5;
			remoteInfo = RestKitFramework;
		};
		A3A72A5E15EF056900E3723C /* PBXContainerItemProxy */ = {
			isa = PBXContainerItemProxy;
			containerPortal = A3A72A4D15EF056900E3723C /* RestKit.xcodeproj */;
			proxyType = 2;
			remoteGlobalIDString = 25160E78145651060060A5C5;
			remoteInfo = RestKitFrameworkTests;
		};
		A3A72A6015EF056900E3723C /* PBXContainerItemProxy */ = {
			isa = PBXContainerItemProxy;
			containerPortal = A3A72A4D15EF056900E3723C /* RestKit.xcodeproj */;
			proxyType = 2;
			remoteGlobalIDString = 259C301615128079003066A2;
			remoteInfo = RestKitResources;
		};
		A3A72A6215EF05DA00E3723C /* PBXContainerItemProxy */ = {
			isa = PBXContainerItemProxy;
			containerPortal = A3A72A4D15EF056900E3723C /* RestKit.xcodeproj */;
			proxyType = 1;
			remoteGlobalIDString = 25160D1514564E810060A5C5;
			remoteInfo = RestKit;
		};
		A3D5EBA415BA24060019FBAF /* PBXContainerItemProxy */ = {
			isa = PBXContainerItemProxy;
			containerPortal = A3D5EB9915BA24060019FBAF /* ShareKit.xcodeproj */;
			proxyType = 2;
			remoteGlobalIDString = 1D6058910D05DD3D006BFB54;
			remoteInfo = "Demo App";
		};
		A3D5EBA615BA24060019FBAF /* PBXContainerItemProxy */ = {
			isa = PBXContainerItemProxy;
			containerPortal = A3D5EB9915BA24060019FBAF /* ShareKit.xcodeproj */;
			proxyType = 2;
			remoteGlobalIDString = 7AB5342E1552AADD00171BCE;
			remoteInfo = "Static Library";
		};
		A3D5EBA815BA24060019FBAF /* PBXContainerItemProxy */ = {
			isa = PBXContainerItemProxy;
			containerPortal = A3D5EB9915BA24060019FBAF /* ShareKit.xcodeproj */;
			proxyType = 2;
			remoteGlobalIDString = 7AB5360F1552E26800171BCE;
			remoteInfo = "Resource Bundle";
		};
		A3D5EBAA15BA24060019FBAF /* PBXContainerItemProxy */ = {
			isa = PBXContainerItemProxy;
			containerPortal = A3D5EB9915BA24060019FBAF /* ShareKit.xcodeproj */;
			proxyType = 2;
			remoteGlobalIDString = 7A0F9246156BA2A0009CB40A;
			remoteInfo = "Static Library No Submodules";
		};
		A3D5EBAC15BA242F0019FBAF /* PBXContainerItemProxy */ = {
			isa = PBXContainerItemProxy;
			containerPortal = A3D5EB9915BA24060019FBAF /* ShareKit.xcodeproj */;
			proxyType = 1;
			remoteGlobalIDString = 7AB5342D1552AADD00171BCE;
			remoteInfo = "Static Library";
		};
		A3D5EBAE15BA242F0019FBAF /* PBXContainerItemProxy */ = {
			isa = PBXContainerItemProxy;
			containerPortal = A3D5EB9915BA24060019FBAF /* ShareKit.xcodeproj */;
			proxyType = 1;
			remoteGlobalIDString = 7AB5360E1552E26800171BCE;
			remoteInfo = "Resource Bundle";
		};
/* End PBXContainerItemProxy section */

/* Begin PBXFileReference section */
		1D30AB110D05D00D00671497 /* Foundation.framework */ = {isa = PBXFileReference; lastKnownFileType = wrapper.framework; name = Foundation.framework; path = System/Library/Frameworks/Foundation.framework; sourceTree = SDKROOT; };
		1D3623240D0F684500981E51 /* UDJAppDelegate.h */ = {isa = PBXFileReference; fileEncoding = 4; lastKnownFileType = sourcecode.c.h; name = UDJAppDelegate.h; path = "Main Items/UDJAppDelegate.h"; sourceTree = "<group>"; };
		1D3623250D0F684500981E51 /* UDJAppDelegate.m */ = {isa = PBXFileReference; fileEncoding = 4; lastKnownFileType = sourcecode.c.objc; name = UDJAppDelegate.m; path = "Main Items/UDJAppDelegate.m"; sourceTree = "<group>"; };
		1D6058910D05DD3D006BFB54 /* UDJ.app */ = {isa = PBXFileReference; explicitFileType = wrapper.application; includeInIndex = 0; path = UDJ.app; sourceTree = BUILT_PRODUCTS_DIR; };
		1DF5F4DF0D08C38300B7A737 /* UIKit.framework */ = {isa = PBXFileReference; lastKnownFileType = wrapper.framework; name = UIKit.framework; path = System/Library/Frameworks/UIKit.framework; sourceTree = SDKROOT; };
		288765A40DF7441C002DB57D /* CoreGraphics.framework */ = {isa = PBXFileReference; lastKnownFileType = wrapper.framework; name = CoreGraphics.framework; path = System/Library/Frameworks/CoreGraphics.framework; sourceTree = SDKROOT; };
		2899E5210DE3E06400AC0155 /* UDJViewController.xib */ = {isa = PBXFileReference; lastKnownFileType = file.xib; path = UDJViewController.xib; sourceTree = "<group>"; };
		28D7ACF60DDB3853001CB0EB /* UDJViewController.h */ = {isa = PBXFileReference; fileEncoding = 4; lastKnownFileType = sourcecode.c.h; path = UDJViewController.h; sourceTree = "<group>"; };
		28D7ACF70DDB3853001CB0EB /* UDJViewController.m */ = {isa = PBXFileReference; fileEncoding = 4; lastKnownFileType = sourcecode.c.objc; path = UDJViewController.m; sourceTree = "<group>"; };
		29B97316FDCFA39411CA2CEA /* main.m */ = {isa = PBXFileReference; fileEncoding = 4; lastKnownFileType = sourcecode.c.objc; path = main.m; sourceTree = "<group>"; };
		32CA4F630368D1EE00C91783 /* UDJ_Prefix.pch */ = {isa = PBXFileReference; fileEncoding = 4; lastKnownFileType = sourcecode.c.h; path = UDJ_Prefix.pch; sourceTree = "<group>"; };
		A3028B831564A2AE00EF6EE8 /* MainTabBarController.h */ = {isa = PBXFileReference; fileEncoding = 4; lastKnownFileType = sourcecode.c.h; path = MainTabBarController.h; sourceTree = "<group>"; };
		A3028B841564A2AE00EF6EE8 /* MainTabBarController.m */ = {isa = PBXFileReference; fileEncoding = 4; lastKnownFileType = sourcecode.c.objc; path = MainTabBarController.m; sourceTree = "<group>"; };
		A3028B851564A2AE00EF6EE8 /* MainTabBarController.xib */ = {isa = PBXFileReference; fileEncoding = 4; lastKnownFileType = file.xib; name = MainTabBarController.xib; path = "../Classes/Main Views/MainTabBarController.xib"; sourceTree = "<group>"; };
		A302C4111593F52A008B3793 /* cancel.png */ = {isa = PBXFileReference; lastKnownFileType = image.png; path = cancel.png; sourceTree = "<group>"; };
		A30CE22B1591695800DA054D /* backg.png */ = {isa = PBXFileReference; lastKnownFileType = image.png; path = backg.png; sourceTree = "<group>"; };
		A30CE22D15916C0500DA054D /* underline.png */ = {isa = PBXFileReference; lastKnownFileType = image.png; path = underline.png; sourceTree = "<group>"; };
		A31837411604FB5400D9FC35 /* ParticipantsViewController.h */ = {isa = PBXFileReference; fileEncoding = 4; lastKnownFileType = sourcecode.c.h; name = ParticipantsViewController.h; path = Participants/ParticipantsViewController.h; sourceTree = "<group>"; };
		A31837421604FB5400D9FC35 /* ParticipantsViewController.m */ = {isa = PBXFileReference; fileEncoding = 4; lastKnownFileType = sourcecode.c.objc; name = ParticipantsViewController.m; path = Participants/ParticipantsViewController.m; sourceTree = "<group>"; };
		A31837431604FB5400D9FC35 /* ParticipantsViewController.xib */ = {isa = PBXFileReference; fileEncoding = 4; lastKnownFileType = file.xib; name = ParticipantsViewController.xib; path = Participants/ParticipantsViewController.xib; sourceTree = "<group>"; };
		A31837461604FBB600D9FC35 /* ParticipantManager.h */ = {isa = PBXFileReference; fileEncoding = 4; lastKnownFileType = sourcecode.c.h; name = ParticipantManager.h; path = Participants/ParticipantManager.h; sourceTree = "<group>"; };
		A31837471604FBB600D9FC35 /* ParticipantManager.m */ = {isa = PBXFileReference; fileEncoding = 4; lastKnownFileType = sourcecode.c.objc; name = ParticipantManager.m; path = Participants/ParticipantManager.m; sourceTree = "<group>"; };
		A31A9B6215608C0B005268C0 /* separator.png */ = {isa = PBXFileReference; lastKnownFileType = image.png; path = separator.png; sourceTree = "<group>"; };
		A31AA6A91561CE3B0032FEAB /* UDJUser.h */ = {isa = PBXFileReference; fileEncoding = 4; lastKnownFileType = sourcecode.c.h; path = UDJUser.h; sourceTree = "<group>"; };
		A31AA6AA1561CE3B0032FEAB /* UDJUser.m */ = {isa = PBXFileReference; fileEncoding = 4; lastKnownFileType = sourcecode.c.objc; path = UDJUser.m; sourceTree = "<group>"; };
		A3210D8E15328763009A9318 /* smalluparrow.png */ = {isa = PBXFileReference; lastKnownFileType = image.png; path = smalluparrow.png; sourceTree = "<group>"; };
		A324ABF414AAB74700388514 /* UDJSong.h */ = {isa = PBXFileReference; fileEncoding = 4; lastKnownFileType = sourcecode.c.h; path = UDJSong.h; sourceTree = "<group>"; };
		A324ABF514AAB74700388514 /* UDJSong.m */ = {isa = PBXFileReference; fileEncoding = 4; lastKnownFileType = sourcecode.c.objc; path = UDJSong.m; sourceTree = "<group>"; };
		A324AC0314AABB8900388514 /* UDJPlaylist.h */ = {isa = PBXFileReference; fileEncoding = 4; lastKnownFileType = sourcecode.c.h; path = UDJPlaylist.h; sourceTree = "<group>"; };
		A324AC0414AABB8900388514 /* UDJPlaylist.m */ = {isa = PBXFileReference; fileEncoding = 4; lastKnownFileType = sourcecode.c.objc; path = UDJPlaylist.m; sourceTree = "<group>"; };
		A325E0FA15F13C1100D54062 /* edit.png */ = {isa = PBXFileReference; lastKnownFileType = image.png; path = edit.png; sourceTree = "<group>"; };
		A325E0FC15F13D9600D54062 /* donebutton.png */ = {isa = PBXFileReference; lastKnownFileType = image.png; path = donebutton.png; sourceTree = "<group>"; };
		A325E0FE15F1640900D54062 /* UDJPlayerInfoManager.h */ = {isa = PBXFileReference; fileEncoding = 4; lastKnownFileType = sourcecode.c.h; name = UDJPlayerInfoManager.h; path = Classes/Player/UDJPlayerInfoManager.h; sourceTree = SOURCE_ROOT; };
		A325E0FF15F1640900D54062 /* UDJPlayerInfoManager.m */ = {isa = PBXFileReference; fileEncoding = 4; lastKnownFileType = sourcecode.c.objc; name = UDJPlayerInfoManager.m; path = Classes/Player/UDJPlayerInfoManager.m; sourceTree = SOURCE_ROOT; };
		A325E10115F165A400D54062 /* RKRequest+UDJRequest.h */ = {isa = PBXFileReference; fileEncoding = 4; lastKnownFileType = sourcecode.c.h; name = "RKRequest+UDJRequest.h"; path = "Classes/RKRequest+UDJRequest.h"; sourceTree = SOURCE_ROOT; };
		A325E10215F165A400D54062 /* RKRequest+UDJRequest.m */ = {isa = PBXFileReference; fileEncoding = 4; lastKnownFileType = sourcecode.c.objc; name = "RKRequest+UDJRequest.m"; path = "Classes/RKRequest+UDJRequest.m"; sourceTree = SOURCE_ROOT; };
		A3265DB114C6101400FC692B /* PlaylistEntryCell.h */ = {isa = PBXFileReference; fileEncoding = 4; lastKnownFileType = sourcecode.c.h; path = PlaylistEntryCell.h; sourceTree = "<group>"; };
		A3265DB214C6101400FC692B /* PlaylistEntryCell.m */ = {isa = PBXFileReference; fileEncoding = 4; lastKnownFileType = sourcecode.c.objc; path = PlaylistEntryCell.m; sourceTree = "<group>"; };
		A32A384614AE917600D166CF /* UDJ-Info.plist */ = {isa = PBXFileReference; fileEncoding = 4; lastKnownFileType = text.plist.xml; name = "UDJ-Info.plist"; path = "../UDJ-Info.plist"; sourceTree = "<group>"; };
		A32BEEA0157163A1005B573B /* nearbybutton.png */ = {isa = PBXFileReference; lastKnownFileType = image.png; path = nearbybutton.png; sourceTree = "<group>"; };
		A331096D15DED3B6003D2AD3 /* playerinfobutton.png */ = {isa = PBXFileReference; lastKnownFileType = image.png; path = playerinfobutton.png; sourceTree = "<group>"; };
		A3360BCE14F5E14F00541726 /* NewPlaylistViewController.xib */ = {isa = PBXFileReference; fileEncoding = 4; lastKnownFileType = file.xib; name = NewPlaylistViewController.xib; path = Resources/NewPlaylistViewController.xib; sourceTree = SOURCE_ROOT; };
		A33C4611148F0707009C1BC6 /* PlaylistViewController.h */ = {isa = PBXFileReference; fileEncoding = 4; lastKnownFileType = sourcecode.c.h; path = PlaylistViewController.h; sourceTree = "<group>"; };
		A33C4612148F0707009C1BC6 /* PlaylistViewController.m */ = {isa = PBXFileReference; fileEncoding = 4; lastKnownFileType = sourcecode.c.objc; path = PlaylistViewController.m; sourceTree = "<group>"; };
		A33EE1E015684B7D00D49B85 /* playing.png */ = {isa = PBXFileReference; lastKnownFileType = image.png; path = playing.png; sourceTree = "<group>"; };
		A341B92814F86C61001892C5 /* addbutton.png */ = {isa = PBXFileReference; lastKnownFileType = image.png; path = addbutton.png; sourceTree = "<group>"; };
		A341E22D15E2B45300E92D84 /* AVFoundation.framework */ = {isa = PBXFileReference; lastKnownFileType = wrapper.framework; name = AVFoundation.framework; path = System/Library/Frameworks/AVFoundation.framework; sourceTree = SDKROOT; };
		A341E22F15E2BC9200E92D84 /* CoreMedia.framework */ = {isa = PBXFileReference; lastKnownFileType = wrapper.framework; name = CoreMedia.framework; path = System/Library/Frameworks/CoreMedia.framework; sourceTree = SDKROOT; };
		A3443FC315C78D73005A6A67 /* UDJStoredLibraryEntry.h */ = {isa = PBXFileReference; fileEncoding = 4; lastKnownFileType = sourcecode.c.h; name = UDJStoredLibraryEntry.h; path = Classes/Player/UDJStoredLibraryEntry.h; sourceTree = SOURCE_ROOT; };
		A3443FC415C78D73005A6A67 /* UDJStoredLibraryEntry.m */ = {isa = PBXFileReference; fileEncoding = 4; lastKnownFileType = sourcecode.c.objc; name = UDJStoredLibraryEntry.m; path = Classes/Player/UDJStoredLibraryEntry.m; sourceTree = SOURCE_ROOT; };
		A34796A414F85AE0001DEE15 /* default.jpg */ = {isa = PBXFileReference; lastKnownFileType = image.jpeg; path = default.jpg; sourceTree = "<group>"; };
		A3495613151EF3D800AAEF7E /* refresh.png */ = {isa = PBXFileReference; lastKnownFileType = image.png; path = refresh.png; sourceTree = "<group>"; };
		A34FA21A15C22D540022EF46 /* plus.png */ = {isa = PBXFileReference; lastKnownFileType = image.png; path = plus.png; sourceTree = "<group>"; };
		A34FA21C15C22E120022EF46 /* Default.png */ = {isa = PBXFileReference; lastKnownFileType = image.png; path = Default.png; sourceTree = "<group>"; };
		A34FA21D15C22E120022EF46 /* Default@2x.png */ = {isa = PBXFileReference; lastKnownFileType = image.png; path = "Default@2x.png"; sourceTree = "<group>"; };
		A3536FB114A5218F00B5C95F /* UDJPlayer.h */ = {isa = PBXFileReference; fileEncoding = 4; lastKnownFileType = sourcecode.c.h; path = UDJPlayer.h; sourceTree = "<group>"; };
		A3536FB214A5218F00B5C95F /* UDJPlayer.m */ = {isa = PBXFileReference; fileEncoding = 4; lastKnownFileType = sourcecode.c.objc; path = UDJPlayer.m; sourceTree = "<group>"; };
		A35D3DEF14F985460007B374 /* votedown.png */ = {isa = PBXFileReference; lastKnownFileType = image.png; path = votedown.png; sourceTree = "<group>"; };
		A35D3DF014F985460007B374 /* voteup.png */ = {isa = PBXFileReference; lastKnownFileType = image.png; path = voteup.png; sourceTree = "<group>"; };
		A35E3E981516680100A2882D /* UDJData.h */ = {isa = PBXFileReference; fileEncoding = 4; lastKnownFileType = sourcecode.c.h; path = UDJData.h; sourceTree = "<group>"; };
		A35E3E991516680100A2882D /* UDJData.m */ = {isa = PBXFileReference; fileEncoding = 4; lastKnownFileType = sourcecode.c.objc; path = UDJData.m; sourceTree = "<group>"; };
		A35EEE1C15E194D7008CB29B /* UDJPlaylistDelegate.h */ = {isa = PBXFileReference; lastKnownFileType = sourcecode.c.h; path = UDJPlaylistDelegate.h; sourceTree = "<group>"; };
		A35F57F21572D25D004AA5DB /* PullRefreshTableViewController.h */ = {isa = PBXFileReference; fileEncoding = 4; lastKnownFileType = sourcecode.c.h; path = PullRefreshTableViewController.h; sourceTree = "<group>"; };
		A35F57F31572D25D004AA5DB /* PullRefreshTableViewController.m */ = {isa = PBXFileReference; fileEncoding = 4; lastKnownFileType = sourcecode.c.objc; path = PullRefreshTableViewController.m; sourceTree = "<group>"; };
		A35F57F51572D477004AA5DB /* QuartzCore.framework */ = {isa = PBXFileReference; lastKnownFileType = wrapper.framework; name = QuartzCore.framework; path = System/Library/Frameworks/QuartzCore.framework; sourceTree = SDKROOT; };
		A35F57F81572DD04004AA5DB /* arrow.png */ = {isa = PBXFileReference; lastKnownFileType = image.png; path = arrow.png; sourceTree = "<group>"; };
		A3680CAB16067D2700ED0509 /* participanticon.png */ = {isa = PBXFileReference; lastKnownFileType = image.png; path = participanticon.png; sourceTree = "<group>"; };
		A3680CAD160E8B4200ED0509 /* playericon.png */ = {isa = PBXFileReference; lastKnownFileType = image.png; path = playericon.png; sourceTree = "<group>"; };
		A36CF96015BF87DC0032AF31 /* UDJStoredPlayer.h */ = {isa = PBXFileReference; fileEncoding = 4; lastKnownFileType = sourcecode.c.h; name = UDJStoredPlayer.h; path = Classes/Player/UDJStoredPlayer.h; sourceTree = SOURCE_ROOT; };
		A36CF96115BF87DC0032AF31 /* UDJStoredPlayer.m */ = {isa = PBXFileReference; fileEncoding = 4; lastKnownFileType = sourcecode.c.objc; name = UDJStoredPlayer.m; path = Classes/Player/UDJStoredPlayer.m; sourceTree = SOURCE_ROOT; };
		A3720B2E14C74FE800D1E30C /* LocationManager.h */ = {isa = PBXFileReference; fileEncoding = 4; lastKnownFileType = sourcecode.c.h; path = LocationManager.h; sourceTree = "<group>"; };
		A3720B2F14C74FE800D1E30C /* LocationManager.m */ = {isa = PBXFileReference; fileEncoding = 4; lastKnownFileType = sourcecode.c.objc; path = LocationManager.m; sourceTree = "<group>"; };
		A3720B3114C7513600D1E30C /* CoreLocation.framework */ = {isa = PBXFileReference; lastKnownFileType = wrapper.framework; name = CoreLocation.framework; path = System/Library/Frameworks/CoreLocation.framework; sourceTree = SDKROOT; };
		A3720B3314C7514400D1E30C /* CoreFoundation.framework */ = {isa = PBXFileReference; lastKnownFileType = wrapper.framework; name = CoreFoundation.framework; path = System/Library/Frameworks/CoreFoundation.framework; sourceTree = SDKROOT; };
		A374BDFF14A2EF36001A0DE0 /* UDJPlayerData.h */ = {isa = PBXFileReference; fileEncoding = 4; lastKnownFileType = sourcecode.c.h; path = UDJPlayerData.h; sourceTree = "<group>"; };
		A374BE0014A2EF36001A0DE0 /* UDJPlayerData.m */ = {isa = PBXFileReference; fileEncoding = 4; lastKnownFileType = sourcecode.c.objc; path = UDJPlayerData.m; sourceTree = "<group>"; };
		A37BBF3A1567085000251CC8 /* playersbutton.png */ = {isa = PBXFileReference; lastKnownFileType = image.png; path = playersbutton.png; sourceTree = "<group>"; };
		A37BBF3C15670A1500251CC8 /* ArtistsViewController.h */ = {isa = PBXFileReference; fileEncoding = 4; lastKnownFileType = sourcecode.c.h; path = ArtistsViewController.h; sourceTree = "<group>"; };
		A37BBF3D15670A1500251CC8 /* ArtistsViewController.m */ = {isa = PBXFileReference; fileEncoding = 4; lastKnownFileType = sourcecode.c.objc; path = ArtistsViewController.m; sourceTree = "<group>"; };
		A37BBF3E15670A1500251CC8 /* ArtistsViewController.xib */ = {isa = PBXFileReference; fileEncoding = 4; lastKnownFileType = file.xib; name = ArtistsViewController.xib; path = ../Classes/Library/ArtistsViewController.xib; sourceTree = "<group>"; };
		A38B629F14C736C70088640D /* udjlauncher.png */ = {isa = PBXFileReference; lastKnownFileType = image.png; path = udjlauncher.png; sourceTree = "<group>"; };
		A38DC7C315C4928700BF9A68 /* UDJPlayerManager.h */ = {isa = PBXFileReference; fileEncoding = 4; lastKnownFileType = sourcecode.c.h; path = UDJPlayerManager.h; sourceTree = "<group>"; };
		A38DC7C415C4928700BF9A68 /* UDJPlayerManager.m */ = {isa = PBXFileReference; fileEncoding = 4; lastKnownFileType = sourcecode.c.objc; path = UDJPlayerManager.m; sourceTree = "<group>"; };
		A38DC7C615C496CF00BF9A68 /* MediaPlayer.framework */ = {isa = PBXFileReference; lastKnownFileType = wrapper.framework; name = MediaPlayer.framework; path = System/Library/Frameworks/MediaPlayer.framework; sourceTree = SDKROOT; };
		A39A0C8914C4ADDF008A6D54 /* LibraryEntryCell.h */ = {isa = PBXFileReference; fileEncoding = 4; lastKnownFileType = sourcecode.c.h; path = LibraryEntryCell.h; sourceTree = "<group>"; };
		A39A0C8A14C4ADDF008A6D54 /* LibraryEntryCell.m */ = {isa = PBXFileReference; fileEncoding = 4; lastKnownFileType = sourcecode.c.objc; path = LibraryEntryCell.m; sourceTree = "<group>"; };
		A39AF68A1497CFBC006ADF19 /* Security.framework */ = {isa = PBXFileReference; lastKnownFileType = wrapper.framework; name = Security.framework; path = System/Library/Frameworks/Security.framework; sourceTree = SDKROOT; };
		A39AF68D1497D072006ADF19 /* CFNetwork.framework */ = {isa = PBXFileReference; lastKnownFileType = wrapper.framework; name = CFNetwork.framework; path = System/Library/Frameworks/CFNetwork.framework; sourceTree = SDKROOT; };
		A39AF68F1497D079006ADF19 /* CoreData.framework */ = {isa = PBXFileReference; lastKnownFileType = wrapper.framework; name = CoreData.framework; path = System/Library/Frameworks/CoreData.framework; sourceTree = SDKROOT; };
		A39AF6911497D081006ADF19 /* MobileCoreServices.framework */ = {isa = PBXFileReference; lastKnownFileType = wrapper.framework; name = MobileCoreServices.framework; path = System/Library/Frameworks/MobileCoreServices.framework; sourceTree = SDKROOT; };
		A39AF6931497D09A006ADF19 /* SystemConfiguration.framework */ = {isa = PBXFileReference; lastKnownFileType = wrapper.framework; name = SystemConfiguration.framework; path = System/Library/Frameworks/SystemConfiguration.framework; sourceTree = SDKROOT; };
		A39AF6951497D0A4006ADF19 /* libxml2.dylib */ = {isa = PBXFileReference; lastKnownFileType = "compiled.mach-o.dylib"; name = libxml2.dylib; path = usr/lib/libxml2.dylib; sourceTree = SDKROOT; };
		A3A1EE661575DE590058555A /* SHKSharersCustom.plist */ = {isa = PBXFileReference; fileEncoding = 4; lastKnownFileType = text.plist.xml; name = SHKSharersCustom.plist; path = ../ShareKit/Classes/ShareKit/Core/SHKSharersCustom.plist; sourceTree = "<group>"; };
		A3A1EE6A1575E49E0058555A /* UDJConfigurator.h */ = {isa = PBXFileReference; fileEncoding = 4; lastKnownFileType = sourcecode.c.h; path = UDJConfigurator.h; sourceTree = "<group>"; };
		A3A1EE6B1575E49E0058555A /* UDJConfigurator.m */ = {isa = PBXFileReference; fileEncoding = 4; lastKnownFileType = sourcecode.c.objc; path = UDJConfigurator.m; sourceTree = "<group>"; };
		A3A2B36E156DD6C600C4FF90 /* UDJStoredData.h */ = {isa = PBXFileReference; fileEncoding = 4; lastKnownFileType = sourcecode.c.h; name = UDJStoredData.h; path = ../UDJStoredData.h; sourceTree = "<group>"; };
		A3A2B36F156DD6C600C4FF90 /* UDJStoredData.m */ = {isa = PBXFileReference; fileEncoding = 4; lastKnownFileType = sourcecode.c.objc; name = UDJStoredData.m; path = ../UDJStoredData.m; sourceTree = "<group>"; };
		A3A72A4D15EF056900E3723C /* RestKit.xcodeproj */ = {isa = PBXFileReference; lastKnownFileType = "wrapper.pb-project"; name = RestKit.xcodeproj; path = ../RestKit/RestKit.xcodeproj; sourceTree = "<group>"; };
		A3B1ABB7157E759B008498EC /* MainWindow.xib */ = {isa = PBXFileReference; fileEncoding = 4; lastKnownFileType = file.xib; path = MainWindow.xib; sourceTree = "<group>"; };
		A3C22D541566D4D50066B9F8 /* playlisticon.png */ = {isa = PBXFileReference; lastKnownFileType = image.png; path = playlisticon.png; sourceTree = "<group>"; };
		A3C22D561566D62E0066B9F8 /* libraryicon.png */ = {isa = PBXFileReference; lastKnownFileType = image.png; path = libraryicon.png; sourceTree = "<group>"; };
		A3C22D581566D8510066B9F8 /* randomicon.png */ = {isa = PBXFileReference; lastKnownFileType = image.png; path = randomicon.png; sourceTree = "<group>"; };
		A3C22D5A1566D9EA0066B9F8 /* playingbar.png */ = {isa = PBXFileReference; lastKnownFileType = image.png; path = playingbar.png; sourceTree = "<group>"; };
		A3C608F8151E3593004AB623 /* PlayerCell.h */ = {isa = PBXFileReference; fileEncoding = 4; lastKnownFileType = sourcecode.c.h; path = PlayerCell.h; sourceTree = "<group>"; };
		A3C608F9151E3593004AB623 /* PlayerCell.m */ = {isa = PBXFileReference; fileEncoding = 4; lastKnownFileType = sourcecode.c.objc; path = PlayerCell.m; sourceTree = "<group>"; };
		A3C6A4691565E6FF00F1E42E /* darknavbar.png */ = {isa = PBXFileReference; lastKnownFileType = image.png; path = darknavbar.png; sourceTree = "<group>"; };
		A3C6A46F1565F9FA00F1E42E /* RandomViewController.h */ = {isa = PBXFileReference; fileEncoding = 4; lastKnownFileType = sourcecode.c.h; path = RandomViewController.h; sourceTree = "<group>"; };
		A3C6A4701565F9FA00F1E42E /* RandomViewController.m */ = {isa = PBXFileReference; fileEncoding = 4; lastKnownFileType = sourcecode.c.objc; path = RandomViewController.m; sourceTree = "<group>"; };
		A3C6A4711565F9FA00F1E42E /* RandomViewController.xib */ = {isa = PBXFileReference; fileEncoding = 4; lastKnownFileType = file.xib; name = RandomViewController.xib; path = ../Classes/Library/RandomViewController.xib; sourceTree = "<group>"; };
		A3C6A47B1566017A00F1E42E /* artists.png */ = {isa = PBXFileReference; lastKnownFileType = image.png; path = artists.png; sourceTree = "<group>"; };
		A3C7A43F156714F20085150A /* SongListViewController.h */ = {isa = PBXFileReference; fileEncoding = 4; lastKnownFileType = sourcecode.c.h; path = SongListViewController.h; sourceTree = "<group>"; };
		A3C7A440156714F20085150A /* SongListViewController.m */ = {isa = PBXFileReference; fileEncoding = 4; lastKnownFileType = sourcecode.c.objc; path = SongListViewController.m; sourceTree = "<group>"; };
		A3C7A441156714F20085150A /* SongListViewController.xib */ = {isa = PBXFileReference; fileEncoding = 4; lastKnownFileType = file.xib; name = SongListViewController.xib; path = ../Classes/Library/SongListViewController.xib; sourceTree = "<group>"; };
		A3CF872D14B8F8F000A9F829 /* UDJSongList.h */ = {isa = PBXFileReference; fileEncoding = 4; lastKnownFileType = sourcecode.c.h; path = UDJSongList.h; sourceTree = "<group>"; };
		A3CF872E14B8F8F000A9F829 /* UDJSongList.m */ = {isa = PBXFileReference; fileEncoding = 4; lastKnownFileType = sourcecode.c.objc; path = UDJSongList.m; sourceTree = "<group>"; };
		A3CFBEE815685DA5002B7658 /* playtoggle.png */ = {isa = PBXFileReference; lastKnownFileType = image.png; path = playtoggle.png; sourceTree = "<group>"; };
		A3CFBEEA156865B7002B7658 /* controls.png */ = {isa = PBXFileReference; lastKnownFileType = image.png; path = controls.png; sourceTree = "<group>"; };
		A3CFBEEC1568730A002B7658 /* pausetoggle.png */ = {isa = PBXFileReference; lastKnownFileType = image.png; path = pausetoggle.png; sourceTree = "<group>"; };
		A3CFBEEE15688811002B7658 /* KeychainItemWrapper.h */ = {isa = PBXFileReference; fileEncoding = 4; lastKnownFileType = sourcecode.c.h; path = KeychainItemWrapper.h; sourceTree = "<group>"; };
		A3CFBEEF15688811002B7658 /* KeychainItemWrapper.m */ = {isa = PBXFileReference; fileEncoding = 4; lastKnownFileType = sourcecode.c.objc; path = KeychainItemWrapper.m; sourceTree = "<group>"; };
		A3CFBEF2156888E8002B7658 /* Model.xcdatamodel */ = {isa = PBXFileReference; lastKnownFileType = wrapper.xcdatamodel; path = Model.xcdatamodel; sourceTree = "<group>"; };
		A3CFEEDB15DFE8EB00962465 /* closebutton.png */ = {isa = PBXFileReference; lastKnownFileType = image.png; path = closebutton.png; sourceTree = "<group>"; };
		A3D5EB9915BA24060019FBAF /* ShareKit.xcodeproj */ = {isa = PBXFileReference; lastKnownFileType = "wrapper.pb-project"; name = ShareKit.xcodeproj; path = ../Submodules/ShareKit/ShareKit.xcodeproj; sourceTree = "<group>"; };
		A3D61A3115882EA300ACE780 /* PlayerInfoViewController.xib */ = {isa = PBXFileReference; fileEncoding = 4; lastKnownFileType = file.xib; name = PlayerInfoViewController.xib; path = ../../Resources/PlayerInfoViewController.xib; sourceTree = "<group>"; };
		A3DDD0A61533EFEF00DB5E1F /* smalldownarrow.png */ = {isa = PBXFileReference; lastKnownFileType = image.png; path = smalldownarrow.png; sourceTree = "<group>"; };
		A3E3D7CB15DDDAA000EBF087 /* PlayerViewController.h */ = {isa = PBXFileReference; fileEncoding = 4; lastKnownFileType = sourcecode.c.h; name = PlayerViewController.h; path = Classes/Player/PlayerViewController.h; sourceTree = SOURCE_ROOT; };
		A3E3D7CC15DDDAA000EBF087 /* PlayerViewController.m */ = {isa = PBXFileReference; fileEncoding = 4; lastKnownFileType = sourcecode.c.objc; name = PlayerViewController.m; path = Classes/Player/PlayerViewController.m; sourceTree = SOURCE_ROOT; };
		A3E3D7CD15DDDAA000EBF087 /* PlayerViewController.xib */ = {isa = PBXFileReference; fileEncoding = 4; lastKnownFileType = file.xib; name = PlayerViewController.xib; path = Classes/Player/PlayerViewController.xib; sourceTree = SOURCE_ROOT; };
		A3E4D1821574570A0032CF8B /* MessageUI.framework */ = {isa = PBXFileReference; lastKnownFileType = wrapper.framework; name = MessageUI.framework; path = System/Library/Frameworks/MessageUI.framework; sourceTree = SDKROOT; };
		A3E4D184157457260032CF8B /* Twitter.framework */ = {isa = PBXFileReference; lastKnownFileType = wrapper.framework; name = Twitter.framework; path = System/Library/Frameworks/Twitter.framework; sourceTree = SDKROOT; };
		A3E70CDB159BF7E00037A60B /* blackground.png */ = {isa = PBXFileReference; lastKnownFileType = image.png; path = blackground.png; sourceTree = "<group>"; };
		A3EECC0015994ED30003BEF8 /* PlayerInfoViewController.h */ = {isa = PBXFileReference; fileEncoding = 4; lastKnownFileType = sourcecode.c.h; name = PlayerInfoViewController.h; path = Classes/Player/PlayerInfoViewController.h; sourceTree = SOURCE_ROOT; };
		A3EECC0115994ED30003BEF8 /* PlayerInfoViewController.m */ = {isa = PBXFileReference; fileEncoding = 4; lastKnownFileType = sourcecode.c.objc; name = PlayerInfoViewController.m; path = Classes/Player/PlayerInfoViewController.m; sourceTree = SOURCE_ROOT; };
		A3F58D9314C753D300E350F4 /* UDJEventGoer.h */ = {isa = PBXFileReference; fileEncoding = 4; lastKnownFileType = sourcecode.c.h; path = UDJEventGoer.h; sourceTree = "<group>"; };
		A3F58D9414C753D300E350F4 /* UDJEventGoer.m */ = {isa = PBXFileReference; fileEncoding = 4; lastKnownFileType = sourcecode.c.objc; path = UDJEventGoer.m; sourceTree = "<group>"; };
		A3F58D9B14C75FAF00E350F4 /* EventGoerViewController.xib */ = {isa = PBXFileReference; fileEncoding = 4; lastKnownFileType = file.xib; path = EventGoerViewController.xib; sourceTree = "<group>"; };
		A3F86A6C156F03250036FBCE /* PlayerListViewController.h */ = {isa = PBXFileReference; fileEncoding = 4; lastKnownFileType = sourcecode.c.h; path = PlayerListViewController.h; sourceTree = "<group>"; };
		A3F86A6D156F03250036FBCE /* PlayerListViewController.m */ = {isa = PBXFileReference; fileEncoding = 4; lastKnownFileType = sourcecode.c.objc; path = PlayerListViewController.m; sourceTree = "<group>"; };
		A3F86A6E156F03250036FBCE /* PlayerListViewController.xib */ = {isa = PBXFileReference; fileEncoding = 4; lastKnownFileType = file.xib; name = PlayerListViewController.xib; path = ../Classes/Events/PlayerListViewController.xib; sourceTree = "<group>"; };
/* End PBXFileReference section */

/* Begin PBXFrameworksBuildPhase section */
		1D60588F0D05DD3D006BFB54 /* Frameworks */ = {
			isa = PBXFrameworksBuildPhase;
			buildActionMask = 2147483647;
			files = (
				A3A72A6415EF061400E3723C /* libRestKit.a in Frameworks */,
				A341E23015E2BC9200E92D84 /* CoreMedia.framework in Frameworks */,
				A341E22E15E2B45300E92D84 /* AVFoundation.framework in Frameworks */,
				A38DC7C715C496CF00BF9A68 /* MediaPlayer.framework in Frameworks */,
				A3D5EBB015BA243F0019FBAF /* libShareKit.a in Frameworks */,
				A3E4D185157457260032CF8B /* Twitter.framework in Frameworks */,
				A3E4D1831574570A0032CF8B /* MessageUI.framework in Frameworks */,
				A35F57F61572D477004AA5DB /* QuartzCore.framework in Frameworks */,
				A3720B3414C7514400D1E30C /* CoreFoundation.framework in Frameworks */,
				A3720B3214C7513600D1E30C /* CoreLocation.framework in Frameworks */,
				A39AF6961497D0A4006ADF19 /* libxml2.dylib in Frameworks */,
				A39AF6941497D09A006ADF19 /* SystemConfiguration.framework in Frameworks */,
				A39AF68B1497CFBC006ADF19 /* Security.framework in Frameworks */,
				A39AF6921497D081006ADF19 /* MobileCoreServices.framework in Frameworks */,
				A39AF6901497D079006ADF19 /* CoreData.framework in Frameworks */,
				A39AF68E1497D072006ADF19 /* CFNetwork.framework in Frameworks */,
				1D60589F0D05DD5A006BFB54 /* Foundation.framework in Frameworks */,
				1DF5F4E00D08C38300B7A737 /* UIKit.framework in Frameworks */,
				288765A50DF7441C002DB57D /* CoreGraphics.framework in Frameworks */,
			);
			runOnlyForDeploymentPostprocessing = 0;
		};
/* End PBXFrameworksBuildPhase section */

/* Begin PBXGroup section */
		080E96DDFE201D6D7F000001 /* Classes */ = {
			isa = PBXGroup;
			children = (
				A30CE2271591649200DA054D /* Connection */,
				1D3623240D0F684500981E51 /* UDJAppDelegate.h */,
				1D3623250D0F684500981E51 /* UDJAppDelegate.m */,
				A35F57F21572D25D004AA5DB /* PullRefreshTableViewController.h */,
				A35F57F31572D25D004AA5DB /* PullRefreshTableViewController.m */,
				A325E10115F165A400D54062 /* RKRequest+UDJRequest.h */,
				A325E10215F165A400D54062 /* RKRequest+UDJRequest.m */,
				A396EF1E14B558B300BCEF8F /* Library */,
				A324ABF714AAB74F00388514 /* Playlist */,
				A3F58C5514A1519F00756F7D /* Main Items */,
				A3536FB414A5219E00B5C95F /* Player List */,
				A3EECBFF15994E2F0003BEF8 /* My Player */,
				A354F04014A2CA5A00F3AAEF /* Login */,
				A3F58C5414A1517900756F7D /* Main Views */,
				A318373D1604FAB000D9FC35 /* Participants */,
				A3CFBEF1156888E8002B7658 /* Model.xcdatamodeld */,
			);
			path = Classes;
			sourceTree = "<group>";
		};
		19C28FACFE9D520D11CA2CBB /* Products */ = {
			isa = PBXGroup;
			children = (
				1D6058910D05DD3D006BFB54 /* UDJ.app */,
			);
			name = Products;
			sourceTree = "<group>";
		};
		29B97314FDCFA39411CA2CEA /* CustomTemplate */ = {
			isa = PBXGroup;
			children = (
				A341E22F15E2BC9200E92D84 /* CoreMedia.framework */,
				A341E22D15E2B45300E92D84 /* AVFoundation.framework */,
				A38DC7C615C496CF00BF9A68 /* MediaPlayer.framework */,
				A3D5EB9915BA24060019FBAF /* ShareKit.xcodeproj */,
				A3A72A4D15EF056900E3723C /* RestKit.xcodeproj */,
				A35F57F71572D47C004AA5DB /* Frameworks */,
				080E96DDFE201D6D7F000001 /* Classes */,
				29B97315FDCFA39411CA2CEA /* Other Sources */,
				29B97317FDCFA39411CA2CEA /* Resources */,
				29B97323FDCFA39411CA2CEA /* Frameworks */,
				19C28FACFE9D520D11CA2CBB /* Products */,
			);
			name = CustomTemplate;
			sourceTree = "<group>";
		};
		29B97315FDCFA39411CA2CEA /* Other Sources */ = {
			isa = PBXGroup;
			children = (
				32CA4F630368D1EE00C91783 /* UDJ_Prefix.pch */,
				29B97316FDCFA39411CA2CEA /* main.m */,
			);
			name = "Other Sources";
			sourceTree = "<group>";
		};
		29B97317FDCFA39411CA2CEA /* Resources */ = {
			isa = PBXGroup;
			children = (
				A3C6A4751565FA2400F1E42E /* xib files */,
				A3C6A4741565FA1400F1E42E /* images */,
				A32A384614AE917600D166CF /* UDJ-Info.plist */,
			);
			path = Resources;
			sourceTree = "<group>";
		};
		29B97323FDCFA39411CA2CEA /* Frameworks */ = {
			isa = PBXGroup;
			children = (
				1DF5F4DF0D08C38300B7A737 /* UIKit.framework */,
				1D30AB110D05D00D00671497 /* Foundation.framework */,
				288765A40DF7441C002DB57D /* CoreGraphics.framework */,
			);
			name = Frameworks;
			sourceTree = "<group>";
		};
		A30CE2271591649200DA054D /* Connection */ = {
			isa = PBXGroup;
			children = (
				A3A1EE661575DE590058555A /* SHKSharersCustom.plist */,
				A3A1EE6A1575E49E0058555A /* UDJConfigurator.h */,
				A3A1EE6B1575E49E0058555A /* UDJConfigurator.m */,
			);
			name = Connection;
			sourceTree = "<group>";
		};
		A318373D1604FAB000D9FC35 /* Participants */ = {
			isa = PBXGroup;
			children = (
				A31AA6A91561CE3B0032FEAB /* UDJUser.h */,
				A31AA6AA1561CE3B0032FEAB /* UDJUser.m */,
				A31837461604FBB600D9FC35 /* ParticipantManager.h */,
				A31837471604FBB600D9FC35 /* ParticipantManager.m */,
				A31837411604FB5400D9FC35 /* ParticipantsViewController.h */,
				A31837421604FB5400D9FC35 /* ParticipantsViewController.m */,
				A31837431604FB5400D9FC35 /* ParticipantsViewController.xib */,
			);
			name = Participants;
			sourceTree = "<group>";
		};
		A324ABF714AAB74F00388514 /* Playlist */ = {
			isa = PBXGroup;
			children = (
				A33C4611148F0707009C1BC6 /* PlaylistViewController.h */,
				A33C4612148F0707009C1BC6 /* PlaylistViewController.m */,
				A3265DB114C6101400FC692B /* PlaylistEntryCell.h */,
				A3265DB214C6101400FC692B /* PlaylistEntryCell.m */,
				A324AC0314AABB8900388514 /* UDJPlaylist.h */,
				A324AC0414AABB8900388514 /* UDJPlaylist.m */,
				A324ABF414AAB74700388514 /* UDJSong.h */,
				A324ABF514AAB74700388514 /* UDJSong.m */,
				A3F58D9314C753D300E350F4 /* UDJEventGoer.h */,
				A3F58D9414C753D300E350F4 /* UDJEventGoer.m */,
				A35EEE1C15E194D7008CB29B /* UDJPlaylistDelegate.h */,
			);
			path = Playlist;
			sourceTree = "<group>";
		};
		A3536FB414A5219E00B5C95F /* Player List */ = {
			isa = PBXGroup;
			children = (
				A3536FB114A5218F00B5C95F /* UDJPlayer.h */,
				A3536FB214A5218F00B5C95F /* UDJPlayer.m */,
				A3C608F8151E3593004AB623 /* PlayerCell.h */,
				A3C608F9151E3593004AB623 /* PlayerCell.m */,
				A374BDFF14A2EF36001A0DE0 /* UDJPlayerData.h */,
				A374BE0014A2EF36001A0DE0 /* UDJPlayerData.m */,
				A3F86A6C156F03250036FBCE /* PlayerListViewController.h */,
				A3F86A6D156F03250036FBCE /* PlayerListViewController.m */,
			);
			name = "Player List";
			path = Events;
			sourceTree = "<group>";
		};
		A354F04014A2CA5A00F3AAEF /* Login */ = {
			isa = PBXGroup;
			children = (
				28D7ACF60DDB3853001CB0EB /* UDJViewController.h */,
				28D7ACF70DDB3853001CB0EB /* UDJViewController.m */,
				A3CFBEEE15688811002B7658 /* KeychainItemWrapper.h */,
				A3CFBEEF15688811002B7658 /* KeychainItemWrapper.m */,
				A3A2B36E156DD6C600C4FF90 /* UDJStoredData.h */,
				A3A2B36F156DD6C600C4FF90 /* UDJStoredData.m */,
			);
			path = Login;
			sourceTree = "<group>";
		};
		A35F57F71572D47C004AA5DB /* Frameworks */ = {
			isa = PBXGroup;
			children = (
				A3E4D184157457260032CF8B /* Twitter.framework */,
				A3E4D1821574570A0032CF8B /* MessageUI.framework */,
				A35F57F51572D477004AA5DB /* QuartzCore.framework */,
				A3720B3314C7514400D1E30C /* CoreFoundation.framework */,
				A3720B3114C7513600D1E30C /* CoreLocation.framework */,
				A39AF6951497D0A4006ADF19 /* libxml2.dylib */,
				A39AF6931497D09A006ADF19 /* SystemConfiguration.framework */,
				A39AF6911497D081006ADF19 /* MobileCoreServices.framework */,
				A39AF68F1497D079006ADF19 /* CoreData.framework */,
				A39AF68D1497D072006ADF19 /* CFNetwork.framework */,
				A39AF68A1497CFBC006ADF19 /* Security.framework */,
			);
			name = Frameworks;
			sourceTree = "<group>";
		};
		A396EF1E14B558B300BCEF8F /* Library */ = {
			isa = PBXGroup;
			children = (
				A37BBF3C15670A1500251CC8 /* ArtistsViewController.h */,
				A37BBF3D15670A1500251CC8 /* ArtistsViewController.m */,
				A3C7A43F156714F20085150A /* SongListViewController.h */,
				A3C7A440156714F20085150A /* SongListViewController.m */,
				A3C6A46F1565F9FA00F1E42E /* RandomViewController.h */,
				A3C6A4701565F9FA00F1E42E /* RandomViewController.m */,
				A3CF872D14B8F8F000A9F829 /* UDJSongList.h */,
				A3CF872E14B8F8F000A9F829 /* UDJSongList.m */,
				A39A0C8914C4ADDF008A6D54 /* LibraryEntryCell.h */,
				A39A0C8A14C4ADDF008A6D54 /* LibraryEntryCell.m */,
			);
			path = Library;
			sourceTree = "<group>";
		};
		A3A72A4E15EF056900E3723C /* Products */ = {
			isa = PBXGroup;
			children = (
				A3A72A5915EF056900E3723C /* libRestKit.a */,
				A3A72A5B15EF056900E3723C /* RestKitTests.octest */,
				A3A72A5D15EF056900E3723C /* RestKit.framework */,
				A3A72A5F15EF056900E3723C /* RestKitFrameworkTests.octest */,
				A3A72A6115EF056900E3723C /* RestKitResources.bundle */,
			);
			name = Products;
			sourceTree = "<group>";
		};
		A3C6A4741565FA1400F1E42E /* images */ = {
			isa = PBXGroup;
			children = (
				A3680CAD160E8B4200ED0509 /* playericon.png */,
				A3680CAB16067D2700ED0509 /* participanticon.png */,
				A325E0FC15F13D9600D54062 /* donebutton.png */,
				A325E0FA15F13C1100D54062 /* edit.png */,
				A3CFEEDB15DFE8EB00962465 /* closebutton.png */,
				A331096D15DED3B6003D2AD3 /* playerinfobutton.png */,
				A34FA21C15C22E120022EF46 /* Default.png */,
				A34FA21D15C22E120022EF46 /* Default@2x.png */,
				A34FA21A15C22D540022EF46 /* plus.png */,
				A3E70CDB159BF7E00037A60B /* blackground.png */,
				A30CE22D15916C0500DA054D /* underline.png */,
				A302C4111593F52A008B3793 /* cancel.png */,
				A30CE22B1591695800DA054D /* backg.png */,
				A35F57F81572DD04004AA5DB /* arrow.png */,
				A32BEEA0157163A1005B573B /* nearbybutton.png */,
				A3CFBEEC1568730A002B7658 /* pausetoggle.png */,
				A3CFBEEA156865B7002B7658 /* controls.png */,
				A3CFBEE815685DA5002B7658 /* playtoggle.png */,
				A33EE1E015684B7D00D49B85 /* playing.png */,
				A37BBF3A1567085000251CC8 /* playersbutton.png */,
				A3C22D5A1566D9EA0066B9F8 /* playingbar.png */,
				A3C22D581566D8510066B9F8 /* randomicon.png */,
				A3C22D561566D62E0066B9F8 /* libraryicon.png */,
				A3C22D541566D4D50066B9F8 /* playlisticon.png */,
				A3C6A47B1566017A00F1E42E /* artists.png */,
				A3C6A4691565E6FF00F1E42E /* darknavbar.png */,
				A31A9B6215608C0B005268C0 /* separator.png */,
				A3DDD0A61533EFEF00DB5E1F /* smalldownarrow.png */,
				A3210D8E15328763009A9318 /* smalluparrow.png */,
				A3495613151EF3D800AAEF7E /* refresh.png */,
				A35D3DEF14F985460007B374 /* votedown.png */,
				A35D3DF014F985460007B374 /* voteup.png */,
				A341B92814F86C61001892C5 /* addbutton.png */,
				A34796A414F85AE0001DEE15 /* default.jpg */,
				A38B629F14C736C70088640D /* udjlauncher.png */,
			);
			name = images;
			sourceTree = "<group>";
		};
		A3C6A4751565FA2400F1E42E /* xib files */ = {
			isa = PBXGroup;
			children = (
				A3B1ABB7157E759B008498EC /* MainWindow.xib */,
				A3F86A6E156F03250036FBCE /* PlayerListViewController.xib */,
				A3C7A441156714F20085150A /* SongListViewController.xib */,
				A37BBF3E15670A1500251CC8 /* ArtistsViewController.xib */,
				A3C6A4711565F9FA00F1E42E /* RandomViewController.xib */,
				A3360BCE14F5E14F00541726 /* NewPlaylistViewController.xib */,
				2899E5210DE3E06400AC0155 /* UDJViewController.xib */,
				A3F58D9B14C75FAF00E350F4 /* EventGoerViewController.xib */,
				A3028B851564A2AE00EF6EE8 /* MainTabBarController.xib */,
			);
			name = "xib files";
			sourceTree = "<group>";
		};
		A3D5EB9A15BA24060019FBAF /* Products */ = {
			isa = PBXGroup;
			children = (
				A3D5EBA515BA24060019FBAF /* ShareKitDemo.app */,
				A3D5EBA715BA24060019FBAF /* libShareKit.a */,
				A3D5EBA915BA24060019FBAF /* ShareKit.bundle */,
				A3D5EBAB15BA24060019FBAF /* libShareKitNoSubmodules.a */,
			);
			name = Products;
			sourceTree = "<group>";
		};
		A3EECBFF15994E2F0003BEF8 /* My Player */ = {
			isa = PBXGroup;
			children = (
				A3E3D7CB15DDDAA000EBF087 /* PlayerViewController.h */,
				A3E3D7CC15DDDAA000EBF087 /* PlayerViewController.m */,
				A3E3D7CD15DDDAA000EBF087 /* PlayerViewController.xib */,
				A3EECC0015994ED30003BEF8 /* PlayerInfoViewController.h */,
				A3EECC0115994ED30003BEF8 /* PlayerInfoViewController.m */,
				A3D61A3115882EA300ACE780 /* PlayerInfoViewController.xib */,
				A325E0FE15F1640900D54062 /* UDJPlayerInfoManager.h */,
				A325E0FF15F1640900D54062 /* UDJPlayerInfoManager.m */,
				A38DC7C315C4928700BF9A68 /* UDJPlayerManager.h */,
				A38DC7C415C4928700BF9A68 /* UDJPlayerManager.m */,
				A3443FC315C78D73005A6A67 /* UDJStoredLibraryEntry.h */,
				A3443FC415C78D73005A6A67 /* UDJStoredLibraryEntry.m */,
				A36CF96015BF87DC0032AF31 /* UDJStoredPlayer.h */,
				A36CF96115BF87DC0032AF31 /* UDJStoredPlayer.m */,
			);
			name = "My Player";
			path = Events;
			sourceTree = "<group>";
		};
		A3F58C5414A1517900756F7D /* Main Views */ = {
			isa = PBXGroup;
			children = (
				A3028B831564A2AE00EF6EE8 /* MainTabBarController.h */,
				A3028B841564A2AE00EF6EE8 /* MainTabBarController.m */,
			);
			path = "Main Views";
			sourceTree = "<group>";
		};
		A3F58C5514A1519F00756F7D /* Main Items */ = {
			isa = PBXGroup;
			children = (
				A3720B2E14C74FE800D1E30C /* LocationManager.h */,
				A3720B2F14C74FE800D1E30C /* LocationManager.m */,
				A35E3E981516680100A2882D /* UDJData.h */,
				A35E3E991516680100A2882D /* UDJData.m */,
			);
			path = "Main Items";
			sourceTree = "<group>";
		};
/* End PBXGroup section */

/* Begin PBXNativeTarget section */
		1D6058900D05DD3D006BFB54 /* UDJ */ = {
			isa = PBXNativeTarget;
			buildConfigurationList = 1D6058960D05DD3E006BFB54 /* Build configuration list for PBXNativeTarget "UDJ" */;
			buildPhases = (
				1D60588D0D05DD3D006BFB54 /* Resources */,
				1D60588E0D05DD3D006BFB54 /* Sources */,
				1D60588F0D05DD3D006BFB54 /* Frameworks */,
			);
			buildRules = (
			);
			dependencies = (
				A3A72A6315EF05DA00E3723C /* PBXTargetDependency */,
				A3D5EBAD15BA242F0019FBAF /* PBXTargetDependency */,
				A3D5EBAF15BA242F0019FBAF /* PBXTargetDependency */,
			);
			name = UDJ;
			productName = UDJ;
			productReference = 1D6058910D05DD3D006BFB54 /* UDJ.app */;
			productType = "com.apple.product-type.application";
		};
/* End PBXNativeTarget section */

/* Begin PBXProject section */
		29B97313FDCFA39411CA2CEA /* Project object */ = {
			isa = PBXProject;
			attributes = {
				LastUpgradeCheck = 0430;
			};
			buildConfigurationList = C01FCF4E08A954540054247B /* Build configuration list for PBXProject "UDJ" */;
			compatibilityVersion = "Xcode 3.2";
			developmentRegion = English;
			hasScannedForEncodings = 1;
			knownRegions = (
				English,
				Japanese,
				French,
				German,
			);
			mainGroup = 29B97314FDCFA39411CA2CEA /* CustomTemplate */;
			projectDirPath = "";
			projectReferences = (
				{
					ProductGroup = A3A72A4E15EF056900E3723C /* Products */;
					ProjectRef = A3A72A4D15EF056900E3723C /* RestKit.xcodeproj */;
				},
				{
					ProductGroup = A3D5EB9A15BA24060019FBAF /* Products */;
					ProjectRef = A3D5EB9915BA24060019FBAF /* ShareKit.xcodeproj */;
				},
			);
			projectRoot = "";
			targets = (
				1D6058900D05DD3D006BFB54 /* UDJ */,
			);
		};
/* End PBXProject section */

/* Begin PBXReferenceProxy section */
		A3A72A5915EF056900E3723C /* libRestKit.a */ = {
			isa = PBXReferenceProxy;
			fileType = archive.ar;
			path = libRestKit.a;
			remoteRef = A3A72A5815EF056900E3723C /* PBXContainerItemProxy */;
			sourceTree = BUILT_PRODUCTS_DIR;
		};
		A3A72A5B15EF056900E3723C /* RestKitTests.octest */ = {
			isa = PBXReferenceProxy;
			fileType = wrapper.cfbundle;
			path = RestKitTests.octest;
			remoteRef = A3A72A5A15EF056900E3723C /* PBXContainerItemProxy */;
			sourceTree = BUILT_PRODUCTS_DIR;
		};
		A3A72A5D15EF056900E3723C /* RestKit.framework */ = {
			isa = PBXReferenceProxy;
			fileType = wrapper.framework;
			path = RestKit.framework;
			remoteRef = A3A72A5C15EF056900E3723C /* PBXContainerItemProxy */;
			sourceTree = BUILT_PRODUCTS_DIR;
		};
		A3A72A5F15EF056900E3723C /* RestKitFrameworkTests.octest */ = {
			isa = PBXReferenceProxy;
			fileType = wrapper.cfbundle;
			path = RestKitFrameworkTests.octest;
			remoteRef = A3A72A5E15EF056900E3723C /* PBXContainerItemProxy */;
			sourceTree = BUILT_PRODUCTS_DIR;
		};
		A3A72A6115EF056900E3723C /* RestKitResources.bundle */ = {
			isa = PBXReferenceProxy;
			fileType = wrapper.cfbundle;
			path = RestKitResources.bundle;
			remoteRef = A3A72A6015EF056900E3723C /* PBXContainerItemProxy */;
			sourceTree = BUILT_PRODUCTS_DIR;
		};
		A3D5EBA515BA24060019FBAF /* ShareKitDemo.app */ = {
			isa = PBXReferenceProxy;
			fileType = wrapper.application;
			path = ShareKitDemo.app;
			remoteRef = A3D5EBA415BA24060019FBAF /* PBXContainerItemProxy */;
			sourceTree = BUILT_PRODUCTS_DIR;
		};
		A3D5EBA715BA24060019FBAF /* libShareKit.a */ = {
			isa = PBXReferenceProxy;
			fileType = archive.ar;
			path = libShareKit.a;
			remoteRef = A3D5EBA615BA24060019FBAF /* PBXContainerItemProxy */;
			sourceTree = BUILT_PRODUCTS_DIR;
		};
		A3D5EBA915BA24060019FBAF /* ShareKit.bundle */ = {
			isa = PBXReferenceProxy;
			fileType = wrapper.cfbundle;
			path = ShareKit.bundle;
			remoteRef = A3D5EBA815BA24060019FBAF /* PBXContainerItemProxy */;
			sourceTree = BUILT_PRODUCTS_DIR;
		};
		A3D5EBAB15BA24060019FBAF /* libShareKitNoSubmodules.a */ = {
			isa = PBXReferenceProxy;
			fileType = archive.ar;
			path = libShareKitNoSubmodules.a;
			remoteRef = A3D5EBAA15BA24060019FBAF /* PBXContainerItemProxy */;
			sourceTree = BUILT_PRODUCTS_DIR;
		};
/* End PBXReferenceProxy section */

/* Begin PBXResourcesBuildPhase section */
		1D60588D0D05DD3D006BFB54 /* Resources */ = {
			isa = PBXResourcesBuildPhase;
			buildActionMask = 2147483647;
			files = (
				2899E5220DE3E06400AC0155 /* UDJViewController.xib in Resources */,
				A38B62A014C736C70088640D /* udjlauncher.png in Resources */,
				A3F58D9C14C75FAF00E350F4 /* EventGoerViewController.xib in Resources */,
				A3360BCF14F5E14F00541726 /* NewPlaylistViewController.xib in Resources */,
				A34796A514F85AE0001DEE15 /* default.jpg in Resources */,
				A341B92914F86C61001892C5 /* addbutton.png in Resources */,
				A35D3DF114F985460007B374 /* votedown.png in Resources */,
				A35D3DF214F985460007B374 /* voteup.png in Resources */,
				A3495614151EF3D800AAEF7E /* refresh.png in Resources */,
				A3210D8F15328763009A9318 /* smalluparrow.png in Resources */,
				A3DDD0A71533EFEF00DB5E1F /* smalldownarrow.png in Resources */,
				A31A9B6315608C0B005268C0 /* separator.png in Resources */,
				A3028B871564A2AE00EF6EE8 /* MainTabBarController.xib in Resources */,
				A3C6A46A1565E6FF00F1E42E /* darknavbar.png in Resources */,
				A3C6A4731565F9FA00F1E42E /* RandomViewController.xib in Resources */,
				A3C6A47C1566017A00F1E42E /* artists.png in Resources */,
				A3C22D551566D4D50066B9F8 /* playlisticon.png in Resources */,
				A3C22D571566D62E0066B9F8 /* libraryicon.png in Resources */,
				A3C22D591566D8510066B9F8 /* randomicon.png in Resources */,
				A3C22D5B1566D9EA0066B9F8 /* playingbar.png in Resources */,
				A37BBF3B1567085000251CC8 /* playersbutton.png in Resources */,
				A37BBF4015670A1500251CC8 /* ArtistsViewController.xib in Resources */,
				A3C7A443156714F20085150A /* SongListViewController.xib in Resources */,
				A33EE1E115684B7D00D49B85 /* playing.png in Resources */,
				A3CFBEE915685DA5002B7658 /* playtoggle.png in Resources */,
				A3CFBEEB156865B7002B7658 /* controls.png in Resources */,
				A3CFBEED1568730A002B7658 /* pausetoggle.png in Resources */,
				A3F86A70156F03250036FBCE /* PlayerListViewController.xib in Resources */,
				A32BEEA1157163A1005B573B /* nearbybutton.png in Resources */,
				A35F57F91572DD04004AA5DB /* arrow.png in Resources */,
				A3B1ABB8157E759B008498EC /* MainWindow.xib in Resources */,
				A3D61A3215882EA300ACE780 /* PlayerInfoViewController.xib in Resources */,
				A30CE22C1591695800DA054D /* backg.png in Resources */,
				A30CE22E15916C0500DA054D /* underline.png in Resources */,
				A302C4121593F52A008B3793 /* cancel.png in Resources */,
				A3E70CDC159BF7E00037A60B /* blackground.png in Resources */,
				A3D5EBB115BA24B40019FBAF /* ShareKit.bundle in Resources */,
				A34FA21B15C22D540022EF46 /* plus.png in Resources */,
				A34FA21E15C22E120022EF46 /* Default.png in Resources */,
				A34FA21F15C22E120022EF46 /* Default@2x.png in Resources */,
				A3E3D7CF15DDDAA000EBF087 /* PlayerViewController.xib in Resources */,
				A331096E15DED3B6003D2AD3 /* playerinfobutton.png in Resources */,
				A3CFEEDC15DFE8EB00962465 /* closebutton.png in Resources */,
				A325E0FB15F13C1100D54062 /* edit.png in Resources */,
				A325E0FD15F13D9600D54062 /* donebutton.png in Resources */,
				A31837451604FB5400D9FC35 /* ParticipantsViewController.xib in Resources */,
				A3680CAC16067D2700ED0509 /* participanticon.png in Resources */,
				A3680CAE160E8B4200ED0509 /* playericon.png in Resources */,
			);
			runOnlyForDeploymentPostprocessing = 0;
		};
/* End PBXResourcesBuildPhase section */

/* Begin PBXSourcesBuildPhase section */
		1D60588E0D05DD3D006BFB54 /* Sources */ = {
			isa = PBXSourcesBuildPhase;
			buildActionMask = 2147483647;
			files = (
				1D60589B0D05DD56006BFB54 /* main.m in Sources */,
				1D3623260D0F684500981E51 /* UDJAppDelegate.m in Sources */,
				28D7ACF80DDB3853001CB0EB /* UDJViewController.m in Sources */,
				A33C4614148F0707009C1BC6 /* PlaylistViewController.m in Sources */,
				A374BE0114A2EF36001A0DE0 /* UDJPlayerData.m in Sources */,
				A3536FB314A5218F00B5C95F /* UDJPlayer.m in Sources */,
				A324ABF614AAB74700388514 /* UDJSong.m in Sources */,
				A324AC0514AABB8900388514 /* UDJPlaylist.m in Sources */,
				A3CF872F14B8F8F000A9F829 /* UDJSongList.m in Sources */,
				A39A0C8B14C4ADDF008A6D54 /* LibraryEntryCell.m in Sources */,
				A3265DB314C6101400FC692B /* PlaylistEntryCell.m in Sources */,
				A3720B3014C74FE800D1E30C /* LocationManager.m in Sources */,
				A3F58D9514C753D300E350F4 /* UDJEventGoer.m in Sources */,
				A35E3E9A1516680100A2882D /* UDJData.m in Sources */,
				A3C608FA151E3593004AB623 /* PlayerCell.m in Sources */,
				A31AA6AB1561CE3B0032FEAB /* UDJUser.m in Sources */,
				A3028B861564A2AE00EF6EE8 /* MainTabBarController.m in Sources */,
				A3C6A4721565F9FA00F1E42E /* RandomViewController.m in Sources */,
				A37BBF3F15670A1500251CC8 /* ArtistsViewController.m in Sources */,
				A3C7A442156714F20085150A /* SongListViewController.m in Sources */,
				A3CFBEF015688811002B7658 /* KeychainItemWrapper.m in Sources */,
				A3CFBEF3156888E8002B7658 /* Model.xcdatamodeld in Sources */,
				A3A2B370156DD6C600C4FF90 /* UDJStoredData.m in Sources */,
				A3F86A6F156F03250036FBCE /* PlayerListViewController.m in Sources */,
				A35F57F41572D25D004AA5DB /* PullRefreshTableViewController.m in Sources */,
				A3A1EE6C1575E49E0058555A /* UDJConfigurator.m in Sources */,
				A3EECC0215994ED30003BEF8 /* PlayerInfoViewController.m in Sources */,
				A36CF96215BF87DC0032AF31 /* UDJStoredPlayer.m in Sources */,
				A38DC7C515C4928700BF9A68 /* UDJPlayerManager.m in Sources */,
				A3443FC515C78D73005A6A67 /* UDJStoredLibraryEntry.m in Sources */,
				A3E3D7CE15DDDAA000EBF087 /* PlayerViewController.m in Sources */,
				A325E10015F1640900D54062 /* UDJPlayerInfoManager.m in Sources */,
				A325E10315F165A400D54062 /* RKRequest+UDJRequest.m in Sources */,
				A31837441604FB5400D9FC35 /* ParticipantsViewController.m in Sources */,
				A31837481604FBB600D9FC35 /* ParticipantManager.m in Sources */,
			);
			runOnlyForDeploymentPostprocessing = 0;
		};
/* End PBXSourcesBuildPhase section */

/* Begin PBXTargetDependency section */
		A3A72A6315EF05DA00E3723C /* PBXTargetDependency */ = {
			isa = PBXTargetDependency;
			name = RestKit;
			targetProxy = A3A72A6215EF05DA00E3723C /* PBXContainerItemProxy */;
		};
		A3D5EBAD15BA242F0019FBAF /* PBXTargetDependency */ = {
			isa = PBXTargetDependency;
			name = "Static Library";
			targetProxy = A3D5EBAC15BA242F0019FBAF /* PBXContainerItemProxy */;
		};
		A3D5EBAF15BA242F0019FBAF /* PBXTargetDependency */ = {
			isa = PBXTargetDependency;
			name = "Resource Bundle";
			targetProxy = A3D5EBAE15BA242F0019FBAF /* PBXContainerItemProxy */;
		};
/* End PBXTargetDependency section */

/* Begin XCBuildConfiguration section */
		1D6058940D05DD3E006BFB54 /* Debug */ = {
			isa = XCBuildConfiguration;
			buildSettings = {
				ALWAYS_SEARCH_USER_PATHS = YES;
				CLANG_ENABLE_OBJC_ARC = YES;
				COPY_PHASE_STRIP = NO;
				GCC_DYNAMIC_NO_PIC = NO;
				GCC_OPTIMIZATION_LEVEL = 0;
				GCC_PRECOMPILE_PREFIX_HEADER = YES;
				GCC_PREFIX_HEADER = UDJ_Prefix.pch;
				GCC_VERSION = com.apple.compilers.llvm.clang.1_0;
				HEADER_SEARCH_PATHS = (
					"\"$(SOURCE_ROOT)/RestKit/Build\"/**",
					"ShareKit/**",
					"/Users/mattgraf/sandbox/UDJ/RestKit/**/**",
					..,
					"../Submodules/ShareKit/**/**",
					"/Users/mattgraf/sandbox/UDJ/Submodules/ShareKit/**/**",
					"../**/**",
					"/../**/**",
					"\"$(SOURCE_ROOT)/RestKit/\"/**",
					"\"$(BUILT_PRODUCTS_DIR)/../../Headers\"/**",
				);
				INFOPLIST_FILE = "UDJ-Info.plist";
				IPHONEOS_DEPLOYMENT_TARGET = 5.0;
				OTHER_LDFLAGS = (
					"-all_load",
					"-ObjC",
				);
				PRODUCT_NAME = UDJ;
				TARGETED_DEVICE_FAMILY = 1;
				USER_HEADER_SEARCH_PATHS = "../Submodules/ShareKit/** $(BUILT_PRODUCTS_DIR)/** RestKit/**/** \"$(SOURCE_ROOT)/RestKit/Build\"/** \"$(SOURCE_ROOT)/**/** $(BUILT_PRODUCTS_DIR)/**";
			};
			name = Debug;
		};
		1D6058950D05DD3E006BFB54 /* Release */ = {
			isa = XCBuildConfiguration;
			buildSettings = {
				ALWAYS_SEARCH_USER_PATHS = YES;
				CLANG_ENABLE_OBJC_ARC = YES;
				"CODE_SIGN_IDENTITY[sdk=iphoneos*]" = "iPhone Developer: Kurtis Nusbaum (M4UE32J8NM)";
				COPY_PHASE_STRIP = YES;
				GCC_PRECOMPILE_PREFIX_HEADER = YES;
				GCC_PREFIX_HEADER = UDJ_Prefix.pch;
				GCC_VERSION = com.apple.compilers.llvm.clang.1_0;
				HEADER_SEARCH_PATHS = (
					"\"$(SOURCE_ROOT)/RestKit/Build\"/**",
					"ShareKit/**",
					"/Users/mattgraf/sandbox/UDJ/RestKit/**/**",
					..,
					"../Submodules/ShareKit/**/**",
					"/Users/mattgraf/sandbox/UDJ/Submodules/ShareKit/**/**",
					"../**/**",
					"/../**/**",
					"\"$(SOURCE_ROOT)/RestKit/\"/**",
					"\"$(BUILT_PRODUCTS_DIR)/../../Headers\"/**",
				);
				INFOPLIST_FILE = "UDJ-Info.plist";
				IPHONEOS_DEPLOYMENT_TARGET = 5.0;
				OTHER_LDFLAGS = (
					"-all_load",
					"-ObjC",
				);
				PRODUCT_NAME = UDJ;
				"PROVISIONING_PROFILE[sdk=iphoneos*]" = "8B6E135E-7E47-4E6D-B5F9-EA5F8758B2EC";
				SKIP_INSTALL = NO;
				TARGETED_DEVICE_FAMILY = 1;
				USER_HEADER_SEARCH_PATHS = "../Submodules/ShareKit/** $(BUILT_PRODUCTS_DIR)/** RestKit/**/** \"$(SOURCE_ROOT)/RestKit/Build\"/** \"$(SOURCE_ROOT)/**/** $(BUILT_PRODUCTS_DIR)/**";
				VALIDATE_PRODUCT = YES;
			};
			name = Release;
		};
		A3FA511514FF26EF004169C2 /* Distribution */ = {
			isa = XCBuildConfiguration;
			buildSettings = {
				ARCHS = "$(ARCHS_STANDARD_32_BIT)";
				CODE_SIGN_IDENTITY = "iPhone Distribution: Kurtis Nusbaum";
				"CODE_SIGN_IDENTITY[sdk=iphoneos*]" = "iPhone Distribution: Kurtis Nusbaum";
				GCC_C_LANGUAGE_STANDARD = c99;
				GCC_WARN_ABOUT_RETURN_TYPE = YES;
				GCC_WARN_UNUSED_VARIABLE = YES;
				IPHONEOS_DEPLOYMENT_TARGET = 5.0;
				OTHER_CFLAGS = "-DNS_BLOCK_ASSERTIONS=1";
				PROVISIONING_PROFILE = "0D88DA8D-C513-43A2-A81C-D71FBF6AEB31";
				"PROVISIONING_PROFILE[sdk=iphoneos*]" = "0D88DA8D-C513-43A2-A81C-D71FBF6AEB31";
				SDKROOT = iphoneos;
			};
			name = Distribution;
		};
		A3FA511614FF26EF004169C2 /* Distribution */ = {
			isa = XCBuildConfiguration;
			buildSettings = {
				ALWAYS_SEARCH_USER_PATHS = YES;
				CLANG_ENABLE_OBJC_ARC = YES;
				"CODE_SIGN_IDENTITY[sdk=iphoneos*]" = "iPhone Developer: Kurtis Nusbaum (M4UE32J8NM)";
				COPY_PHASE_STRIP = YES;
				GCC_PRECOMPILE_PREFIX_HEADER = YES;
				GCC_PREFIX_HEADER = UDJ_Prefix.pch;
				GCC_VERSION = com.apple.compilers.llvm.clang.1_0;
				HEADER_SEARCH_PATHS = (
					"\"$(SOURCE_ROOT)/RestKit/Build\"/**",
					"ShareKit/**",
					"/Users/mattgraf/sandbox/UDJ/RestKit/**/**",
					..,
					"../Submodules/ShareKit/**/**",
					"/Users/mattgraf/sandbox/UDJ/Submodules/ShareKit/**/**",
					"../**/**",
					"/../**/**",
					"\"$(SOURCE_ROOT)/RestKit/\"/**",
					"\"$(BUILT_PRODUCTS_DIR)/../../Headers\"/**",
				);
				INFOPLIST_FILE = "UDJ-Info.plist";
				IPHONEOS_DEPLOYMENT_TARGET = 5.0;
				OTHER_LDFLAGS = (
					"-all_load",
					"-ObjC",
				);
				PRODUCT_NAME = UDJ;
				"PROVISIONING_PROFILE[sdk=iphoneos*]" = "8B6E135E-7E47-4E6D-B5F9-EA5F8758B2EC";
				TARGETED_DEVICE_FAMILY = 1;
				USER_HEADER_SEARCH_PATHS = "../Submodules/ShareKit/** $(BUILT_PRODUCTS_DIR)/** RestKit/**/** \"$(SOURCE_ROOT)/RestKit/Build\"/** \"$(SOURCE_ROOT)/**/** $(BUILT_PRODUCTS_DIR)/**";
				VALIDATE_PRODUCT = YES;
			};
			name = Distribution;
		};
		C01FCF4F08A954540054247B /* Debug */ = {
			isa = XCBuildConfiguration;
			buildSettings = {
				ARCHS = "$(ARCHS_STANDARD_32_BIT)";
				CODE_SIGN_IDENTITY = "iPhone Developer: Kurtis Nusbaum (M4UE32J8NM)";
				"CODE_SIGN_IDENTITY[sdk=iphoneos*]" = "iPhone Developer";
				GCC_C_LANGUAGE_STANDARD = c99;
				GCC_WARN_ABOUT_RETURN_TYPE = YES;
				GCC_WARN_UNUSED_VARIABLE = YES;
				IPHONEOS_DEPLOYMENT_TARGET = 5.0;
				PROVISIONING_PROFILE = "8B6E135E-7E47-4E6D-B5F9-EA5F8758B2EC";
				"PROVISIONING_PROFILE[sdk=iphoneos*]" = "";
				SDKROOT = iphoneos;
			};
			name = Debug;
		};
		C01FCF5008A954540054247B /* Release */ = {
			isa = XCBuildConfiguration;
			buildSettings = {
				ARCHS = "$(ARCHS_STANDARD_32_BIT)";
				CODE_SIGN_IDENTITY = "iPhone Distribution: Kurtis Nusbaum";
				"CODE_SIGN_IDENTITY[sdk=iphoneos*]" = "iPhone Distribution: Kurtis Nusbaum";
				GCC_C_LANGUAGE_STANDARD = c99;
				GCC_WARN_ABOUT_RETURN_TYPE = YES;
				GCC_WARN_UNUSED_VARIABLE = YES;
				IPHONEOS_DEPLOYMENT_TARGET = 5.0;
				OTHER_CFLAGS = "-DNS_BLOCK_ASSERTIONS=1";
				PROVISIONING_PROFILE = "0D88DA8D-C513-43A2-A81C-D71FBF6AEB31";
				"PROVISIONING_PROFILE[sdk=iphoneos*]" = "0D88DA8D-C513-43A2-A81C-D71FBF6AEB31";
				SDKROOT = iphoneos;
			};
			name = Release;
		};
/* End XCBuildConfiguration section */

/* Begin XCConfigurationList section */
		1D6058960D05DD3E006BFB54 /* Build configuration list for PBXNativeTarget "UDJ" */ = {
			isa = XCConfigurationList;
			buildConfigurations = (
				1D6058940D05DD3E006BFB54 /* Debug */,
				1D6058950D05DD3E006BFB54 /* Release */,
				A3FA511614FF26EF004169C2 /* Distribution */,
			);
			defaultConfigurationIsVisible = 0;
			defaultConfigurationName = Release;
		};
		C01FCF4E08A954540054247B /* Build configuration list for PBXProject "UDJ" */ = {
			isa = XCConfigurationList;
			buildConfigurations = (
				C01FCF4F08A954540054247B /* Debug */,
				C01FCF5008A954540054247B /* Release */,
				A3FA511514FF26EF004169C2 /* Distribution */,
			);
			defaultConfigurationIsVisible = 0;
			defaultConfigurationName = Release;
		};
/* End XCConfigurationList section */

/* Begin XCVersionGroup section */
		A3CFBEF1156888E8002B7658 /* Model.xcdatamodeld */ = {
			isa = XCVersionGroup;
			children = (
				A3CFBEF2156888E8002B7658 /* Model.xcdatamodel */,
			);
			currentVersion = A3CFBEF2156888E8002B7658 /* Model.xcdatamodel */;
			path = Model.xcdatamodeld;
			sourceTree = "<group>";
			versionGroupType = wrapper.xcdatamodel;
		};
/* End XCVersionGroup section */
	};
	rootObject = 29B97313FDCFA39411CA2CEA /* Project object */;
}
