// !$*UTF8*$!
{
	archiveVersion = 1;
	classes = {
	};
	objectVersion = 46;
	objects = {

/* Begin PBXBuildFile section */
		1D3623260D0F684500981E51 /* UDJAppDelegate.m in Sources */ = {isa = PBXBuildFile; fileRef = 1D3623250D0F684500981E51 /* UDJAppDelegate.m */; };
		1D60589B0D05DD56006BFB54 /* main.m in Sources */ = {isa = PBXBuildFile; fileRef = 29B97316FDCFA39411CA2CEA /* main.m */; };
		1D60589F0D05DD5A006BFB54 /* Foundation.framework in Frameworks */ = {isa = PBXBuildFile; fileRef = 1D30AB110D05D00D00671497 /* Foundation.framework */; };
		1DF5F4E00D08C38300B7A737 /* UIKit.framework in Frameworks */ = {isa = PBXBuildFile; fileRef = 1DF5F4DF0D08C38300B7A737 /* UIKit.framework */; };
		288765A50DF7441C002DB57D /* CoreGraphics.framework in Frameworks */ = {isa = PBXBuildFile; fileRef = 288765A40DF7441C002DB57D /* CoreGraphics.framework */; };
		2899E5220DE3E06400AC0155 /* UDJViewController.xib in Resources */ = {isa = PBXBuildFile; fileRef = 2899E5210DE3E06400AC0155 /* UDJViewController.xib */; };
		28AD733F0D9D9553002E5188 /* MainWindow.xib in Resources */ = {isa = PBXBuildFile; fileRef = 28AD733E0D9D9553002E5188 /* MainWindow.xib */; };
		28D7ACF80DDB3853001CB0EB /* UDJViewController.m in Sources */ = {isa = PBXBuildFile; fileRef = 28D7ACF70DDB3853001CB0EB /* UDJViewController.m */; };
		A324ABF614AAB74700388514 /* UDJSong.m in Sources */ = {isa = PBXBuildFile; fileRef = A324ABF514AAB74700388514 /* UDJSong.m */; };
		A324AC0514AABB8900388514 /* UDJPlaylist.m in Sources */ = {isa = PBXBuildFile; fileRef = A324AC0414AABB8900388514 /* UDJPlaylist.m */; };
		A3265DB314C6101400FC692B /* PlaylistEntryCell.m in Sources */ = {isa = PBXBuildFile; fileRef = A3265DB214C6101400FC692B /* PlaylistEntryCell.m */; };
		A32A384714AE917600D166CF /* UDJ-Info.plist in Resources */ = {isa = PBXBuildFile; fileRef = A32A384614AE917600D166CF /* UDJ-Info.plist */; };
		A3360BCF14F5E14F00541726 /* NewPlaylistViewController.xib in Resources */ = {isa = PBXBuildFile; fileRef = A3360BCE14F5E14F00541726 /* NewPlaylistViewController.xib */; };
		A33C4614148F0707009C1BC6 /* PlaylistViewController.m in Sources */ = {isa = PBXBuildFile; fileRef = A33C4612148F0707009C1BC6 /* PlaylistViewController.m */; };
		A33C4615148F0707009C1BC6 /* PlaylistViewController.xib in Resources */ = {isa = PBXBuildFile; fileRef = A33C4613148F0707009C1BC6 /* PlaylistViewController.xib */; };
		A33C461E148F11FC009C1BC6 /* LibrarySearchViewController.m in Sources */ = {isa = PBXBuildFile; fileRef = A33C461C148F11FC009C1BC6 /* LibrarySearchViewController.m */; };
		A33C461F148F11FC009C1BC6 /* LibrarySearchViewController.xib in Resources */ = {isa = PBXBuildFile; fileRef = A33C461D148F11FC009C1BC6 /* LibrarySearchViewController.xib */; };
		A341B92514F8681C001892C5 /* downarrow.png in Resources */ = {isa = PBXBuildFile; fileRef = A341B92414F8681C001892C5 /* downarrow.png */; };
		A341B92714F86824001892C5 /* uparrow.png in Resources */ = {isa = PBXBuildFile; fileRef = A341B92614F86824001892C5 /* uparrow.png */; };
		A341B92914F86C61001892C5 /* addbutton.png in Resources */ = {isa = PBXBuildFile; fileRef = A341B92814F86C61001892C5 /* addbutton.png */; };
		A34796A514F85AE0001DEE15 /* default.jpg in Resources */ = {isa = PBXBuildFile; fileRef = A34796A414F85AE0001DEE15 /* default.jpg */; };
		A34FB30314B8EB5F00BE5CE2 /* LibraryResultsController.m in Sources */ = {isa = PBXBuildFile; fileRef = A34FB30114B8EB5F00BE5CE2 /* LibraryResultsController.m */; };
		A34FB30414B8EB5F00BE5CE2 /* LibraryResultsController.xib in Resources */ = {isa = PBXBuildFile; fileRef = A34FB30214B8EB5F00BE5CE2 /* LibraryResultsController.xib */; };
		A3536FB314A5218F00B5C95F /* UDJEvent.m in Sources */ = {isa = PBXBuildFile; fileRef = A3536FB214A5218F00B5C95F /* UDJEvent.m */; };
		A36D2CC714A810230087E992 /* PartySearchViewController.m in Sources */ = {isa = PBXBuildFile; fileRef = A36D2CC514A810230087E992 /* PartySearchViewController.m */; };
		A36D2CC814A810230087E992 /* PartySearchViewController.xib in Resources */ = {isa = PBXBuildFile; fileRef = A36D2CC614A810230087E992 /* PartySearchViewController.xib */; };
		A36D2CCC14A818130087E992 /* SearchingViewController.m in Sources */ = {isa = PBXBuildFile; fileRef = A36D2CCA14A818130087E992 /* SearchingViewController.m */; };
		A36D2CCD14A818130087E992 /* SearchingViewController.xib in Resources */ = {isa = PBXBuildFile; fileRef = A36D2CCB14A818130087E992 /* SearchingViewController.xib */; };
		A3720B3014C74FE800D1E30C /* LocationManager.m in Sources */ = {isa = PBXBuildFile; fileRef = A3720B2F14C74FE800D1E30C /* LocationManager.m */; };
		A3720B3214C7513600D1E30C /* CoreLocation.framework in Frameworks */ = {isa = PBXBuildFile; fileRef = A3720B3114C7513600D1E30C /* CoreLocation.framework */; };
		A3720B3414C7514400D1E30C /* CoreFoundation.framework in Frameworks */ = {isa = PBXBuildFile; fileRef = A3720B3314C7514400D1E30C /* CoreFoundation.framework */; };
		A374BE0114A2EF36001A0DE0 /* UDJEventList.m in Sources */ = {isa = PBXBuildFile; fileRef = A374BE0014A2EF36001A0DE0 /* UDJEventList.m */; };
		A38B62A014C736C70088640D /* udjlauncher.png in Resources */ = {isa = PBXBuildFile; fileRef = A38B629F14C736C70088640D /* udjlauncher.png */; };
		A39A0C8B14C4ADDF008A6D54 /* LibraryEntryCell.m in Sources */ = {isa = PBXBuildFile; fileRef = A39A0C8A14C4ADDF008A6D54 /* LibraryEntryCell.m */; };
		A39AF6701497CB74006ADF19 /* UDJConnection.m in Sources */ = {isa = PBXBuildFile; fileRef = A39AF66F1497CB74006ADF19 /* UDJConnection.m */; };
		A39AF68B1497CFBC006ADF19 /* Security.framework in Frameworks */ = {isa = PBXBuildFile; fileRef = A39AF68A1497CFBC006ADF19 /* Security.framework */; };
		A39AF68C1497D028006ADF19 /* libRestKit.a in Frameworks */ = {isa = PBXBuildFile; fileRef = A39AF6631497C803006ADF19 /* libRestKit.a */; };
		A39AF68E1497D072006ADF19 /* CFNetwork.framework in Frameworks */ = {isa = PBXBuildFile; fileRef = A39AF68D1497D072006ADF19 /* CFNetwork.framework */; };
		A39AF6901497D079006ADF19 /* CoreData.framework in Frameworks */ = {isa = PBXBuildFile; fileRef = A39AF68F1497D079006ADF19 /* CoreData.framework */; };
		A39AF6921497D081006ADF19 /* MobileCoreServices.framework in Frameworks */ = {isa = PBXBuildFile; fileRef = A39AF6911497D081006ADF19 /* MobileCoreServices.framework */; };
		A39AF6941497D09A006ADF19 /* SystemConfiguration.framework in Frameworks */ = {isa = PBXBuildFile; fileRef = A39AF6931497D09A006ADF19 /* SystemConfiguration.framework */; };
		A39AF6961497D0A4006ADF19 /* libxml2.dylib in Frameworks */ = {isa = PBXBuildFile; fileRef = A39AF6951497D0A4006ADF19 /* libxml2.dylib */; };
		A3BB46E314E2086400554179 /* EventGoerCell.m in Sources */ = {isa = PBXBuildFile; fileRef = A3BB46E214E2086400554179 /* EventGoerCell.m */; };
		A3CF872F14B8F8F000A9F829 /* UDJSongList.m in Sources */ = {isa = PBXBuildFile; fileRef = A3CF872E14B8F8F000A9F829 /* UDJSongList.m */; };
		A3D334D514C6A02300A90D58 /* downarrow.jpg in Resources */ = {isa = PBXBuildFile; fileRef = A3D334D414C6A02300A90D58 /* downarrow.jpg */; };
		A3D334D714C6A02A00A90D58 /* uparrow.jpg in Resources */ = {isa = PBXBuildFile; fileRef = A3D334D614C6A02A00A90D58 /* uparrow.jpg */; };
		A3DAD57D14BD253600688CE0 /* UDJMappableArray.m in Sources */ = {isa = PBXBuildFile; fileRef = A3DAD57C14BD253600688CE0 /* UDJMappableArray.m */; };
		A3E4471514F81B3900659E40 /* separator.jpg in Resources */ = {isa = PBXBuildFile; fileRef = A3E4471414F81B3900659E40 /* separator.jpg */; };
		A3EF398114C64D33003889E0 /* addbutton.jpg in Resources */ = {isa = PBXBuildFile; fileRef = A3EF398014C64D33003889E0 /* addbutton.jpg */; };
		A3F58C5C14A15F0B00756F7D /* AuthenticateViewController.m in Sources */ = {isa = PBXBuildFile; fileRef = A3F58C5A14A15F0B00756F7D /* AuthenticateViewController.m */; };
		A3F58C5D14A15F0B00756F7D /* AuthenticateViewController.xib in Resources */ = {isa = PBXBuildFile; fileRef = A3F58C5B14A15F0B00756F7D /* AuthenticateViewController.xib */; };
		A3F58D9514C753D300E350F4 /* UDJEventGoer.m in Sources */ = {isa = PBXBuildFile; fileRef = A3F58D9414C753D300E350F4 /* UDJEventGoer.m */; };
		A3F58D9914C75F0800E350F4 /* EventGoerViewController.m in Sources */ = {isa = PBXBuildFile; fileRef = A3F58D9714C75F0800E350F4 /* EventGoerViewController.m */; };
		A3F58D9C14C75FAF00E350F4 /* EventGoerViewController.xib in Resources */ = {isa = PBXBuildFile; fileRef = A3F58D9B14C75FAF00E350F4 /* EventGoerViewController.xib */; };
		A3F58D9F14C765C100E350F4 /* UDJEventGoerList.m in Sources */ = {isa = PBXBuildFile; fileRef = A3F58D9E14C765C100E350F4 /* UDJEventGoerList.m */; };
		A3F9C052142EAD610016717B /* PartyListViewController.m in Sources */ = {isa = PBXBuildFile; fileRef = A3F9C050142EAD610016717B /* PartyListViewController.m */; };
		A3F9C053142EAD610016717B /* PartyListViewController.xib in Resources */ = {isa = PBXBuildFile; fileRef = A3F9C051142EAD610016717B /* PartyListViewController.xib */; };
		A3F9C1D8142EBB880016717B /* PartyLoginViewController.m in Sources */ = {isa = PBXBuildFile; fileRef = A3F9C1D6142EBB880016717B /* PartyLoginViewController.m */; };
		A3F9C1D9142EBB880016717B /* PartyLoginViewController.xib in Resources */ = {isa = PBXBuildFile; fileRef = A3F9C1D7142EBB880016717B /* PartyLoginViewController.xib */; };
/* End PBXBuildFile section */

/* Begin PBXContainerItemProxy section */
		A39AF6621497C803006ADF19 /* PBXContainerItemProxy */ = {
			isa = PBXContainerItemProxy;
			containerPortal = A39AF6581497C803006ADF19 /* RestKit.xcodeproj */;
			proxyType = 2;
			remoteGlobalIDString = 25160D1614564E810060A5C5;
			remoteInfo = RestKit;
		};
		A39AF6641497C803006ADF19 /* PBXContainerItemProxy */ = {
			isa = PBXContainerItemProxy;
			containerPortal = A39AF6581497C803006ADF19 /* RestKit.xcodeproj */;
			proxyType = 2;
			remoteGlobalIDString = 25160D2614564E820060A5C5;
			remoteInfo = RestKitTests;
		};
		A39AF6661497C803006ADF19 /* PBXContainerItemProxy */ = {
			isa = PBXContainerItemProxy;
			containerPortal = A39AF6581497C803006ADF19 /* RestKit.xcodeproj */;
			proxyType = 2;
			remoteGlobalIDString = 25160E62145651060060A5C5;
			remoteInfo = RestKitFramework;
		};
		A39AF6681497C803006ADF19 /* PBXContainerItemProxy */ = {
			isa = PBXContainerItemProxy;
			containerPortal = A39AF6581497C803006ADF19 /* RestKit.xcodeproj */;
			proxyType = 2;
			remoteGlobalIDString = 25160E78145651060060A5C5;
			remoteInfo = RestKitFrameworkTests;
		};
		A39AF66C1497CAB5006ADF19 /* PBXContainerItemProxy */ = {
			isa = PBXContainerItemProxy;
			containerPortal = A39AF6581497C803006ADF19 /* RestKit.xcodeproj */;
			proxyType = 1;
			remoteGlobalIDString = 25160D1514564E810060A5C5;
			remoteInfo = RestKit;
		};
/* End PBXContainerItemProxy section */

/* Begin PBXFileReference section */
		1D30AB110D05D00D00671497 /* Foundation.framework */ = {isa = PBXFileReference; lastKnownFileType = wrapper.framework; name = Foundation.framework; path = System/Library/Frameworks/Foundation.framework; sourceTree = SDKROOT; };
		1D3623240D0F684500981E51 /* UDJAppDelegate.h */ = {isa = PBXFileReference; fileEncoding = 4; lastKnownFileType = sourcecode.c.h; path = UDJAppDelegate.h; sourceTree = "<group>"; };
		1D3623250D0F684500981E51 /* UDJAppDelegate.m */ = {isa = PBXFileReference; fileEncoding = 4; lastKnownFileType = sourcecode.c.objc; path = UDJAppDelegate.m; sourceTree = "<group>"; };
		1D6058910D05DD3D006BFB54 /* UDJ.app */ = {isa = PBXFileReference; explicitFileType = wrapper.application; includeInIndex = 0; path = UDJ.app; sourceTree = BUILT_PRODUCTS_DIR; };
		1DF5F4DF0D08C38300B7A737 /* UIKit.framework */ = {isa = PBXFileReference; lastKnownFileType = wrapper.framework; name = UIKit.framework; path = System/Library/Frameworks/UIKit.framework; sourceTree = SDKROOT; };
		288765A40DF7441C002DB57D /* CoreGraphics.framework */ = {isa = PBXFileReference; lastKnownFileType = wrapper.framework; name = CoreGraphics.framework; path = System/Library/Frameworks/CoreGraphics.framework; sourceTree = SDKROOT; };
		2899E5210DE3E06400AC0155 /* UDJViewController.xib */ = {isa = PBXFileReference; lastKnownFileType = file.xib; path = UDJViewController.xib; sourceTree = "<group>"; };
		28AD733E0D9D9553002E5188 /* MainWindow.xib */ = {isa = PBXFileReference; lastKnownFileType = file.xib; path = MainWindow.xib; sourceTree = "<group>"; };
		28D7ACF60DDB3853001CB0EB /* UDJViewController.h */ = {isa = PBXFileReference; fileEncoding = 4; lastKnownFileType = sourcecode.c.h; path = UDJViewController.h; sourceTree = "<group>"; };
		28D7ACF70DDB3853001CB0EB /* UDJViewController.m */ = {isa = PBXFileReference; fileEncoding = 4; lastKnownFileType = sourcecode.c.objc; path = UDJViewController.m; sourceTree = "<group>"; };
		29B97316FDCFA39411CA2CEA /* main.m */ = {isa = PBXFileReference; fileEncoding = 4; lastKnownFileType = sourcecode.c.objc; path = main.m; sourceTree = "<group>"; };
		32CA4F630368D1EE00C91783 /* UDJ_Prefix.pch */ = {isa = PBXFileReference; fileEncoding = 4; lastKnownFileType = sourcecode.c.h; path = UDJ_Prefix.pch; sourceTree = "<group>"; };
		A324ABF414AAB74700388514 /* UDJSong.h */ = {isa = PBXFileReference; fileEncoding = 4; lastKnownFileType = sourcecode.c.h; path = UDJSong.h; sourceTree = "<group>"; };
		A324ABF514AAB74700388514 /* UDJSong.m */ = {isa = PBXFileReference; fileEncoding = 4; lastKnownFileType = sourcecode.c.objc; path = UDJSong.m; sourceTree = "<group>"; };
		A324AC0314AABB8900388514 /* UDJPlaylist.h */ = {isa = PBXFileReference; fileEncoding = 4; lastKnownFileType = sourcecode.c.h; path = UDJPlaylist.h; sourceTree = "<group>"; };
		A324AC0414AABB8900388514 /* UDJPlaylist.m */ = {isa = PBXFileReference; fileEncoding = 4; lastKnownFileType = sourcecode.c.objc; path = UDJPlaylist.m; sourceTree = "<group>"; };
		A3265DB114C6101400FC692B /* PlaylistEntryCell.h */ = {isa = PBXFileReference; fileEncoding = 4; lastKnownFileType = sourcecode.c.h; path = PlaylistEntryCell.h; sourceTree = "<group>"; };
		A3265DB214C6101400FC692B /* PlaylistEntryCell.m */ = {isa = PBXFileReference; fileEncoding = 4; lastKnownFileType = sourcecode.c.objc; path = PlaylistEntryCell.m; sourceTree = "<group>"; };
		A32A384614AE917600D166CF /* UDJ-Info.plist */ = {isa = PBXFileReference; fileEncoding = 4; lastKnownFileType = text.plist.xml; name = "UDJ-Info.plist"; path = "../UDJ-Info.plist"; sourceTree = "<group>"; };
		A3360BCE14F5E14F00541726 /* NewPlaylistViewController.xib */ = {isa = PBXFileReference; fileEncoding = 4; lastKnownFileType = file.xib; name = NewPlaylistViewController.xib; path = Resources/NewPlaylistViewController.xib; sourceTree = SOURCE_ROOT; };
		A33C4611148F0707009C1BC6 /* PlaylistViewController.h */ = {isa = PBXFileReference; fileEncoding = 4; lastKnownFileType = sourcecode.c.h; path = PlaylistViewController.h; sourceTree = "<group>"; };
		A33C4612148F0707009C1BC6 /* PlaylistViewController.m */ = {isa = PBXFileReference; fileEncoding = 4; lastKnownFileType = sourcecode.c.objc; path = PlaylistViewController.m; sourceTree = "<group>"; };
		A33C4613148F0707009C1BC6 /* PlaylistViewController.xib */ = {isa = PBXFileReference; fileEncoding = 4; lastKnownFileType = file.xib; path = PlaylistViewController.xib; sourceTree = "<group>"; };
		A33C461B148F11FC009C1BC6 /* LibrarySearchViewController.h */ = {isa = PBXFileReference; fileEncoding = 4; lastKnownFileType = sourcecode.c.h; path = LibrarySearchViewController.h; sourceTree = "<group>"; };
		A33C461C148F11FC009C1BC6 /* LibrarySearchViewController.m */ = {isa = PBXFileReference; fileEncoding = 4; lastKnownFileType = sourcecode.c.objc; path = LibrarySearchViewController.m; sourceTree = "<group>"; };
		A33C461D148F11FC009C1BC6 /* LibrarySearchViewController.xib */ = {isa = PBXFileReference; fileEncoding = 4; lastKnownFileType = file.xib; path = LibrarySearchViewController.xib; sourceTree = "<group>"; };
		A341B92414F8681C001892C5 /* downarrow.png */ = {isa = PBXFileReference; lastKnownFileType = image.png; path = downarrow.png; sourceTree = "<group>"; };
		A341B92614F86824001892C5 /* uparrow.png */ = {isa = PBXFileReference; lastKnownFileType = image.png; path = uparrow.png; sourceTree = "<group>"; };
		A341B92814F86C61001892C5 /* addbutton.png */ = {isa = PBXFileReference; lastKnownFileType = image.png; path = addbutton.png; sourceTree = "<group>"; };
		A34796A414F85AE0001DEE15 /* default.jpg */ = {isa = PBXFileReference; lastKnownFileType = image.jpeg; path = default.jpg; sourceTree = "<group>"; };
		A34FB30014B8EB5F00BE5CE2 /* LibraryResultsController.h */ = {isa = PBXFileReference; fileEncoding = 4; lastKnownFileType = sourcecode.c.h; path = LibraryResultsController.h; sourceTree = "<group>"; };
		A34FB30114B8EB5F00BE5CE2 /* LibraryResultsController.m */ = {isa = PBXFileReference; fileEncoding = 4; lastKnownFileType = sourcecode.c.objc; path = LibraryResultsController.m; sourceTree = "<group>"; };
		A34FB30214B8EB5F00BE5CE2 /* LibraryResultsController.xib */ = {isa = PBXFileReference; fileEncoding = 4; lastKnownFileType = file.xib; name = LibraryResultsController.xib; path = ../Classes/Library/LibraryResultsController.xib; sourceTree = "<group>"; };
		A3536FB114A5218F00B5C95F /* UDJEvent.h */ = {isa = PBXFileReference; fileEncoding = 4; lastKnownFileType = sourcecode.c.h; path = UDJEvent.h; sourceTree = "<group>"; };
		A3536FB214A5218F00B5C95F /* UDJEvent.m */ = {isa = PBXFileReference; fileEncoding = 4; lastKnownFileType = sourcecode.c.objc; path = UDJEvent.m; sourceTree = "<group>"; };
		A36D2CC414A810230087E992 /* PartySearchViewController.h */ = {isa = PBXFileReference; fileEncoding = 4; lastKnownFileType = sourcecode.c.h; path = PartySearchViewController.h; sourceTree = "<group>"; };
		A36D2CC514A810230087E992 /* PartySearchViewController.m */ = {isa = PBXFileReference; fileEncoding = 4; lastKnownFileType = sourcecode.c.objc; path = PartySearchViewController.m; sourceTree = "<group>"; };
		A36D2CC614A810230087E992 /* PartySearchViewController.xib */ = {isa = PBXFileReference; fileEncoding = 4; lastKnownFileType = file.xib; path = PartySearchViewController.xib; sourceTree = "<group>"; };
		A36D2CC914A818130087E992 /* SearchingViewController.h */ = {isa = PBXFileReference; fileEncoding = 4; lastKnownFileType = sourcecode.c.h; path = SearchingViewController.h; sourceTree = "<group>"; };
		A36D2CCA14A818130087E992 /* SearchingViewController.m */ = {isa = PBXFileReference; fileEncoding = 4; lastKnownFileType = sourcecode.c.objc; path = SearchingViewController.m; sourceTree = "<group>"; };
		A36D2CCB14A818130087E992 /* SearchingViewController.xib */ = {isa = PBXFileReference; fileEncoding = 4; lastKnownFileType = file.xib; path = SearchingViewController.xib; sourceTree = "<group>"; };
		A3720B2E14C74FE800D1E30C /* LocationManager.h */ = {isa = PBXFileReference; fileEncoding = 4; lastKnownFileType = sourcecode.c.h; path = LocationManager.h; sourceTree = "<group>"; };
		A3720B2F14C74FE800D1E30C /* LocationManager.m */ = {isa = PBXFileReference; fileEncoding = 4; lastKnownFileType = sourcecode.c.objc; path = LocationManager.m; sourceTree = "<group>"; };
		A3720B3114C7513600D1E30C /* CoreLocation.framework */ = {isa = PBXFileReference; lastKnownFileType = wrapper.framework; name = CoreLocation.framework; path = System/Library/Frameworks/CoreLocation.framework; sourceTree = SDKROOT; };
		A3720B3314C7514400D1E30C /* CoreFoundation.framework */ = {isa = PBXFileReference; lastKnownFileType = wrapper.framework; name = CoreFoundation.framework; path = System/Library/Frameworks/CoreFoundation.framework; sourceTree = SDKROOT; };
		A374BDFF14A2EF36001A0DE0 /* UDJEventList.h */ = {isa = PBXFileReference; fileEncoding = 4; lastKnownFileType = sourcecode.c.h; path = UDJEventList.h; sourceTree = "<group>"; };
		A374BE0014A2EF36001A0DE0 /* UDJEventList.m */ = {isa = PBXFileReference; fileEncoding = 4; lastKnownFileType = sourcecode.c.objc; path = UDJEventList.m; sourceTree = "<group>"; };
		A38B629F14C736C70088640D /* udjlauncher.png */ = {isa = PBXFileReference; lastKnownFileType = image.png; path = udjlauncher.png; sourceTree = "<group>"; };
		A39A0C8914C4ADDF008A6D54 /* LibraryEntryCell.h */ = {isa = PBXFileReference; fileEncoding = 4; lastKnownFileType = sourcecode.c.h; path = LibraryEntryCell.h; sourceTree = "<group>"; };
		A39A0C8A14C4ADDF008A6D54 /* LibraryEntryCell.m */ = {isa = PBXFileReference; fileEncoding = 4; lastKnownFileType = sourcecode.c.objc; path = LibraryEntryCell.m; sourceTree = "<group>"; };
		A39AF6581497C803006ADF19 /* RestKit.xcodeproj */ = {isa = PBXFileReference; lastKnownFileType = "wrapper.pb-project"; name = RestKit.xcodeproj; path = ../RestKit/RestKit.xcodeproj; sourceTree = "<group>"; };
		A39AF66E1497CB74006ADF19 /* UDJConnection.h */ = {isa = PBXFileReference; fileEncoding = 4; lastKnownFileType = sourcecode.c.h; path = UDJConnection.h; sourceTree = "<group>"; };
		A39AF66F1497CB74006ADF19 /* UDJConnection.m */ = {isa = PBXFileReference; fileEncoding = 4; lastKnownFileType = sourcecode.c.objc; path = UDJConnection.m; sourceTree = "<group>"; };
		A39AF68A1497CFBC006ADF19 /* Security.framework */ = {isa = PBXFileReference; lastKnownFileType = wrapper.framework; name = Security.framework; path = System/Library/Frameworks/Security.framework; sourceTree = SDKROOT; };
		A39AF68D1497D072006ADF19 /* CFNetwork.framework */ = {isa = PBXFileReference; lastKnownFileType = wrapper.framework; name = CFNetwork.framework; path = System/Library/Frameworks/CFNetwork.framework; sourceTree = SDKROOT; };
		A39AF68F1497D079006ADF19 /* CoreData.framework */ = {isa = PBXFileReference; lastKnownFileType = wrapper.framework; name = CoreData.framework; path = System/Library/Frameworks/CoreData.framework; sourceTree = SDKROOT; };
		A39AF6911497D081006ADF19 /* MobileCoreServices.framework */ = {isa = PBXFileReference; lastKnownFileType = wrapper.framework; name = MobileCoreServices.framework; path = System/Library/Frameworks/MobileCoreServices.framework; sourceTree = SDKROOT; };
		A39AF6931497D09A006ADF19 /* SystemConfiguration.framework */ = {isa = PBXFileReference; lastKnownFileType = wrapper.framework; name = SystemConfiguration.framework; path = System/Library/Frameworks/SystemConfiguration.framework; sourceTree = SDKROOT; };
		A39AF6951497D0A4006ADF19 /* libxml2.dylib */ = {isa = PBXFileReference; lastKnownFileType = "compiled.mach-o.dylib"; name = libxml2.dylib; path = usr/lib/libxml2.dylib; sourceTree = SDKROOT; };
		A3BB46E114E2086400554179 /* EventGoerCell.h */ = {isa = PBXFileReference; fileEncoding = 4; lastKnownFileType = sourcecode.c.h; path = EventGoerCell.h; sourceTree = "<group>"; };
		A3BB46E214E2086400554179 /* EventGoerCell.m */ = {isa = PBXFileReference; fileEncoding = 4; lastKnownFileType = sourcecode.c.objc; path = EventGoerCell.m; sourceTree = "<group>"; };
		A3CF872D14B8F8F000A9F829 /* UDJSongList.h */ = {isa = PBXFileReference; fileEncoding = 4; lastKnownFileType = sourcecode.c.h; path = UDJSongList.h; sourceTree = "<group>"; };
		A3CF872E14B8F8F000A9F829 /* UDJSongList.m */ = {isa = PBXFileReference; fileEncoding = 4; lastKnownFileType = sourcecode.c.objc; path = UDJSongList.m; sourceTree = "<group>"; };
		A3D334D414C6A02300A90D58 /* downarrow.jpg */ = {isa = PBXFileReference; lastKnownFileType = image.jpeg; path = downarrow.jpg; sourceTree = "<group>"; };
		A3D334D614C6A02A00A90D58 /* uparrow.jpg */ = {isa = PBXFileReference; lastKnownFileType = image.jpeg; path = uparrow.jpg; sourceTree = "<group>"; };
		A3DAD57B14BD253600688CE0 /* UDJMappableArray.h */ = {isa = PBXFileReference; fileEncoding = 4; lastKnownFileType = sourcecode.c.h; path = UDJMappableArray.h; sourceTree = "<group>"; };
		A3DAD57C14BD253600688CE0 /* UDJMappableArray.m */ = {isa = PBXFileReference; fileEncoding = 4; lastKnownFileType = sourcecode.c.objc; path = UDJMappableArray.m; sourceTree = "<group>"; };
		A3E4471414F81B3900659E40 /* separator.jpg */ = {isa = PBXFileReference; lastKnownFileType = image.jpeg; path = separator.jpg; sourceTree = "<group>"; };
		A3EF398014C64D33003889E0 /* addbutton.jpg */ = {isa = PBXFileReference; lastKnownFileType = image.jpeg; path = addbutton.jpg; sourceTree = "<group>"; };
		A3F58C5914A15F0B00756F7D /* AuthenticateViewController.h */ = {isa = PBXFileReference; fileEncoding = 4; lastKnownFileType = sourcecode.c.h; path = AuthenticateViewController.h; sourceTree = "<group>"; };
		A3F58C5A14A15F0B00756F7D /* AuthenticateViewController.m */ = {isa = PBXFileReference; fileEncoding = 4; lastKnownFileType = sourcecode.c.objc; path = AuthenticateViewController.m; sourceTree = "<group>"; };
		A3F58C5B14A15F0B00756F7D /* AuthenticateViewController.xib */ = {isa = PBXFileReference; fileEncoding = 4; lastKnownFileType = file.xib; path = AuthenticateViewController.xib; sourceTree = "<group>"; };
		A3F58D9314C753D300E350F4 /* UDJEventGoer.h */ = {isa = PBXFileReference; fileEncoding = 4; lastKnownFileType = sourcecode.c.h; path = UDJEventGoer.h; sourceTree = "<group>"; };
		A3F58D9414C753D300E350F4 /* UDJEventGoer.m */ = {isa = PBXFileReference; fileEncoding = 4; lastKnownFileType = sourcecode.c.objc; path = UDJEventGoer.m; sourceTree = "<group>"; };
		A3F58D9614C75F0800E350F4 /* EventGoerViewController.h */ = {isa = PBXFileReference; fileEncoding = 4; lastKnownFileType = sourcecode.c.h; name = EventGoerViewController.h; path = "Classes/Main Views/EventGoerViewController.h"; sourceTree = SOURCE_ROOT; };
		A3F58D9714C75F0800E350F4 /* EventGoerViewController.m */ = {isa = PBXFileReference; fileEncoding = 4; lastKnownFileType = sourcecode.c.objc; name = EventGoerViewController.m; path = "Classes/Main Views/EventGoerViewController.m"; sourceTree = SOURCE_ROOT; };
		A3F58D9B14C75FAF00E350F4 /* EventGoerViewController.xib */ = {isa = PBXFileReference; fileEncoding = 4; lastKnownFileType = file.xib; path = EventGoerViewController.xib; sourceTree = "<group>"; };
		A3F58D9D14C765C100E350F4 /* UDJEventGoerList.h */ = {isa = PBXFileReference; fileEncoding = 4; lastKnownFileType = sourcecode.c.h; path = UDJEventGoerList.h; sourceTree = "<group>"; };
		A3F58D9E14C765C100E350F4 /* UDJEventGoerList.m */ = {isa = PBXFileReference; fileEncoding = 4; lastKnownFileType = sourcecode.c.objc; path = UDJEventGoerList.m; sourceTree = "<group>"; };
		A3F9C04F142EAD610016717B /* PartyListViewController.h */ = {isa = PBXFileReference; fileEncoding = 4; lastKnownFileType = sourcecode.c.h; path = PartyListViewController.h; sourceTree = "<group>"; };
		A3F9C050142EAD610016717B /* PartyListViewController.m */ = {isa = PBXFileReference; fileEncoding = 4; lastKnownFileType = sourcecode.c.objc; path = PartyListViewController.m; sourceTree = "<group>"; };
		A3F9C051142EAD610016717B /* PartyListViewController.xib */ = {isa = PBXFileReference; lastKnownFileType = file.xib; path = PartyListViewController.xib; sourceTree = "<group>"; };
		A3F9C1D5142EBB880016717B /* PartyLoginViewController.h */ = {isa = PBXFileReference; fileEncoding = 4; lastKnownFileType = sourcecode.c.h; path = PartyLoginViewController.h; sourceTree = "<group>"; };
		A3F9C1D6142EBB880016717B /* PartyLoginViewController.m */ = {isa = PBXFileReference; fileEncoding = 4; lastKnownFileType = sourcecode.c.objc; path = PartyLoginViewController.m; sourceTree = "<group>"; };
		A3F9C1D7142EBB880016717B /* PartyLoginViewController.xib */ = {isa = PBXFileReference; lastKnownFileType = file.xib; path = PartyLoginViewController.xib; sourceTree = "<group>"; };
/* End PBXFileReference section */

/* Begin PBXFrameworksBuildPhase section */
		1D60588F0D05DD3D006BFB54 /* Frameworks */ = {
			isa = PBXFrameworksBuildPhase;
			buildActionMask = 2147483647;
			files = (
				A3720B3414C7514400D1E30C /* CoreFoundation.framework in Frameworks */,
				A3720B3214C7513600D1E30C /* CoreLocation.framework in Frameworks */,
				A39AF6961497D0A4006ADF19 /* libxml2.dylib in Frameworks */,
				A39AF6941497D09A006ADF19 /* SystemConfiguration.framework in Frameworks */,
				A39AF68B1497CFBC006ADF19 /* Security.framework in Frameworks */,
				A39AF6921497D081006ADF19 /* MobileCoreServices.framework in Frameworks */,
				A39AF6901497D079006ADF19 /* CoreData.framework in Frameworks */,
				A39AF68E1497D072006ADF19 /* CFNetwork.framework in Frameworks */,
				A39AF68C1497D028006ADF19 /* libRestKit.a in Frameworks */,
				1D60589F0D05DD5A006BFB54 /* Foundation.framework in Frameworks */,
				1DF5F4E00D08C38300B7A737 /* UIKit.framework in Frameworks */,
				288765A50DF7441C002DB57D /* CoreGraphics.framework in Frameworks */,
			);
			runOnlyForDeploymentPostprocessing = 0;
		};
/* End PBXFrameworksBuildPhase section */

/* Begin PBXGroup section */
		080E96DDFE201D6D7F000001 /* Classes */ = {
			isa = PBXGroup;
			children = (
				A396EF1E14B558B300BCEF8F /* Library */,
				A324ABF714AAB74F00388514 /* Playlist */,
				A3F58C5514A1519F00756F7D /* Main Items */,
				A3536FB414A5219E00B5C95F /* Events */,
				A354F04014A2CA5A00F3AAEF /* Login */,
				A3F58C5414A1517900756F7D /* Main Views */,
			);
			path = Classes;
			sourceTree = "<group>";
		};
		19C28FACFE9D520D11CA2CBB /* Products */ = {
			isa = PBXGroup;
			children = (
				1D6058910D05DD3D006BFB54 /* UDJ.app */,
			);
			name = Products;
			sourceTree = "<group>";
		};
		29B97314FDCFA39411CA2CEA /* CustomTemplate */ = {
			isa = PBXGroup;
			children = (
				A3720B3314C7514400D1E30C /* CoreFoundation.framework */,
				A3720B3114C7513600D1E30C /* CoreLocation.framework */,
				A39AF6951497D0A4006ADF19 /* libxml2.dylib */,
				A39AF6931497D09A006ADF19 /* SystemConfiguration.framework */,
				A39AF6911497D081006ADF19 /* MobileCoreServices.framework */,
				A39AF68F1497D079006ADF19 /* CoreData.framework */,
				A39AF68D1497D072006ADF19 /* CFNetwork.framework */,
				A39AF68A1497CFBC006ADF19 /* Security.framework */,
				A39AF6581497C803006ADF19 /* RestKit.xcodeproj */,
				080E96DDFE201D6D7F000001 /* Classes */,
				29B97315FDCFA39411CA2CEA /* Other Sources */,
				29B97317FDCFA39411CA2CEA /* Resources */,
				29B97323FDCFA39411CA2CEA /* Frameworks */,
				19C28FACFE9D520D11CA2CBB /* Products */,
			);
			name = CustomTemplate;
			sourceTree = "<group>";
		};
		29B97315FDCFA39411CA2CEA /* Other Sources */ = {
			isa = PBXGroup;
			children = (
				32CA4F630368D1EE00C91783 /* UDJ_Prefix.pch */,
				29B97316FDCFA39411CA2CEA /* main.m */,
			);
			name = "Other Sources";
			sourceTree = "<group>";
		};
		29B97317FDCFA39411CA2CEA /* Resources */ = {
			isa = PBXGroup;
			children = (
				A341B92814F86C61001892C5 /* addbutton.png */,
				A341B92614F86824001892C5 /* uparrow.png */,
				A341B92414F8681C001892C5 /* downarrow.png */,
				A34796A414F85AE0001DEE15 /* default.jpg */,
				A3E4471414F81B3900659E40 /* separator.jpg */,
				A3360BCE14F5E14F00541726 /* NewPlaylistViewController.xib */,
				A3F58D9B14C75FAF00E350F4 /* EventGoerViewController.xib */,
				A38B629F14C736C70088640D /* udjlauncher.png */,
				A3D334D614C6A02A00A90D58 /* uparrow.jpg */,
				A3D334D414C6A02300A90D58 /* downarrow.jpg */,
				A3EF398014C64D33003889E0 /* addbutton.jpg */,
				A32A384614AE917600D166CF /* UDJ-Info.plist */,
				A34FB30214B8EB5F00BE5CE2 /* LibraryResultsController.xib */,
				A36D2CCB14A818130087E992 /* SearchingViewController.xib */,
				A36D2CC614A810230087E992 /* PartySearchViewController.xib */,
				A3F58C5B14A15F0B00756F7D /* AuthenticateViewController.xib */,
				A33C461D148F11FC009C1BC6 /* LibrarySearchViewController.xib */,
				A33C4613148F0707009C1BC6 /* PlaylistViewController.xib */,
				A3F9C1D7142EBB880016717B /* PartyLoginViewController.xib */,
				A3F9C051142EAD610016717B /* PartyListViewController.xib */,
				2899E5210DE3E06400AC0155 /* UDJViewController.xib */,
				28AD733E0D9D9553002E5188 /* MainWindow.xib */,
			);
			path = Resources;
			sourceTree = "<group>";
		};
		29B97323FDCFA39411CA2CEA /* Frameworks */ = {
			isa = PBXGroup;
			children = (
				1DF5F4DF0D08C38300B7A737 /* UIKit.framework */,
				1D30AB110D05D00D00671497 /* Foundation.framework */,
				288765A40DF7441C002DB57D /* CoreGraphics.framework */,
			);
			name = Frameworks;
			sourceTree = "<group>";
		};
		A324ABF714AAB74F00388514 /* Playlist */ = {
			isa = PBXGroup;
			children = (
				A3F58D9314C753D300E350F4 /* UDJEventGoer.h */,
				A3F58D9414C753D300E350F4 /* UDJEventGoer.m */,
				A324ABF414AAB74700388514 /* UDJSong.h */,
				A324ABF514AAB74700388514 /* UDJSong.m */,
				A324AC0314AABB8900388514 /* UDJPlaylist.h */,
				A324AC0414AABB8900388514 /* UDJPlaylist.m */,
				A33C4611148F0707009C1BC6 /* PlaylistViewController.h */,
				A33C4612148F0707009C1BC6 /* PlaylistViewController.m */,
				A3265DB114C6101400FC692B /* PlaylistEntryCell.h */,
				A3265DB214C6101400FC692B /* PlaylistEntryCell.m */,
			);
			path = Playlist;
			sourceTree = "<group>";
		};
		A3536FB414A5219E00B5C95F /* Events */ = {
			isa = PBXGroup;
			children = (
				A3536FB114A5218F00B5C95F /* UDJEvent.h */,
				A3536FB214A5218F00B5C95F /* UDJEvent.m */,
				A374BDFF14A2EF36001A0DE0 /* UDJEventList.h */,
				A374BE0014A2EF36001A0DE0 /* UDJEventList.m */,
				A3F9C04F142EAD610016717B /* PartyListViewController.h */,
				A3F9C050142EAD610016717B /* PartyListViewController.m */,
				A3F9C1D5142EBB880016717B /* PartyLoginViewController.h */,
				A3F9C1D6142EBB880016717B /* PartyLoginViewController.m */,
				A36D2CC414A810230087E992 /* PartySearchViewController.h */,
				A36D2CC514A810230087E992 /* PartySearchViewController.m */,
			);
			path = Events;
			sourceTree = "<group>";
		};
		A354F04014A2CA5A00F3AAEF /* Login */ = {
			isa = PBXGroup;
			children = (
				28D7ACF60DDB3853001CB0EB /* UDJViewController.h */,
				28D7ACF70DDB3853001CB0EB /* UDJViewController.m */,
				A3F58C5914A15F0B00756F7D /* AuthenticateViewController.h */,
				A3F58C5A14A15F0B00756F7D /* AuthenticateViewController.m */,
			);
			path = Login;
			sourceTree = "<group>";
		};
		A396EF1E14B558B300BCEF8F /* Library */ = {
			isa = PBXGroup;
			children = (
				A33C461B148F11FC009C1BC6 /* LibrarySearchViewController.h */,
				A33C461C148F11FC009C1BC6 /* LibrarySearchViewController.m */,
				A34FB30014B8EB5F00BE5CE2 /* LibraryResultsController.h */,
				A34FB30114B8EB5F00BE5CE2 /* LibraryResultsController.m */,
				A3CF872D14B8F8F000A9F829 /* UDJSongList.h */,
				A3CF872E14B8F8F000A9F829 /* UDJSongList.m */,
				A39A0C8914C4ADDF008A6D54 /* LibraryEntryCell.h */,
				A39A0C8A14C4ADDF008A6D54 /* LibraryEntryCell.m */,
			);
			path = Library;
			sourceTree = "<group>";
		};
		A39AF6591497C803006ADF19 /* Products */ = {
			isa = PBXGroup;
			children = (
				A39AF6631497C803006ADF19 /* libRestKit.a */,
				A39AF6651497C803006ADF19 /* RestKitTests.octest */,
				A39AF6671497C803006ADF19 /* RestKit.framework */,
				A39AF6691497C803006ADF19 /* RestKitFrameworkTests.octest */,
			);
			name = Products;
			sourceTree = "<group>";
		};
		A3F58C5414A1517900756F7D /* Main Views */ = {
			isa = PBXGroup;
			children = (
				A3F58D9614C75F0800E350F4 /* EventGoerViewController.h */,
				A3F58D9714C75F0800E350F4 /* EventGoerViewController.m */,
				A36D2CC914A818130087E992 /* SearchingViewController.h */,
				A36D2CCA14A818130087E992 /* SearchingViewController.m */,
			);
			path = "Main Views";
			sourceTree = "<group>";
		};
		A3F58C5514A1519F00756F7D /* Main Items */ = {
			isa = PBXGroup;
			children = (
				A3720B2E14C74FE800D1E30C /* LocationManager.h */,
				A3720B2F14C74FE800D1E30C /* LocationManager.m */,
				1D3623240D0F684500981E51 /* UDJAppDelegate.h */,
				1D3623250D0F684500981E51 /* UDJAppDelegate.m */,
				A39AF66E1497CB74006ADF19 /* UDJConnection.h */,
				A39AF66F1497CB74006ADF19 /* UDJConnection.m */,
				A3DAD57B14BD253600688CE0 /* UDJMappableArray.h */,
				A3DAD57C14BD253600688CE0 /* UDJMappableArray.m */,
				A3F58D9D14C765C100E350F4 /* UDJEventGoerList.h */,
				A3F58D9E14C765C100E350F4 /* UDJEventGoerList.m */,
				A3BB46E114E2086400554179 /* EventGoerCell.h */,
				A3BB46E214E2086400554179 /* EventGoerCell.m */,
			);
			path = "Main Items";
			sourceTree = "<group>";
		};
/* End PBXGroup section */

/* Begin PBXNativeTarget section */
		1D6058900D05DD3D006BFB54 /* UDJ */ = {
			isa = PBXNativeTarget;
			buildConfigurationList = 1D6058960D05DD3E006BFB54 /* Build configuration list for PBXNativeTarget "UDJ" */;
			buildPhases = (
				1D60588D0D05DD3D006BFB54 /* Resources */,
				1D60588E0D05DD3D006BFB54 /* Sources */,
				1D60588F0D05DD3D006BFB54 /* Frameworks */,
			);
			buildRules = (
			);
			dependencies = (
				A39AF66D1497CAB5006ADF19 /* PBXTargetDependency */,
			);
			name = UDJ;
			productName = UDJ;
			productReference = 1D6058910D05DD3D006BFB54 /* UDJ.app */;
			productType = "com.apple.product-type.application";
		};
/* End PBXNativeTarget section */

/* Begin PBXProject section */
		29B97313FDCFA39411CA2CEA /* Project object */ = {
			isa = PBXProject;
			attributes = {
				LastUpgradeCheck = 0420;
			};
			buildConfigurationList = C01FCF4E08A954540054247B /* Build configuration list for PBXProject "UDJ" */;
			compatibilityVersion = "Xcode 3.2";
			developmentRegion = English;
			hasScannedForEncodings = 1;
			knownRegions = (
				English,
				Japanese,
				French,
				German,
			);
			mainGroup = 29B97314FDCFA39411CA2CEA /* CustomTemplate */;
			projectDirPath = "";
			projectReferences = (
				{
					ProductGroup = A39AF6591497C803006ADF19 /* Products */;
					ProjectRef = A39AF6581497C803006ADF19 /* RestKit.xcodeproj */;
				},
			);
			projectRoot = "";
			targets = (
				1D6058900D05DD3D006BFB54 /* UDJ */,
			);
		};
/* End PBXProject section */

/* Begin PBXReferenceProxy section */
		A39AF6631497C803006ADF19 /* libRestKit.a */ = {
			isa = PBXReferenceProxy;
			fileType = archive.ar;
			path = libRestKit.a;
			remoteRef = A39AF6621497C803006ADF19 /* PBXContainerItemProxy */;
			sourceTree = BUILT_PRODUCTS_DIR;
		};
		A39AF6651497C803006ADF19 /* RestKitTests.octest */ = {
			isa = PBXReferenceProxy;
			fileType = wrapper.cfbundle;
			path = RestKitTests.octest;
			remoteRef = A39AF6641497C803006ADF19 /* PBXContainerItemProxy */;
			sourceTree = BUILT_PRODUCTS_DIR;
		};
		A39AF6671497C803006ADF19 /* RestKit.framework */ = {
			isa = PBXReferenceProxy;
			fileType = wrapper.framework;
			path = RestKit.framework;
			remoteRef = A39AF6661497C803006ADF19 /* PBXContainerItemProxy */;
			sourceTree = BUILT_PRODUCTS_DIR;
		};
		A39AF6691497C803006ADF19 /* RestKitFrameworkTests.octest */ = {
			isa = PBXReferenceProxy;
			fileType = wrapper.cfbundle;
			path = RestKitFrameworkTests.octest;
			remoteRef = A39AF6681497C803006ADF19 /* PBXContainerItemProxy */;
			sourceTree = BUILT_PRODUCTS_DIR;
		};
/* End PBXReferenceProxy section */

/* Begin PBXResourcesBuildPhase section */
		1D60588D0D05DD3D006BFB54 /* Resources */ = {
			isa = PBXResourcesBuildPhase;
			buildActionMask = 2147483647;
			files = (
				28AD733F0D9D9553002E5188 /* MainWindow.xib in Resources */,
				2899E5220DE3E06400AC0155 /* UDJViewController.xib in Resources */,
				A3F9C053142EAD610016717B /* PartyListViewController.xib in Resources */,
				A3F9C1D9142EBB880016717B /* PartyLoginViewController.xib in Resources */,
				A33C4615148F0707009C1BC6 /* PlaylistViewController.xib in Resources */,
				A33C461F148F11FC009C1BC6 /* LibrarySearchViewController.xib in Resources */,
				A3F58C5D14A15F0B00756F7D /* AuthenticateViewController.xib in Resources */,
				A36D2CC814A810230087E992 /* PartySearchViewController.xib in Resources */,
				A36D2CCD14A818130087E992 /* SearchingViewController.xib in Resources */,
				A32A384714AE917600D166CF /* UDJ-Info.plist in Resources */,
				A34FB30414B8EB5F00BE5CE2 /* LibraryResultsController.xib in Resources */,
				A3EF398114C64D33003889E0 /* addbutton.jpg in Resources */,
				A3D334D514C6A02300A90D58 /* downarrow.jpg in Resources */,
				A3D334D714C6A02A00A90D58 /* uparrow.jpg in Resources */,
				A38B62A014C736C70088640D /* udjlauncher.png in Resources */,
				A3F58D9C14C75FAF00E350F4 /* EventGoerViewController.xib in Resources */,
				A3360BCF14F5E14F00541726 /* NewPlaylistViewController.xib in Resources */,
				A3E4471514F81B3900659E40 /* separator.jpg in Resources */,
				A34796A514F85AE0001DEE15 /* default.jpg in Resources */,
				A341B92514F8681C001892C5 /* downarrow.png in Resources */,
				A341B92714F86824001892C5 /* uparrow.png in Resources */,
				A341B92914F86C61001892C5 /* addbutton.png in Resources */,
			);
			runOnlyForDeploymentPostprocessing = 0;
		};
/* End PBXResourcesBuildPhase section */

/* Begin PBXSourcesBuildPhase section */
		1D60588E0D05DD3D006BFB54 /* Sources */ = {
			isa = PBXSourcesBuildPhase;
			buildActionMask = 2147483647;
			files = (
				1D60589B0D05DD56006BFB54 /* main.m in Sources */,
				1D3623260D0F684500981E51 /* UDJAppDelegate.m in Sources */,
				28D7ACF80DDB3853001CB0EB /* UDJViewController.m in Sources */,
				A3F9C052142EAD610016717B /* PartyListViewController.m in Sources */,
				A3F9C1D8142EBB880016717B /* PartyLoginViewController.m in Sources */,
				A33C4614148F0707009C1BC6 /* PlaylistViewController.m in Sources */,
				A33C461E148F11FC009C1BC6 /* LibrarySearchViewController.m in Sources */,
				A39AF6701497CB74006ADF19 /* UDJConnection.m in Sources */,
				A3F58C5C14A15F0B00756F7D /* AuthenticateViewController.m in Sources */,
				A374BE0114A2EF36001A0DE0 /* UDJEventList.m in Sources */,
				A3536FB314A5218F00B5C95F /* UDJEvent.m in Sources */,
				A36D2CC714A810230087E992 /* PartySearchViewController.m in Sources */,
				A36D2CCC14A818130087E992 /* SearchingViewController.m in Sources */,
				A324ABF614AAB74700388514 /* UDJSong.m in Sources */,
				A324AC0514AABB8900388514 /* UDJPlaylist.m in Sources */,
				A34FB30314B8EB5F00BE5CE2 /* LibraryResultsController.m in Sources */,
				A3CF872F14B8F8F000A9F829 /* UDJSongList.m in Sources */,
				A3DAD57D14BD253600688CE0 /* UDJMappableArray.m in Sources */,
				A39A0C8B14C4ADDF008A6D54 /* LibraryEntryCell.m in Sources */,
				A3265DB314C6101400FC692B /* PlaylistEntryCell.m in Sources */,
				A3720B3014C74FE800D1E30C /* LocationManager.m in Sources */,
				A3F58D9514C753D300E350F4 /* UDJEventGoer.m in Sources */,
				A3F58D9914C75F0800E350F4 /* EventGoerViewController.m in Sources */,
				A3F58D9F14C765C100E350F4 /* UDJEventGoerList.m in Sources */,
				A3BB46E314E2086400554179 /* EventGoerCell.m in Sources */,
			);
			runOnlyForDeploymentPostprocessing = 0;
		};
/* End PBXSourcesBuildPhase section */

/* Begin PBXTargetDependency section */
		A39AF66D1497CAB5006ADF19 /* PBXTargetDependency */ = {
			isa = PBXTargetDependency;
			name = RestKit;
			targetProxy = A39AF66C1497CAB5006ADF19 /* PBXContainerItemProxy */;
		};
/* End PBXTargetDependency section */

/* Begin XCBuildConfiguration section */
		1D6058940D05DD3E006BFB54 /* Debug */ = {
			isa = XCBuildConfiguration;
			buildSettings = {
				ALWAYS_SEARCH_USER_PATHS = NO;
				COPY_PHASE_STRIP = NO;
				GCC_DYNAMIC_NO_PIC = NO;
				GCC_OPTIMIZATION_LEVEL = 0;
				GCC_PRECOMPILE_PREFIX_HEADER = YES;
				GCC_PREFIX_HEADER = UDJ_Prefix.pch;
				HEADER_SEARCH_PATHS = "\"$(SOURCE_ROOT)/RestKit/Build\"";
				INFOPLIST_FILE = "UDJ-Info.plist";
				OTHER_LDFLAGS = (
					"-all_load",
					"-ObjC",
				);
				PRODUCT_NAME = UDJ;
			};
			name = Debug;
		};
		1D6058950D05DD3E006BFB54 /* Release */ = {
			isa = XCBuildConfiguration;
			buildSettings = {
				ALWAYS_SEARCH_USER_PATHS = NO;
				COPY_PHASE_STRIP = YES;
				GCC_PRECOMPILE_PREFIX_HEADER = YES;
				GCC_PREFIX_HEADER = UDJ_Prefix.pch;
				HEADER_SEARCH_PATHS = "\"$(SOURCE_ROOT)/RestKit/Build\"";
				INFOPLIST_FILE = "UDJ-Info.plist";
				OTHER_LDFLAGS = (
					"-all_load",
					"-ObjC",
				);
				PRODUCT_NAME = UDJ;
				VALIDATE_PRODUCT = YES;
			};
			name = Release;
		};
		C01FCF4F08A954540054247B /* Debug */ = {
			isa = XCBuildConfiguration;
			buildSettings = {
				ARCHS = "$(ARCHS_STANDARD_32_BIT)";
				"CODE_SIGN_IDENTITY[sdk=iphoneos*]" = "iPhone Developer";
				GCC_C_LANGUAGE_STANDARD = c99;
				GCC_WARN_ABOUT_RETURN_TYPE = YES;
				GCC_WARN_UNUSED_VARIABLE = YES;
				SDKROOT = iphoneos;
			};
			name = Debug;
		};
		C01FCF5008A954540054247B /* Release */ = {
			isa = XCBuildConfiguration;
			buildSettings = {
				ARCHS = "$(ARCHS_STANDARD_32_BIT)";
				"CODE_SIGN_IDENTITY[sdk=iphoneos*]" = "iPhone Developer";
				GCC_C_LANGUAGE_STANDARD = c99;
				GCC_WARN_ABOUT_RETURN_TYPE = YES;
				GCC_WARN_UNUSED_VARIABLE = YES;
				OTHER_CFLAGS = "-DNS_BLOCK_ASSERTIONS=1";
				SDKROOT = iphoneos;
			};
			name = Release;
		};
/* End XCBuildConfiguration section */

/* Begin XCConfigurationList section */
		1D6058960D05DD3E006BFB54 /* Build configuration list for PBXNativeTarget "UDJ" */ = {
			isa = XCConfigurationList;
			buildConfigurations = (
				1D6058940D05DD3E006BFB54 /* Debug */,
				1D6058950D05DD3E006BFB54 /* Release */,
			);
			defaultConfigurationIsVisible = 0;
			defaultConfigurationName = Release;
		};
		C01FCF4E08A954540054247B /* Build configuration list for PBXProject "UDJ" */ = {
			isa = XCConfigurationList;
			buildConfigurations = (
				C01FCF4F08A954540054247B /* Debug */,
				C01FCF5008A954540054247B /* Release */,
			);
			defaultConfigurationIsVisible = 0;
			defaultConfigurationName = Release;
		};
/* End XCConfigurationList section */
	};
	rootObject = 29B97313FDCFA39411CA2CEA /* Project object */;
}
